
Microsoft Visual Studio Solution File, Format Version 12.00
# Visual Studio Version 16
VisualStudioVersion = 16.0.31112.23
MinimumVisualStudioVersion = 10.0.40219.1
Project("{2150E333-8FDC-42A3-9474-1A3956D46DE8}") = "Libraries", "Libraries", "{6C756697-B590-450E-9AE2-9A9EB9BCBDF7}"
EndProject
Project("{2150E333-8FDC-42A3-9474-1A3956D46DE8}") = "Projects", "Projects", "{C52E06EF-A4F7-47F5-B0AE-D0BF0C0A6B4E}"
EndProject
Project("{8BC9CEB8-8B4A-11D0-8D11-00A0C91BC942}") = "SysInfo", "CNewSkin\SysInfo\SysInfo.vcxproj", "{3826D5C8-CF70-42B9-A9AA-3D354E220524}"
EndProject
Project("{8BC9CEB8-8B4A-11D0-8D11-00A0C91BC942}") = "patchlib", "CNewSkin\patchlib\patchlib.vcxproj", "{8FC0E072-95C8-48CC-B120-084E4ABEFFC9}"
EndProject
Project("{8BC9CEB8-8B4A-11D0-8D11-00A0C91BC942}") = "PackDLL", "CNewSkin\packdll\PackDLL.vcxproj", "{8FDB76DB-4A72-40D3-BF8B-5C35898ECAA5}"
	ProjectSection(ProjectDependencies) = postProject
		{D5F24B13-F8B0-423E-ADA9-5D8440899A37} = {D5F24B13-F8B0-423E-ADA9-5D8440899A37}
		{8FC0E072-95C8-48CC-B120-084E4ABEFFC9} = {8FC0E072-95C8-48CC-B120-084E4ABEFFC9}
		{3826D5C8-CF70-42B9-A9AA-3D354E220524} = {3826D5C8-CF70-42B9-A9AA-3D354E220524}
	EndProjectSection
EndProject
Project("{8BC9CEB8-8B4A-11D0-8D11-00A0C91BC942}") = "Patcher", "CNewSkin\NewSkin.vcxproj", "{D6A4BA2D-E3C9-4FF4-910C-50A4E8757A46}"
	ProjectSection(ProjectDependencies) = postProject
		{D5F24B13-F8B0-423E-ADA9-5D8440899A37} = {D5F24B13-F8B0-423E-ADA9-5D8440899A37}
		{8FC0E072-95C8-48CC-B120-084E4ABEFFC9} = {8FC0E072-95C8-48CC-B120-084E4ABEFFC9}
		{3826D5C8-CF70-42B9-A9AA-3D354E220524} = {3826D5C8-CF70-42B9-A9AA-3D354E220524}
	EndProjectSection
EndProject
Project("{8BC9CEB8-8B4A-11D0-8D11-00A0C91BC942}") = "Launcher", "CLauncher\Launcher.vcxproj", "{1D56FF2F-1D77-497C-82BC-FA31975BE732}"
	ProjectSection(ProjectDependencies) = postProject
		{D5F24B13-F8B0-423E-ADA9-5D8440899A37} = {D5F24B13-F8B0-423E-ADA9-5D8440899A37}
		{8FC0E072-95C8-48CC-B120-084E4ABEFFC9} = {8FC0E072-95C8-48CC-B120-084E4ABEFFC9}
		{3826D5C8-CF70-42B9-A9AA-3D354E220524} = {3826D5C8-CF70-42B9-A9AA-3D354E220524}
		{8FDB76DB-4A72-40D3-BF8B-5C35898ECAA5} = {8FDB76DB-4A72-40D3-BF8B-5C35898ECAA5}
	EndProjectSection
EndProject
Project("{8BC9CEB8-8B4A-11D0-8D11-00A0C91BC942}") = "AngelicaFile", "AngelicaFile\AngelicaFile.vcxproj", "{D5F24B13-F8B0-423E-ADA9-5D8440899A37}"
EndProject
Global
	GlobalSection(SolutionConfigurationPlatforms) = preSolution
		Debug Release|x64 = Debug Release|x64
		Debug Release|x86 = Debug Release|x86
		Debug Static|x64 = Debug Static|x64
		Debug Static|x86 = Debug Static|x86
		Debug|x64 = Debug|x64
		Debug|x86 = Debug|x86
		DebugUni|x64 = DebugUni|x64
		DebugUni|x86 = DebugUni|x86
		Release AVX2|x64 = Release AVX2|x64
		Release AVX2|x86 = Release AVX2|x86
		Release SSE2|x64 = Release SSE2|x64
		Release SSE2|x86 = Release SSE2|x86
		Release Static|x64 = Release Static|x64
		Release Static|x86 = Release Static|x86
		Release|x64 = Release|x64
		Release|x86 = Release|x86
		ReleaseInternational|x64 = ReleaseInternational|x64
		ReleaseInternational|x86 = ReleaseInternational|x86
		ReleaseMalaysia|x64 = ReleaseMalaysia|x64
		ReleaseMalaysia|x86 = ReleaseMalaysia|x86
		ReleaseUni|x64 = ReleaseUni|x64
		ReleaseUni|x86 = ReleaseUni|x86
	EndGlobalSection
	GlobalSection(ProjectConfigurationPlatforms) = postSolution
		{3826D5C8-CF70-42B9-A9AA-3D354E220524}.Debug Release|x64.ActiveCfg = Release|Win32
		{3826D5C8-CF70-42B9-A9AA-3D354E220524}.Debug Release|x64.Build.0 = Release|Win32
		{3826D5C8-CF70-42B9-A9AA-3D354E220524}.Debug Release|x86.ActiveCfg = Release|Win32
		{3826D5C8-CF70-42B9-A9AA-3D354E220524}.Debug Release|x86.Build.0 = Release|Win32
		{3826D5C8-CF70-42B9-A9AA-3D354E220524}.Debug Static|x64.ActiveCfg = Debug Static|Win32
		{3826D5C8-CF70-42B9-A9AA-3D354E220524}.Debug Static|x86.ActiveCfg = Debug Static|Win32
		{3826D5C8-CF70-42B9-A9AA-3D354E220524}.Debug Static|x86.Build.0 = Debug Static|Win32
		{3826D5C8-CF70-42B9-A9AA-3D354E220524}.Debug|x64.ActiveCfg = Debug|Win32
		{3826D5C8-CF70-42B9-A9AA-3D354E220524}.Debug|x86.ActiveCfg = Debug|Win32
		{3826D5C8-CF70-42B9-A9AA-3D354E220524}.Debug|x86.Build.0 = Debug|Win32
		{3826D5C8-CF70-42B9-A9AA-3D354E220524}.DebugUni|x64.ActiveCfg = Release|Win32
		{3826D5C8-CF70-42B9-A9AA-3D354E220524}.DebugUni|x64.Build.0 = Release|Win32
		{3826D5C8-CF70-42B9-A9AA-3D354E220524}.DebugUni|x86.ActiveCfg = Debug|Win32
		{3826D5C8-CF70-42B9-A9AA-3D354E220524}.DebugUni|x86.Build.0 = Debug|Win32
		{3826D5C8-CF70-42B9-A9AA-3D354E220524}.Release AVX2|x64.ActiveCfg = Release|Win32
		{3826D5C8-CF70-42B9-A9AA-3D354E220524}.Release AVX2|x64.Build.0 = Release|Win32
		{3826D5C8-CF70-42B9-A9AA-3D354E220524}.Release AVX2|x86.ActiveCfg = Release Static|Win32
		{3826D5C8-CF70-42B9-A9AA-3D354E220524}.Release AVX2|x86.Build.0 = Release Static|Win32
		{3826D5C8-CF70-42B9-A9AA-3D354E220524}.Release SSE2|x64.ActiveCfg = Release|Win32
		{3826D5C8-CF70-42B9-A9AA-3D354E220524}.Release SSE2|x64.Build.0 = Release|Win32
		{3826D5C8-CF70-42B9-A9AA-3D354E220524}.Release SSE2|x86.ActiveCfg = Release Static|Win32
		{3826D5C8-CF70-42B9-A9AA-3D354E220524}.Release SSE2|x86.Build.0 = Release Static|Win32
		{3826D5C8-CF70-42B9-A9AA-3D354E220524}.Release Static|x64.ActiveCfg = Release Static|Win32
		{3826D5C8-CF70-42B9-A9AA-3D354E220524}.Release Static|x86.ActiveCfg = Release Static|Win32
		{3826D5C8-CF70-42B9-A9AA-3D354E220524}.Release Static|x86.Build.0 = Release Static|Win32
		{3826D5C8-CF70-42B9-A9AA-3D354E220524}.Release|x64.ActiveCfg = Release|Win32
		{3826D5C8-CF70-42B9-A9AA-3D354E220524}.Release|x86.ActiveCfg = Release|Win32
		{3826D5C8-CF70-42B9-A9AA-3D354E220524}.Release|x86.Build.0 = Release|Win32
		{3826D5C8-CF70-42B9-A9AA-3D354E220524}.ReleaseInternational|x64.ActiveCfg = Release|Win32
		{3826D5C8-CF70-42B9-A9AA-3D354E220524}.ReleaseInternational|x64.Build.0 = Release|Win32
		{3826D5C8-CF70-42B9-A9AA-3D354E220524}.ReleaseInternational|x86.ActiveCfg = Release Static|Win32
		{3826D5C8-CF70-42B9-A9AA-3D354E220524}.ReleaseInternational|x86.Build.0 = Release Static|Win32
		{3826D5C8-CF70-42B9-A9AA-3D354E220524}.ReleaseMalaysia|x64.ActiveCfg = Release|Win32
		{3826D5C8-CF70-42B9-A9AA-3D354E220524}.ReleaseMalaysia|x64.Build.0 = Release|Win32
		{3826D5C8-CF70-42B9-A9AA-3D354E220524}.ReleaseMalaysia|x86.ActiveCfg = Release Static|Win32
		{3826D5C8-CF70-42B9-A9AA-3D354E220524}.ReleaseMalaysia|x86.Build.0 = Release Static|Win32
		{3826D5C8-CF70-42B9-A9AA-3D354E220524}.ReleaseUni|x64.ActiveCfg = Release|Win32
		{3826D5C8-CF70-42B9-A9AA-3D354E220524}.ReleaseUni|x64.Build.0 = Release|Win32
		{3826D5C8-CF70-42B9-A9AA-3D354E220524}.ReleaseUni|x86.ActiveCfg = Release Static|Win32
		{3826D5C8-CF70-42B9-A9AA-3D354E220524}.ReleaseUni|x86.Build.0 = Release Static|Win32
		{8FC0E072-95C8-48CC-B120-084E4ABEFFC9}.Debug Release|x64.ActiveCfg = Release|Win32
		{8FC0E072-95C8-48CC-B120-084E4ABEFFC9}.Debug Release|x64.Build.0 = Release|Win32
		{8FC0E072-95C8-48CC-B120-084E4ABEFFC9}.Debug Release|x86.ActiveCfg = Release|Win32
		{8FC0E072-95C8-48CC-B120-084E4ABEFFC9}.Debug Release|x86.Build.0 = Release|Win32
		{8FC0E072-95C8-48CC-B120-084E4ABEFFC9}.Debug Static|x64.ActiveCfg = Release|Win32
		{8FC0E072-95C8-48CC-B120-084E4ABEFFC9}.Debug Static|x64.Build.0 = Release|Win32
		{8FC0E072-95C8-48CC-B120-084E4ABEFFC9}.Debug Static|x86.ActiveCfg = Debug|Win32
		{8FC0E072-95C8-48CC-B120-084E4ABEFFC9}.Debug Static|x86.Build.0 = Debug|Win32
		{8FC0E072-95C8-48CC-B120-084E4ABEFFC9}.Debug|x64.ActiveCfg = Debug|Win32
		{8FC0E072-95C8-48CC-B120-084E4ABEFFC9}.Debug|x86.ActiveCfg = Debug|Win32
		{8FC0E072-95C8-48CC-B120-084E4ABEFFC9}.Debug|x86.Build.0 = Debug|Win32
		{8FC0E072-95C8-48CC-B120-084E4ABEFFC9}.DebugUni|x64.ActiveCfg = Release|Win32
		{8FC0E072-95C8-48CC-B120-084E4ABEFFC9}.DebugUni|x64.Build.0 = Release|Win32
		{8FC0E072-95C8-48CC-B120-084E4ABEFFC9}.DebugUni|x86.ActiveCfg = Debug|Win32
		{8FC0E072-95C8-48CC-B120-084E4ABEFFC9}.DebugUni|x86.Build.0 = Debug|Win32
		{8FC0E072-95C8-48CC-B120-084E4ABEFFC9}.Release AVX2|x64.ActiveCfg = Release|Win32
		{8FC0E072-95C8-48CC-B120-084E4ABEFFC9}.Release AVX2|x64.Build.0 = Release|Win32
		{8FC0E072-95C8-48CC-B120-084E4ABEFFC9}.Release AVX2|x86.ActiveCfg = Release|Win32
		{8FC0E072-95C8-48CC-B120-084E4ABEFFC9}.Release AVX2|x86.Build.0 = Release|Win32
		{8FC0E072-95C8-48CC-B120-084E4ABEFFC9}.Release SSE2|x64.ActiveCfg = Release|Win32
		{8FC0E072-95C8-48CC-B120-084E4ABEFFC9}.Release SSE2|x64.Build.0 = Release|Win32
		{8FC0E072-95C8-48CC-B120-084E4ABEFFC9}.Release SSE2|x86.ActiveCfg = Release|Win32
		{8FC0E072-95C8-48CC-B120-084E4ABEFFC9}.Release SSE2|x86.Build.0 = Release|Win32
		{8FC0E072-95C8-48CC-B120-084E4ABEFFC9}.Release Static|x64.ActiveCfg = Release|Win32
		{8FC0E072-95C8-48CC-B120-084E4ABEFFC9}.Release Static|x64.Build.0 = Release|Win32
		{8FC0E072-95C8-48CC-B120-084E4ABEFFC9}.Release Static|x86.ActiveCfg = Release|Win32
		{8FC0E072-95C8-48CC-B120-084E4ABEFFC9}.Release Static|x86.Build.0 = Release|Win32
		{8FC0E072-95C8-48CC-B120-084E4ABEFFC9}.Release|x64.ActiveCfg = Release|Win32
		{8FC0E072-95C8-48CC-B120-084E4ABEFFC9}.Release|x86.ActiveCfg = Release|Win32
		{8FC0E072-95C8-48CC-B120-084E4ABEFFC9}.Release|x86.Build.0 = Release|Win32
		{8FC0E072-95C8-48CC-B120-084E4ABEFFC9}.ReleaseInternational|x64.ActiveCfg = Release|Win32
		{8FC0E072-95C8-48CC-B120-084E4ABEFFC9}.ReleaseInternational|x64.Build.0 = Release|Win32
		{8FC0E072-95C8-48CC-B120-084E4ABEFFC9}.ReleaseInternational|x86.ActiveCfg = Release|Win32
		{8FC0E072-95C8-48CC-B120-084E4ABEFFC9}.ReleaseInternational|x86.Build.0 = Release|Win32
		{8FC0E072-95C8-48CC-B120-084E4ABEFFC9}.ReleaseMalaysia|x64.ActiveCfg = Release|Win32
		{8FC0E072-95C8-48CC-B120-084E4ABEFFC9}.ReleaseMalaysia|x64.Build.0 = Release|Win32
		{8FC0E072-95C8-48CC-B120-084E4ABEFFC9}.ReleaseMalaysia|x86.ActiveCfg = Release|Win32
		{8FC0E072-95C8-48CC-B120-084E4ABEFFC9}.ReleaseMalaysia|x86.Build.0 = Release|Win32
		{8FC0E072-95C8-48CC-B120-084E4ABEFFC9}.ReleaseUni|x64.ActiveCfg = Release|Win32
		{8FC0E072-95C8-48CC-B120-084E4ABEFFC9}.ReleaseUni|x64.Build.0 = Release|Win32
		{8FC0E072-95C8-48CC-B120-084E4ABEFFC9}.ReleaseUni|x86.ActiveCfg = Release|Win32
		{8FC0E072-95C8-48CC-B120-084E4ABEFFC9}.ReleaseUni|x86.Build.0 = Release|Win32
		{8FDB76DB-4A72-40D3-BF8B-5C35898ECAA5}.Debug Release|x64.ActiveCfg = Release|Win32
		{8FDB76DB-4A72-40D3-BF8B-5C35898ECAA5}.Debug Release|x64.Build.0 = Release|Win32
		{8FDB76DB-4A72-40D3-BF8B-5C35898ECAA5}.Debug Release|x86.ActiveCfg = Release|Win32
		{8FDB76DB-4A72-40D3-BF8B-5C35898ECAA5}.Debug Release|x86.Build.0 = Release|Win32
		{8FDB76DB-4A72-40D3-BF8B-5C35898ECAA5}.Debug Static|x64.ActiveCfg = Release|Win32
		{8FDB76DB-4A72-40D3-BF8B-5C35898ECAA5}.Debug Static|x64.Build.0 = Release|Win32
		{8FDB76DB-4A72-40D3-BF8B-5C35898ECAA5}.Debug Static|x86.ActiveCfg = Debug|Win32
		{8FDB76DB-4A72-40D3-BF8B-5C35898ECAA5}.Debug Static|x86.Build.0 = Debug|Win32
		{8FDB76DB-4A72-40D3-BF8B-5C35898ECAA5}.Debug|x64.ActiveCfg = Debug|Win32
		{8FDB76DB-4A72-40D3-BF8B-5C35898ECAA5}.Debug|x86.ActiveCfg = Debug|Win32
		{8FDB76DB-4A72-40D3-BF8B-5C35898ECAA5}.Debug|x86.Build.0 = Debug|Win32
		{8FDB76DB-4A72-40D3-BF8B-5C35898ECAA5}.DebugUni|x64.ActiveCfg = Release|Win32
		{8FDB76DB-4A72-40D3-BF8B-5C35898ECAA5}.DebugUni|x64.Build.0 = Release|Win32
		{8FDB76DB-4A72-40D3-BF8B-5C35898ECAA5}.DebugUni|x86.ActiveCfg = Debug|Win32
		{8FDB76DB-4A72-40D3-BF8B-5C35898ECAA5}.DebugUni|x86.Build.0 = Debug|Win32
		{8FDB76DB-4A72-40D3-BF8B-5C35898ECAA5}.Release AVX2|x64.ActiveCfg = Release|Win32
		{8FDB76DB-4A72-40D3-BF8B-5C35898ECAA5}.Release AVX2|x64.Build.0 = Release|Win32
		{8FDB76DB-4A72-40D3-BF8B-5C35898ECAA5}.Release AVX2|x86.ActiveCfg = Release|Win32
		{8FDB76DB-4A72-40D3-BF8B-5C35898ECAA5}.Release AVX2|x86.Build.0 = Release|Win32
		{8FDB76DB-4A72-40D3-BF8B-5C35898ECAA5}.Release SSE2|x64.ActiveCfg = Release|Win32
		{8FDB76DB-4A72-40D3-BF8B-5C35898ECAA5}.Release SSE2|x64.Build.0 = Release|Win32
		{8FDB76DB-4A72-40D3-BF8B-5C35898ECAA5}.Release SSE2|x86.ActiveCfg = Release|Win32
		{8FDB76DB-4A72-40D3-BF8B-5C35898ECAA5}.Release SSE2|x86.Build.0 = Release|Win32
		{8FDB76DB-4A72-40D3-BF8B-5C35898ECAA5}.Release Static|x64.ActiveCfg = Release|Win32
		{8FDB76DB-4A72-40D3-BF8B-5C35898ECAA5}.Release Static|x64.Build.0 = Release|Win32
		{8FDB76DB-4A72-40D3-BF8B-5C35898ECAA5}.Release Static|x86.ActiveCfg = Release|Win32
		{8FDB76DB-4A72-40D3-BF8B-5C35898ECAA5}.Release Static|x86.Build.0 = Release|Win32
		{8FDB76DB-4A72-40D3-BF8B-5C35898ECAA5}.Release|x64.ActiveCfg = Release|Win32
		{8FDB76DB-4A72-40D3-BF8B-5C35898ECAA5}.Release|x86.ActiveCfg = Release|Win32
		{8FDB76DB-4A72-40D3-BF8B-5C35898ECAA5}.Release|x86.Build.0 = Release|Win32
		{8FDB76DB-4A72-40D3-BF8B-5C35898ECAA5}.ReleaseInternational|x64.ActiveCfg = Release|Win32
		{8FDB76DB-4A72-40D3-BF8B-5C35898ECAA5}.ReleaseInternational|x64.Build.0 = Release|Win32
		{8FDB76DB-4A72-40D3-BF8B-5C35898ECAA5}.ReleaseInternational|x86.ActiveCfg = Release|Win32
		{8FDB76DB-4A72-40D3-BF8B-5C35898ECAA5}.ReleaseInternational|x86.Build.0 = Release|Win32
		{8FDB76DB-4A72-40D3-BF8B-5C35898ECAA5}.ReleaseMalaysia|x64.ActiveCfg = Release|Win32
		{8FDB76DB-4A72-40D3-BF8B-5C35898ECAA5}.ReleaseMalaysia|x64.Build.0 = Release|Win32
		{8FDB76DB-4A72-40D3-BF8B-5C35898ECAA5}.ReleaseMalaysia|x86.ActiveCfg = Release|Win32
		{8FDB76DB-4A72-40D3-BF8B-5C35898ECAA5}.ReleaseMalaysia|x86.Build.0 = Release|Win32
		{8FDB76DB-4A72-40D3-BF8B-5C35898ECAA5}.ReleaseUni|x64.ActiveCfg = Release|Win32
		{8FDB76DB-4A72-40D3-BF8B-5C35898ECAA5}.ReleaseUni|x64.Build.0 = Release|Win32
		{8FDB76DB-4A72-40D3-BF8B-5C35898ECAA5}.ReleaseUni|x86.ActiveCfg = Release|Win32
		{8FDB76DB-4A72-40D3-BF8B-5C35898ECAA5}.ReleaseUni|x86.Build.0 = Release|Win32
		{D6A4BA2D-E3C9-4FF4-910C-50A4E8757A46}.Debug Release|x64.ActiveCfg = Release|Win32
		{D6A4BA2D-E3C9-4FF4-910C-50A4E8757A46}.Debug Release|x64.Build.0 = Release|Win32
		{D6A4BA2D-E3C9-4FF4-910C-50A4E8757A46}.Debug Release|x86.ActiveCfg = Release|Win32
		{D6A4BA2D-E3C9-4FF4-910C-50A4E8757A46}.Debug Release|x86.Build.0 = Release|Win32
		{D6A4BA2D-E3C9-4FF4-910C-50A4E8757A46}.Debug Static|x64.ActiveCfg = Release|Win32
		{D6A4BA2D-E3C9-4FF4-910C-50A4E8757A46}.Debug Static|x64.Build.0 = Release|Win32
		{D6A4BA2D-E3C9-4FF4-910C-50A4E8757A46}.Debug Static|x86.ActiveCfg = Debug|Win32
		{D6A4BA2D-E3C9-4FF4-910C-50A4E8757A46}.Debug Static|x86.Build.0 = Debug|Win32
		{D6A4BA2D-E3C9-4FF4-910C-50A4E8757A46}.Debug|x64.ActiveCfg = Debug|Win32
		{D6A4BA2D-E3C9-4FF4-910C-50A4E8757A46}.Debug|x86.ActiveCfg = Debug|Win32
		{D6A4BA2D-E3C9-4FF4-910C-50A4E8757A46}.Debug|x86.Build.0 = Debug|Win32
		{D6A4BA2D-E3C9-4FF4-910C-50A4E8757A46}.DebugUni|x64.ActiveCfg = DebugUni|Win32
		{D6A4BA2D-E3C9-4FF4-910C-50A4E8757A46}.DebugUni|x86.ActiveCfg = DebugUni|Win32
		{D6A4BA2D-E3C9-4FF4-910C-50A4E8757A46}.DebugUni|x86.Build.0 = DebugUni|Win32
		{D6A4BA2D-E3C9-4FF4-910C-50A4E8757A46}.Release AVX2|x64.ActiveCfg = Release|Win32
		{D6A4BA2D-E3C9-4FF4-910C-50A4E8757A46}.Release AVX2|x64.Build.0 = Release|Win32
		{D6A4BA2D-E3C9-4FF4-910C-50A4E8757A46}.Release AVX2|x86.ActiveCfg = Release|Win32
		{D6A4BA2D-E3C9-4FF4-910C-50A4E8757A46}.Release AVX2|x86.Build.0 = Release|Win32
		{D6A4BA2D-E3C9-4FF4-910C-50A4E8757A46}.Release SSE2|x64.ActiveCfg = Release|Win32
		{D6A4BA2D-E3C9-4FF4-910C-50A4E8757A46}.Release SSE2|x64.Build.0 = Release|Win32
		{D6A4BA2D-E3C9-4FF4-910C-50A4E8757A46}.Release SSE2|x86.ActiveCfg = Release|Win32
		{D6A4BA2D-E3C9-4FF4-910C-50A4E8757A46}.Release SSE2|x86.Build.0 = Release|Win32
		{D6A4BA2D-E3C9-4FF4-910C-50A4E8757A46}.Release Static|x64.ActiveCfg = Release|Win32
		{D6A4BA2D-E3C9-4FF4-910C-50A4E8757A46}.Release Static|x64.Build.0 = Release|Win32
		{D6A4BA2D-E3C9-4FF4-910C-50A4E8757A46}.Release Static|x86.ActiveCfg = ReleaseInternational|Win32
		{D6A4BA2D-E3C9-4FF4-910C-50A4E8757A46}.Release Static|x86.Build.0 = ReleaseInternational|Win32
		{D6A4BA2D-E3C9-4FF4-910C-50A4E8757A46}.Release|x64.ActiveCfg = Release|Win32
		{D6A4BA2D-E3C9-4FF4-910C-50A4E8757A46}.Release|x86.ActiveCfg = ReleaseUni|Win32
		{D6A4BA2D-E3C9-4FF4-910C-50A4E8757A46}.Release|x86.Build.0 = ReleaseUni|Win32
		{D6A4BA2D-E3C9-4FF4-910C-50A4E8757A46}.ReleaseInternational|x64.ActiveCfg = ReleaseInternational|Win32
		{D6A4BA2D-E3C9-4FF4-910C-50A4E8757A46}.ReleaseInternational|x86.ActiveCfg = ReleaseInternational|Win32
		{D6A4BA2D-E3C9-4FF4-910C-50A4E8757A46}.ReleaseInternational|x86.Build.0 = ReleaseInternational|Win32
		{D6A4BA2D-E3C9-4FF4-910C-50A4E8757A46}.ReleaseMalaysia|x64.ActiveCfg = ReleaseMalaysia|Win32
		{D6A4BA2D-E3C9-4FF4-910C-50A4E8757A46}.ReleaseMalaysia|x86.ActiveCfg = ReleaseMalaysia|Win32
		{D6A4BA2D-E3C9-4FF4-910C-50A4E8757A46}.ReleaseMalaysia|x86.Build.0 = ReleaseMalaysia|Win32
		{D6A4BA2D-E3C9-4FF4-910C-50A4E8757A46}.ReleaseUni|x64.ActiveCfg = ReleaseUni|Win32
		{D6A4BA2D-E3C9-4FF4-910C-50A4E8757A46}.ReleaseUni|x86.ActiveCfg = ReleaseUni|Win32
		{D6A4BA2D-E3C9-4FF4-910C-50A4E8757A46}.ReleaseUni|x86.Build.0 = ReleaseUni|Win32
		{1D56FF2F-1D77-497C-82BC-FA31975BE732}.Debug Release|x64.ActiveCfg = Release|Win32
		{1D56FF2F-1D77-497C-82BC-FA31975BE732}.Debug Release|x64.Build.0 = Release|Win32
		{1D56FF2F-1D77-497C-82BC-FA31975BE732}.Debug Release|x86.ActiveCfg = Release|Win32
		{1D56FF2F-1D77-497C-82BC-FA31975BE732}.Debug Release|x86.Build.0 = Release|Win32
		{1D56FF2F-1D77-497C-82BC-FA31975BE732}.Debug Static|x64.ActiveCfg = Release|Win32
		{1D56FF2F-1D77-497C-82BC-FA31975BE732}.Debug Static|x64.Build.0 = Release|Win32
		{1D56FF2F-1D77-497C-82BC-FA31975BE732}.Debug Static|x86.ActiveCfg = Debug|Win32
		{1D56FF2F-1D77-497C-82BC-FA31975BE732}.Debug Static|x86.Build.0 = Debug|Win32
		{1D56FF2F-1D77-497C-82BC-FA31975BE732}.Debug|x64.ActiveCfg = Debug|Win32
		{1D56FF2F-1D77-497C-82BC-FA31975BE732}.Debug|x86.ActiveCfg = Debug|Win32
		{1D56FF2F-1D77-497C-82BC-FA31975BE732}.Debug|x86.Build.0 = Debug|Win32
		{1D56FF2F-1D77-497C-82BC-FA31975BE732}.DebugUni|x64.ActiveCfg = Release|Win32
		{1D56FF2F-1D77-497C-82BC-FA31975BE732}.DebugUni|x64.Build.0 = Release|Win32
		{1D56FF2F-1D77-497C-82BC-FA31975BE732}.DebugUni|x86.ActiveCfg = Debug|Win32
		{1D56FF2F-1D77-497C-82BC-FA31975BE732}.DebugUni|x86.Build.0 = Debug|Win32
		{1D56FF2F-1D77-497C-82BC-FA31975BE732}.Release AVX2|x64.ActiveCfg = Release|Win32
		{1D56FF2F-1D77-497C-82BC-FA31975BE732}.Release AVX2|x64.Build.0 = Release|Win32
		{1D56FF2F-1D77-497C-82BC-FA31975BE732}.Release AVX2|x86.ActiveCfg = Release|Win32
		{1D56FF2F-1D77-497C-82BC-FA31975BE732}.Release AVX2|x86.Build.0 = Release|Win32
		{1D56FF2F-1D77-497C-82BC-FA31975BE732}.Release SSE2|x64.ActiveCfg = Release|Win32
		{1D56FF2F-1D77-497C-82BC-FA31975BE732}.Release SSE2|x64.Build.0 = Release|Win32
		{1D56FF2F-1D77-497C-82BC-FA31975BE732}.Release SSE2|x86.ActiveCfg = Release|Win32
		{1D56FF2F-1D77-497C-82BC-FA31975BE732}.Release SSE2|x86.Build.0 = Release|Win32
		{1D56FF2F-1D77-497C-82BC-FA31975BE732}.Release Static|x64.ActiveCfg = Release|Win32
		{1D56FF2F-1D77-497C-82BC-FA31975BE732}.Release Static|x64.Build.0 = Release|Win32
		{1D56FF2F-1D77-497C-82BC-FA31975BE732}.Release Static|x86.ActiveCfg = Release|Win32
		{1D56FF2F-1D77-497C-82BC-FA31975BE732}.Release Static|x86.Build.0 = Release|Win32
		{1D56FF2F-1D77-497C-82BC-FA31975BE732}.Release|x64.ActiveCfg = Release|Win32
		{1D56FF2F-1D77-497C-82BC-FA31975BE732}.Release|x86.ActiveCfg = Release|Win32
		{1D56FF2F-1D77-497C-82BC-FA31975BE732}.Release|x86.Build.0 = Release|Win32
		{1D56FF2F-1D77-497C-82BC-FA31975BE732}.ReleaseInternational|x64.ActiveCfg = Release|Win32
		{1D56FF2F-1D77-497C-82BC-FA31975BE732}.ReleaseInternational|x64.Build.0 = Release|Win32
		{1D56FF2F-1D77-497C-82BC-FA31975BE732}.ReleaseInternational|x86.ActiveCfg = Release|Win32
		{1D56FF2F-1D77-497C-82BC-FA31975BE732}.ReleaseInternational|x86.Build.0 = Release|Win32
		{1D56FF2F-1D77-497C-82BC-FA31975BE732}.ReleaseMalaysia|x64.ActiveCfg = Release|Win32
		{1D56FF2F-1D77-497C-82BC-FA31975BE732}.ReleaseMalaysia|x64.Build.0 = Release|Win32
		{1D56FF2F-1D77-497C-82BC-FA31975BE732}.ReleaseMalaysia|x86.ActiveCfg = Release|Win32
		{1D56FF2F-1D77-497C-82BC-FA31975BE732}.ReleaseMalaysia|x86.Build.0 = Release|Win32
		{1D56FF2F-1D77-497C-82BC-FA31975BE732}.ReleaseUni|x64.ActiveCfg = Release|Win32
		{1D56FF2F-1D77-497C-82BC-FA31975BE732}.ReleaseUni|x64.Build.0 = Release|Win32
		{1D56FF2F-1D77-497C-82BC-FA31975BE732}.ReleaseUni|x86.ActiveCfg = Release|Win32
		{1D56FF2F-1D77-497C-82BC-FA31975BE732}.ReleaseUni|x86.Build.0 = Release|Win32
		{D5F24B13-F8B0-423E-ADA9-5D8440899A37}.Debug Release|x64.ActiveCfg = Debug Release|x64
		{D5F24B13-F8B0-423E-ADA9-5D8440899A37}.Debug Release|x64.Build.0 = Debug Release|x64
		{D5F24B13-F8B0-423E-ADA9-5D8440899A37}.Debug Release|x86.ActiveCfg = Debug Release|Win32
		{D5F24B13-F8B0-423E-ADA9-5D8440899A37}.Debug Release|x86.Build.0 = Debug Release|Win32
		{D5F24B13-F8B0-423E-ADA9-5D8440899A37}.Debug Static|x64.ActiveCfg = Debug Release|x64
		{D5F24B13-F8B0-423E-ADA9-5D8440899A37}.Debug Static|x64.Build.0 = Debug Release|x64
		{D5F24B13-F8B0-423E-ADA9-5D8440899A37}.Debug Static|x86.ActiveCfg = Debug Release|Win32
		{D5F24B13-F8B0-423E-ADA9-5D8440899A37}.Debug Static|x86.Build.0 = Debug Release|Win32
		{D5F24B13-F8B0-423E-ADA9-5D8440899A37}.Debug|x64.ActiveCfg = Debug|x64
		{D5F24B13-F8B0-423E-ADA9-5D8440899A37}.Debug|x64.Build.0 = Debug|x64
		{D5F24B13-F8B0-423E-ADA9-5D8440899A37}.Debug|x86.ActiveCfg = Debug|Win32
		{D5F24B13-F8B0-423E-ADA9-5D8440899A37}.Debug|x86.Build.0 = Debug|Win32
		{D5F24B13-F8B0-423E-ADA9-5D8440899A37}.DebugUni|x64.ActiveCfg = Debug|x64
		{D5F24B13-F8B0-423E-ADA9-5D8440899A37}.DebugUni|x64.Build.0 = Debug|x64
		{D5F24B13-F8B0-423E-ADA9-5D8440899A37}.DebugUni|x86.ActiveCfg = Debug|Win32
		{D5F24B13-F8B0-423E-ADA9-5D8440899A37}.DebugUni|x86.Build.0 = Debug|Win32
		{D5F24B13-F8B0-423E-ADA9-5D8440899A37}.Release AVX2|x64.ActiveCfg = Release AVX2|x64
		{D5F24B13-F8B0-423E-ADA9-5D8440899A37}.Release AVX2|x64.Build.0 = Release AVX2|x64
		{D5F24B13-F8B0-423E-ADA9-5D8440899A37}.Release AVX2|x86.ActiveCfg = Release AVX2|Win32
		{D5F24B13-F8B0-423E-ADA9-5D8440899A37}.Release AVX2|x86.Build.0 = Release AVX2|Win32
		{D5F24B13-F8B0-423E-ADA9-5D8440899A37}.Release SSE2|x64.ActiveCfg = Release SSE2|x64
		{D5F24B13-F8B0-423E-ADA9-5D8440899A37}.Release SSE2|x64.Build.0 = Release SSE2|x64
		{D5F24B13-F8B0-423E-ADA9-5D8440899A37}.Release SSE2|x86.ActiveCfg = Release SSE2|Win32
		{D5F24B13-F8B0-423E-ADA9-5D8440899A37}.Release SSE2|x86.Build.0 = Release SSE2|Win32
		{D5F24B13-F8B0-423E-ADA9-5D8440899A37}.Release Static|x64.ActiveCfg = Release SSE2|x64
		{D5F24B13-F8B0-423E-ADA9-5D8440899A37}.Release Static|x64.Build.0 = Release SSE2|x64
		{D5F24B13-F8B0-423E-ADA9-5D8440899A37}.Release Static|x86.ActiveCfg = Release SSE2|Win32
		{D5F24B13-F8B0-423E-ADA9-5D8440899A37}.Release Static|x86.Build.0 = Release SSE2|Win32
		{D5F24B13-F8B0-423E-ADA9-5D8440899A37}.Release|x64.ActiveCfg = Release|x64
		{D5F24B13-F8B0-423E-ADA9-5D8440899A37}.Release|x64.Build.0 = Release|x64
		{D5F24B13-F8B0-423E-ADA9-5D8440899A37}.Release|x86.ActiveCfg = Release|Win32
		{D5F24B13-F8B0-423E-ADA9-5D8440899A37}.Release|x86.Build.0 = Release|Win32
		{D5F24B13-F8B0-423E-ADA9-5D8440899A37}.ReleaseInternational|x64.ActiveCfg = Release AVX2|x64
		{D5F24B13-F8B0-423E-ADA9-5D8440899A37}.ReleaseInternational|x64.Build.0 = Release AVX2|x64
		{D5F24B13-F8B0-423E-ADA9-5D8440899A37}.ReleaseInternational|x86.ActiveCfg = Release AVX2|Win32
		{D5F24B13-F8B0-423E-ADA9-5D8440899A37}.ReleaseInternational|x86.Build.0 = Release AVX2|Win32
		{D5F24B13-F8B0-423E-ADA9-5D8440899A37}.ReleaseMalaysia|x64.ActiveCfg = Release AVX2|x64
		{D5F24B13-F8B0-423E-ADA9-5D8440899A37}.ReleaseMalaysia|x64.Build.0 = Release AVX2|x64
		{D5F24B13-F8B0-423E-ADA9-5D8440899A37}.ReleaseMalaysia|x86.ActiveCfg = Release AVX2|Win32
		{D5F24B13-F8B0-423E-ADA9-5D8440899A37}.ReleaseMalaysia|x86.Build.0 = Release AVX2|Win32
		{D5F24B13-F8B0-423E-ADA9-5D8440899A37}.ReleaseUni|x64.ActiveCfg = Release AVX2|x64
		{D5F24B13-F8B0-423E-ADA9-5D8440899A37}.ReleaseUni|x64.Build.0 = Release AVX2|x64
		{D5F24B13-F8B0-423E-ADA9-5D8440899A37}.ReleaseUni|x86.ActiveCfg = Release AVX2|Win32
		{D5F24B13-F8B0-423E-ADA9-5D8440899A37}.ReleaseUni|x86.Build.0 = Release AVX2|Win32
	EndGlobalSection
	GlobalSection(SolutionProperties) = preSolution
		HideSolutionNode = FALSE
	EndGlobalSection
	GlobalSection(NestedProjects) = preSolution
		{3826D5C8-CF70-42B9-A9AA-3D354E220524} = {6C756697-B590-450E-9AE2-9A9EB9BCBDF7}
		{8FC0E072-95C8-48CC-B120-084E4ABEFFC9} = {6C756697-B590-450E-9AE2-9A9EB9BCBDF7}
		{8FDB76DB-4A72-40D3-BF8B-5C35898ECAA5} = {6C756697-B590-450E-9AE2-9A9EB9BCBDF7}
		{D6A4BA2D-E3C9-4FF4-910C-50A4E8757A46} = {C52E06EF-A4F7-47F5-B0AE-D0BF0C0A6B4E}
		{1D56FF2F-1D77-497C-82BC-FA31975BE732} = {C52E06EF-A4F7-47F5-B0AE-D0BF0C0A6B4E}
		{D5F24B13-F8B0-423E-ADA9-5D8440899A37} = {6C756697-B590-450E-9AE2-9A9EB9BCBDF7}
	EndGlobalSection
	GlobalSection(ExtensibilityGlobals) = postSolution
		SolutionGuid = {75EA6F01-A557-4BE3-8756-BE4A0871549A}
	EndGlobalSection
EndGlobal
