
Microsoft Visual Studio Solution File, Format Version 12.00
# Visual Studio Version 18
VisualStudioVersion = 18.4.11626.88 stable
MinimumVisualStudioVersion = 10.0.40219.1
Project("{2150E333-8FDC-42A3-9474-1A3956D46DE8}") = "Libraries", "Libraries", "{CDF91B2D-F87F-45D2-9EAF-1E85405D367B}"
EndProject
Project("{8BC9CEB8-8B4A-11D0-8D11-00A0C91BC942}") = "jpeg", "jpeg\jpeg.vcxproj", "{66BE01AC-472C-469A-A46B-013D914486C6}"
	ProjectSection(ProjectDependencies) = postProject
		{0477ED1A-0547-4380-8DE4-1FF2332F060C} = {0477ED1A-0547-4380-8DE4-1FF2332F060C}
		{117B3B39-8258-4CD2-AFE5-C3A30DE95203} = {117B3B39-8258-4CD2-AFE5-C3A30DE95203}
		{241400AB-E8D0-4D99-B401-1CD921E2F0B9} = {241400AB-E8D0-4D99-B401-1CD921E2F0B9}
		{270DB051-26B2-4512-9CE4-7DE022EA5710} = {270DB051-26B2-4512-9CE4-7DE022EA5710}
		{31D40D28-F268-4F49-9728-94AA21D112F1} = {31D40D28-F268-4F49-9728-94AA21D112F1}
		{4003FAB0-5CF4-4586-A5D7-CD8B77108B0F} = {4003FAB0-5CF4-4586-A5D7-CD8B77108B0F}
		{461FA0F0-EF18-4B62-AAF7-25A60FF44EF6} = {461FA0F0-EF18-4B62-AAF7-25A60FF44EF6}
		{4AD7AC91-BA32-43AD-973A-B0FD4B74AB21} = {4AD7AC91-BA32-43AD-973A-B0FD4B74AB21}
		{5363C516-C601-43E1-94FB-5575966128A8} = {5363C516-C601-43E1-94FB-5575966128A8}
		{5E2A34A2-73CF-4402-85BE-4C6A7302DF0B} = {5E2A34A2-73CF-4402-85BE-4C6A7302DF0B}
		{690810A7-C6B2-4547-9AB6-F573ECD37E1D} = {690810A7-C6B2-4547-9AB6-F573ECD37E1D}
		{807A146F-6855-4DAB-B922-A62DFF0B2DB5} = {807A146F-6855-4DAB-B922-A62DFF0B2DB5}
		{84FE28D1-8893-40EB-82ED-46551445CC4B} = {84FE28D1-8893-40EB-82ED-46551445CC4B}
		{8ADC36D0-2F34-481C-9031-2CE9A39172E7} = {8ADC36D0-2F34-481C-9031-2CE9A39172E7}
		{8DD72A5B-D65B-450A-A381-D06373E4AA0D} = {8DD72A5B-D65B-450A-A381-D06373E4AA0D}
		{AC494EC9-67A7-47AC-829E-085AEBC14582} = {AC494EC9-67A7-47AC-829E-085AEBC14582}
		{ACA3CB5B-9C0F-4FB9-9B4A-26AC92FD8C16} = {ACA3CB5B-9C0F-4FB9-9B4A-26AC92FD8C16}
		{B16742CD-D4C5-43B3-BC0A-2FBD84C09CAA} = {B16742CD-D4C5-43B3-BC0A-2FBD84C09CAA}
		{B2B43117-977D-48E2-814F-B3A8DC0DCB49} = {B2B43117-977D-48E2-814F-B3A8DC0DCB49}
		{B7ECDE3F-BF41-4981-8038-1DEEC27E66B3} = {B7ECDE3F-BF41-4981-8038-1DEEC27E66B3}
		{BE2EF249-FCCC-46D3-BF77-46BC857057A3} = {BE2EF249-FCCC-46D3-BF77-46BC857057A3}
		{D5F24B13-F8B0-423E-ADA9-5D8440899A37} = {D5F24B13-F8B0-423E-ADA9-5D8440899A37}
		{DBBE01B4-3CFA-485C-A078-6A12ACA7CBA1} = {DBBE01B4-3CFA-485C-A078-6A12ACA7CBA1}
		{E3CEA4DF-B386-4FEE-9B91-00A53600BDCD} = {E3CEA4DF-B386-4FEE-9B91-00A53600BDCD}
	EndProjectSection
EndProject
Project("{8BC9CEB8-8B4A-11D0-8D11-00A0C91BC942}") = "png", "png\png.vcxproj", "{807A146F-6855-4DAB-B922-A62DFF0B2DB5}"
	ProjectSection(ProjectDependencies) = postProject
		{31D40D28-F268-4F49-9728-94AA21D112F1} = {31D40D28-F268-4F49-9728-94AA21D112F1}
	EndProjectSection
EndProject
Project("{8BC9CEB8-8B4A-11D0-8D11-00A0C91BC942}") = "zlib", "zlib\zlib.vcxproj", "{31D40D28-F268-4F49-9728-94AA21D112F1}"
EndProject
Project("{8BC9CEB8-8B4A-11D0-8D11-00A0C91BC942}") = "tiff", "tiff\tiff.vcxproj", "{B16742CD-D4C5-43B3-BC0A-2FBD84C09CAA}"
	ProjectSection(ProjectDependencies) = postProject
		{31D40D28-F268-4F49-9728-94AA21D112F1} = {31D40D28-F268-4F49-9728-94AA21D112F1}
	EndProjectSection
EndProject
Project("{8BC9CEB8-8B4A-11D0-8D11-00A0C91BC942}") = "cximage", "cximage\cximage.vcxproj", "{DBF599A1-E231-4732-8ABD-299C675E96DE}"
	ProjectSection(ProjectDependencies) = postProject
		{31D40D28-F268-4F49-9728-94AA21D112F1} = {31D40D28-F268-4F49-9728-94AA21D112F1}
		{66BE01AC-472C-469A-A46B-013D914486C6} = {66BE01AC-472C-469A-A46B-013D914486C6}
		{807A146F-6855-4DAB-B922-A62DFF0B2DB5} = {807A146F-6855-4DAB-B922-A62DFF0B2DB5}
		{B16742CD-D4C5-43B3-BC0A-2FBD84C09CAA} = {B16742CD-D4C5-43B3-BC0A-2FBD84C09CAA}
	EndProjectSection
EndProject
Project("{8BC9CEB8-8B4A-11D0-8D11-00A0C91BC942}") = "strmbase", "strmbase\strmbase.vcxproj", "{5363C516-C601-43E1-94FB-5575966128A8}"
EndProject
Project("{8BC9CEB8-8B4A-11D0-8D11-00A0C91BC942}") = "async", "async\async.vcxproj", "{270DB051-26B2-4512-9CE4-7DE022EA5710}"
	ProjectSection(ProjectDependencies) = postProject
		{5363C516-C601-43E1-94FB-5575966128A8} = {5363C516-C601-43E1-94FB-5575966128A8}
	EndProjectSection
EndProject
Project("{8BC9CEB8-8B4A-11D0-8D11-00A0C91BC942}") = "lua5.1", "lua5.1\lua5.1.vcxproj", "{4003FAB0-5CF4-4586-A5D7-CD8B77108B0F}"
EndProject
Project("{8BC9CEB8-8B4A-11D0-8D11-00A0C91BC942}") = "mpg123", "mpg123\mpg123.vcxproj", "{E3CEA4DF-B386-4FEE-9B91-00A53600BDCD}"
	ProjectSection(ProjectDependencies) = postProject
		{84FE28D1-8893-40EB-82ED-46551445CC4B} = {84FE28D1-8893-40EB-82ED-46551445CC4B}
		{D5F24B13-F8B0-423E-ADA9-5D8440899A37} = {D5F24B13-F8B0-423E-ADA9-5D8440899A37}
	EndProjectSection
EndProject
Project("{2150E333-8FDC-42A3-9474-1A3956D46DE8}") = "Common", "Common", "{CB320968-2983-4BF2-B20D-DA99DE9594F7}"
EndProject
Project("{8BC9CEB8-8B4A-11D0-8D11-00A0C91BC942}") = "ogg", "ogg\ogg.vcxproj", "{B7ECDE3F-BF41-4981-8038-1DEEC27E66B3}"
EndProject
Project("{8BC9CEB8-8B4A-11D0-8D11-00A0C91BC942}") = "vorbis", "vorbis\vorbis.vcxproj", "{DBBE01B4-3CFA-485C-A078-6A12ACA7CBA1}"
EndProject
Project("{8BC9CEB8-8B4A-11D0-8D11-00A0C91BC942}") = "zliblib", "zliblib\zliblib.vcxproj", "{ACA3CB5B-9C0F-4FB9-9B4A-26AC92FD8C16}"
EndProject
Project("{2150E333-8FDC-42A3-9474-1A3956D46DE8}") = "Angelica", "Angelica", "{C18CDDAF-091E-43FB-A495-76C7156AB0B9}"
EndProject
Project("{8BC9CEB8-8B4A-11D0-8D11-00A0C91BC942}") = "AngelicaCommon", "AngelicaCommon\AngelicaCommon.vcxproj", "{84FE28D1-8893-40EB-82ED-46551445CC4B}"
EndProject
Project("{8BC9CEB8-8B4A-11D0-8D11-00A0C91BC942}") = "AngelicaFile", "AngelicaFile\AngelicaFile.vcxproj", "{D5F24B13-F8B0-423E-ADA9-5D8440899A37}"
	ProjectSection(ProjectDependencies) = postProject
		{31D40D28-F268-4F49-9728-94AA21D112F1} = {31D40D28-F268-4F49-9728-94AA21D112F1}
		{84FE28D1-8893-40EB-82ED-46551445CC4B} = {84FE28D1-8893-40EB-82ED-46551445CC4B}
	EndProjectSection
EndProject
Project("{8BC9CEB8-8B4A-11D0-8D11-00A0C91BC942}") = "AngelicaMedia", "AngelicaMedia\AngelicaMedia.vcxproj", "{117B3B39-8258-4CD2-AFE5-C3A30DE95203}"
	ProjectSection(ProjectDependencies) = postProject
		{D5F24B13-F8B0-423E-ADA9-5D8440899A37} = {D5F24B13-F8B0-423E-ADA9-5D8440899A37}
	EndProjectSection
EndProject
Project("{8BC9CEB8-8B4A-11D0-8D11-00A0C91BC942}") = "Angelica3D", "Angelica3D\Angelica3D.vcxproj", "{AC494EC9-67A7-47AC-829E-085AEBC14582}"
EndProject
Project("{8BC9CEB8-8B4A-11D0-8D11-00A0C91BC942}") = "ImmWrapper", "ImmWrapper\ImmWrapper.vcxproj", "{0477ED1A-0547-4380-8DE4-1FF2332F060C}"
	ProjectSection(ProjectDependencies) = postProject
		{84FE28D1-8893-40EB-82ED-46551445CC4B} = {84FE28D1-8893-40EB-82ED-46551445CC4B}
	EndProjectSection
EndProject
Project("{8BC9CEB8-8B4A-11D0-8D11-00A0C91BC942}") = "CHBasedCD", "CHBasedCD\CHBasedCD.vcxproj", "{BE2EF249-FCCC-46D3-BF77-46BC857057A3}"
EndProject
Project("{8BC9CEB8-8B4A-11D0-8D11-00A0C91BC942}") = "LuaWrapper", "LuaWrapper\LuaWrapper.vcxproj", "{8DD72A5B-D65B-450A-A381-D06373E4AA0D}"
	ProjectSection(ProjectDependencies) = postProject
		{117B3B39-8258-4CD2-AFE5-C3A30DE95203} = {117B3B39-8258-4CD2-AFE5-C3A30DE95203}
		{4003FAB0-5CF4-4586-A5D7-CD8B77108B0F} = {4003FAB0-5CF4-4586-A5D7-CD8B77108B0F}
		{84FE28D1-8893-40EB-82ED-46551445CC4B} = {84FE28D1-8893-40EB-82ED-46551445CC4B}
		{AC494EC9-67A7-47AC-829E-085AEBC14582} = {AC494EC9-67A7-47AC-829E-085AEBC14582}
		{D5F24B13-F8B0-423E-ADA9-5D8440899A37} = {D5F24B13-F8B0-423E-ADA9-5D8440899A37}
	EndProjectSection
EndProject
Project("{8BC9CEB8-8B4A-11D0-8D11-00A0C91BC942}") = "GfxCommon", "GfxCommon\GfxCommon.vcxproj", "{461FA0F0-EF18-4B62-AAF7-25A60FF44EF6}"
	ProjectSection(ProjectDependencies) = postProject
		{8DD72A5B-D65B-450A-A381-D06373E4AA0D} = {8DD72A5B-D65B-450A-A381-D06373E4AA0D}
		{BE2EF249-FCCC-46D3-BF77-46BC857057A3} = {BE2EF249-FCCC-46D3-BF77-46BC857057A3}
	EndProjectSection
EndProject
Project("{8BC9CEB8-8B4A-11D0-8D11-00A0C91BC942}") = "FTDriver", "FTDriver\FTDriver.vcxproj", "{690810A7-C6B2-4547-9AB6-F573ECD37E1D}"
EndProject
Project("{8BC9CEB8-8B4A-11D0-8D11-00A0C91BC942}") = "ImageCacheLib", "ImageCacheLib\ImageCacheLib.vcxproj", "{2BA7DB18-FC35-4641-A1D2-23D5619442AE}"
	ProjectSection(ProjectDependencies) = postProject
		{0477ED1A-0547-4380-8DE4-1FF2332F060C} = {0477ED1A-0547-4380-8DE4-1FF2332F060C}
		{117B3B39-8258-4CD2-AFE5-C3A30DE95203} = {117B3B39-8258-4CD2-AFE5-C3A30DE95203}
		{4003FAB0-5CF4-4586-A5D7-CD8B77108B0F} = {4003FAB0-5CF4-4586-A5D7-CD8B77108B0F}
		{461FA0F0-EF18-4B62-AAF7-25A60FF44EF6} = {461FA0F0-EF18-4B62-AAF7-25A60FF44EF6}
		{84FE28D1-8893-40EB-82ED-46551445CC4B} = {84FE28D1-8893-40EB-82ED-46551445CC4B}
		{8DD72A5B-D65B-450A-A381-D06373E4AA0D} = {8DD72A5B-D65B-450A-A381-D06373E4AA0D}
		{AC494EC9-67A7-47AC-829E-085AEBC14582} = {AC494EC9-67A7-47AC-829E-085AEBC14582}
		{D5F24B13-F8B0-423E-ADA9-5D8440899A37} = {D5F24B13-F8B0-423E-ADA9-5D8440899A37}
		{DBF599A1-E231-4732-8ABD-299C675E96DE} = {DBF599A1-E231-4732-8ABD-299C675E96DE}
	EndProjectSection
EndProject
Project("{8BC9CEB8-8B4A-11D0-8D11-00A0C91BC942}") = "AUInterface", "AUInterface\AUInterface.vcxproj", "{8ADC36D0-2F34-481C-9031-2CE9A39172E7}"
	ProjectSection(ProjectDependencies) = postProject
		{0477ED1A-0547-4380-8DE4-1FF2332F060C} = {0477ED1A-0547-4380-8DE4-1FF2332F060C}
		{117B3B39-8258-4CD2-AFE5-C3A30DE95203} = {117B3B39-8258-4CD2-AFE5-C3A30DE95203}
		{4003FAB0-5CF4-4586-A5D7-CD8B77108B0F} = {4003FAB0-5CF4-4586-A5D7-CD8B77108B0F}
		{461FA0F0-EF18-4B62-AAF7-25A60FF44EF6} = {461FA0F0-EF18-4B62-AAF7-25A60FF44EF6}
		{5E2A34A2-73CF-4402-85BE-4C6A7302DF0B} = {5E2A34A2-73CF-4402-85BE-4C6A7302DF0B}
		{84FE28D1-8893-40EB-82ED-46551445CC4B} = {84FE28D1-8893-40EB-82ED-46551445CC4B}
		{8DD72A5B-D65B-450A-A381-D06373E4AA0D} = {8DD72A5B-D65B-450A-A381-D06373E4AA0D}
		{AC494EC9-67A7-47AC-829E-085AEBC14582} = {AC494EC9-67A7-47AC-829E-085AEBC14582}
		{D5F24B13-F8B0-423E-ADA9-5D8440899A37} = {D5F24B13-F8B0-423E-ADA9-5D8440899A37}
	EndProjectSection
EndProject
Project("{8BC9CEB8-8B4A-11D0-8D11-00A0C91BC942}") = "AudioEngine", "AudioEngine\AudioEngine.vcxproj", "{5E2A34A2-73CF-4402-85BE-4C6A7302DF0B}"
EndProject
Project("{8BC9CEB8-8B4A-11D0-8D11-00A0C91BC942}") = "PropDlg", "PropDlg\PropDlg.vcxproj", "{55F19C0A-1AD7-47F2-AC0B-A362C73510F6}"
	ProjectSection(ProjectDependencies) = postProject
		{117B3B39-8258-4CD2-AFE5-C3A30DE95203} = {117B3B39-8258-4CD2-AFE5-C3A30DE95203}
		{4C2906D7-70FE-48FF-BBE6-34C41A4B30B4} = {4C2906D7-70FE-48FF-BBE6-34C41A4B30B4}
		{5E2A34A2-73CF-4402-85BE-4C6A7302DF0B} = {5E2A34A2-73CF-4402-85BE-4C6A7302DF0B}
		{84FE28D1-8893-40EB-82ED-46551445CC4B} = {84FE28D1-8893-40EB-82ED-46551445CC4B}
		{A157C147-1448-4546-BE70-8885AB5A4C55} = {A157C147-1448-4546-BE70-8885AB5A4C55}
		{AC494EC9-67A7-47AC-829E-085AEBC14582} = {AC494EC9-67A7-47AC-829E-085AEBC14582}
		{D5F24B13-F8B0-423E-ADA9-5D8440899A37} = {D5F24B13-F8B0-423E-ADA9-5D8440899A37}
	EndProjectSection
EndProject
Project("{8BC9CEB8-8B4A-11D0-8D11-00A0C91BC942}") = "AFileDialog", "AFileDialog\AFileDialog.vcxproj", "{A157C147-1448-4546-BE70-8885AB5A4C55}"
	ProjectSection(ProjectDependencies) = postProject
		{0477ED1A-0547-4380-8DE4-1FF2332F060C} = {0477ED1A-0547-4380-8DE4-1FF2332F060C}
		{117B3B39-8258-4CD2-AFE5-C3A30DE95203} = {117B3B39-8258-4CD2-AFE5-C3A30DE95203}
		{2BA7DB18-FC35-4641-A1D2-23D5619442AE} = {2BA7DB18-FC35-4641-A1D2-23D5619442AE}
		{4003FAB0-5CF4-4586-A5D7-CD8B77108B0F} = {4003FAB0-5CF4-4586-A5D7-CD8B77108B0F}
		{461FA0F0-EF18-4B62-AAF7-25A60FF44EF6} = {461FA0F0-EF18-4B62-AAF7-25A60FF44EF6}
		{84FE28D1-8893-40EB-82ED-46551445CC4B} = {84FE28D1-8893-40EB-82ED-46551445CC4B}
		{8DD72A5B-D65B-450A-A381-D06373E4AA0D} = {8DD72A5B-D65B-450A-A381-D06373E4AA0D}
		{AC494EC9-67A7-47AC-829E-085AEBC14582} = {AC494EC9-67A7-47AC-829E-085AEBC14582}
		{D5F24B13-F8B0-423E-ADA9-5D8440899A37} = {D5F24B13-F8B0-423E-ADA9-5D8440899A37}
	EndProjectSection
EndProject
Project("{8BC9CEB8-8B4A-11D0-8D11-00A0C91BC942}") = "AudioAssist", "AudioAssist\AudioAssist.vcxproj", "{4C2906D7-70FE-48FF-BBE6-34C41A4B30B4}"
	ProjectSection(ProjectDependencies) = postProject
		{5E2A34A2-73CF-4402-85BE-4C6A7302DF0B} = {5E2A34A2-73CF-4402-85BE-4C6A7302DF0B}
	EndProjectSection
EndProject
Project("{2150E333-8FDC-42A3-9474-1A3956D46DE8}") = "Element", "Element", "{F3CB05D6-94F3-404F-A616-7BB030AAA0D2}"
EndProject
Project("{8BC9CEB8-8B4A-11D0-8D11-00A0C91BC942}") = "AutoMoveImp", "AutoMoveImp\AutoMoveImp.vcxproj", "{4AD7AC91-BA32-43AD-973A-B0FD4B74AB21}"
EndProject
Project("{8BC9CEB8-8B4A-11D0-8D11-00A0C91BC942}") = "FWEditor", "FWEditor\FWEditor.vcxproj", "{241400AB-E8D0-4D99-B401-1CD921E2F0B9}"
EndProject
Project("{8BC9CEB8-8B4A-11D0-8D11-00A0C91BC942}") = "ElementSkill", "ElementSkill\ElementSkill.vcxproj", "{B2B43117-977D-48E2-814F-B3A8DC0DCB49}"
EndProject
Project("{8BC9CEB8-8B4A-11D0-8D11-00A0C91BC942}") = "ElementClient", "ElementClient\ElementClient.vcxproj", "{F7A3E4C5-F1FA-45A3-B0AE-2131AF171A38}"
	ProjectSection(ProjectDependencies) = postProject
		{0477ED1A-0547-4380-8DE4-1FF2332F060C} = {0477ED1A-0547-4380-8DE4-1FF2332F060C}
		{117B3B39-8258-4CD2-AFE5-C3A30DE95203} = {117B3B39-8258-4CD2-AFE5-C3A30DE95203}
		{241400AB-E8D0-4D99-B401-1CD921E2F0B9} = {241400AB-E8D0-4D99-B401-1CD921E2F0B9}
		{270DB051-26B2-4512-9CE4-7DE022EA5710} = {270DB051-26B2-4512-9CE4-7DE022EA5710}
		{2BA7DB18-FC35-4641-A1D2-23D5619442AE} = {2BA7DB18-FC35-4641-A1D2-23D5619442AE}
		{31D40D28-F268-4F49-9728-94AA21D112F1} = {31D40D28-F268-4F49-9728-94AA21D112F1}
		{4003FAB0-5CF4-4586-A5D7-CD8B77108B0F} = {4003FAB0-5CF4-4586-A5D7-CD8B77108B0F}
		{461FA0F0-EF18-4B62-AAF7-25A60FF44EF6} = {461FA0F0-EF18-4B62-AAF7-25A60FF44EF6}
		{4AD7AC91-BA32-43AD-973A-B0FD4B74AB21} = {4AD7AC91-BA32-43AD-973A-B0FD4B74AB21}
		{5363C516-C601-43E1-94FB-5575966128A8} = {5363C516-C601-43E1-94FB-5575966128A8}
		{5E2A34A2-73CF-4402-85BE-4C6A7302DF0B} = {5E2A34A2-73CF-4402-85BE-4C6A7302DF0B}
		{66BE01AC-472C-469A-A46B-013D914486C6} = {66BE01AC-472C-469A-A46B-013D914486C6}
		{690810A7-C6B2-4547-9AB6-F573ECD37E1D} = {690810A7-C6B2-4547-9AB6-F573ECD37E1D}
		{807A146F-6855-4DAB-B922-A62DFF0B2DB5} = {807A146F-6855-4DAB-B922-A62DFF0B2DB5}
		{84FE28D1-8893-40EB-82ED-46551445CC4B} = {84FE28D1-8893-40EB-82ED-46551445CC4B}
		{8ADC36D0-2F34-481C-9031-2CE9A39172E7} = {8ADC36D0-2F34-481C-9031-2CE9A39172E7}
		{8DD72A5B-D65B-450A-A381-D06373E4AA0D} = {8DD72A5B-D65B-450A-A381-D06373E4AA0D}
		{A157C147-1448-4546-BE70-8885AB5A4C55} = {A157C147-1448-4546-BE70-8885AB5A4C55}
		{AC494EC9-67A7-47AC-829E-085AEBC14582} = {AC494EC9-67A7-47AC-829E-085AEBC14582}
		{ACA3CB5B-9C0F-4FB9-9B4A-26AC92FD8C16} = {ACA3CB5B-9C0F-4FB9-9B4A-26AC92FD8C16}
		{B16742CD-D4C5-43B3-BC0A-2FBD84C09CAA} = {B16742CD-D4C5-43B3-BC0A-2FBD84C09CAA}
		{B2B43117-977D-48E2-814F-B3A8DC0DCB49} = {B2B43117-977D-48E2-814F-B3A8DC0DCB49}
		{B7ECDE3F-BF41-4981-8038-1DEEC27E66B3} = {B7ECDE3F-BF41-4981-8038-1DEEC27E66B3}
		{BE2EF249-FCCC-46D3-BF77-46BC857057A3} = {BE2EF249-FCCC-46D3-BF77-46BC857057A3}
		{D5F24B13-F8B0-423E-ADA9-5D8440899A37} = {D5F24B13-F8B0-423E-ADA9-5D8440899A37}
		{DBBE01B4-3CFA-485C-A078-6A12ACA7CBA1} = {DBBE01B4-3CFA-485C-A078-6A12ACA7CBA1}
		{DBF599A1-E231-4732-8ABD-299C675E96DE} = {DBF599A1-E231-4732-8ABD-299C675E96DE}
		{E3CEA4DF-B386-4FEE-9B91-00A53600BDCD} = {E3CEA4DF-B386-4FEE-9B91-00A53600BDCD}
	EndProjectSection
EndProject
Project("{8BC9CEB8-8B4A-11D0-8D11-00A0C91BC942}") = "Testes", "Testes\Testes.vcxproj", "{47850085-4FC2-4B3D-B7E6-A3585E9C2C03}"
EndProject
Global
	GlobalSection(SolutionConfigurationPlatforms) = preSolution
		Debug Release|x64 = Debug Release|x64
		Debug Release|x86 = Debug Release|x86
		Debug|x64 = Debug|x64
		Debug|x86 = Debug|x86
		Release AVX2|x64 = Release AVX2|x64
		Release AVX2|x86 = Release AVX2|x86
		Release SSE2|x64 = Release SSE2|x64
		Release SSE2|x86 = Release SSE2|x86
		Release|x64 = Release|x64
		Release|x86 = Release|x86
	EndGlobalSection
	GlobalSection(ProjectConfigurationPlatforms) = postSolution
		{66BE01AC-472C-469A-A46B-013D914486C6}.Debug Release|x64.ActiveCfg = Debug Release|x64
		{66BE01AC-472C-469A-A46B-013D914486C6}.Debug Release|x64.Build.0 = Debug Release|x64
		{66BE01AC-472C-469A-A46B-013D914486C6}.Debug Release|x86.ActiveCfg = Debug Release|Win32
		{66BE01AC-472C-469A-A46B-013D914486C6}.Debug Release|x86.Build.0 = Debug Release|Win32
		{66BE01AC-472C-469A-A46B-013D914486C6}.Debug|x64.ActiveCfg = Debug|x64
		{66BE01AC-472C-469A-A46B-013D914486C6}.Debug|x64.Build.0 = Debug|x64
		{66BE01AC-472C-469A-A46B-013D914486C6}.Debug|x86.ActiveCfg = Debug|Win32
		{66BE01AC-472C-469A-A46B-013D914486C6}.Debug|x86.Build.0 = Debug|Win32
		{66BE01AC-472C-469A-A46B-013D914486C6}.Release AVX2|x64.ActiveCfg = Release AVX2|x64
		{66BE01AC-472C-469A-A46B-013D914486C6}.Release AVX2|x64.Build.0 = Release AVX2|x64
		{66BE01AC-472C-469A-A46B-013D914486C6}.Release AVX2|x86.ActiveCfg = Release AVX2|Win32
		{66BE01AC-472C-469A-A46B-013D914486C6}.Release AVX2|x86.Build.0 = Release AVX2|Win32
		{66BE01AC-472C-469A-A46B-013D914486C6}.Release SSE2|x64.ActiveCfg = Release SSE2|x64
		{66BE01AC-472C-469A-A46B-013D914486C6}.Release SSE2|x64.Build.0 = Release SSE2|x64
		{66BE01AC-472C-469A-A46B-013D914486C6}.Release SSE2|x86.ActiveCfg = Release SSE2|Win32
		{66BE01AC-472C-469A-A46B-013D914486C6}.Release SSE2|x86.Build.0 = Release SSE2|Win32
		{66BE01AC-472C-469A-A46B-013D914486C6}.Release|x64.ActiveCfg = Release|x64
		{66BE01AC-472C-469A-A46B-013D914486C6}.Release|x64.Build.0 = Release|x64
		{66BE01AC-472C-469A-A46B-013D914486C6}.Release|x86.ActiveCfg = Release|Win32
		{66BE01AC-472C-469A-A46B-013D914486C6}.Release|x86.Build.0 = Release|Win32
		{807A146F-6855-4DAB-B922-A62DFF0B2DB5}.Debug Release|x64.ActiveCfg = Debug Release|x64
		{807A146F-6855-4DAB-B922-A62DFF0B2DB5}.Debug Release|x64.Build.0 = Debug Release|x64
		{807A146F-6855-4DAB-B922-A62DFF0B2DB5}.Debug Release|x86.ActiveCfg = Debug Release|Win32
		{807A146F-6855-4DAB-B922-A62DFF0B2DB5}.Debug Release|x86.Build.0 = Debug Release|Win32
		{807A146F-6855-4DAB-B922-A62DFF0B2DB5}.Debug|x64.ActiveCfg = Debug|x64
		{807A146F-6855-4DAB-B922-A62DFF0B2DB5}.Debug|x64.Build.0 = Debug|x64
		{807A146F-6855-4DAB-B922-A62DFF0B2DB5}.Debug|x86.ActiveCfg = Debug|Win32
		{807A146F-6855-4DAB-B922-A62DFF0B2DB5}.Debug|x86.Build.0 = Debug|Win32
		{807A146F-6855-4DAB-B922-A62DFF0B2DB5}.Release AVX2|x64.ActiveCfg = Release AVX2|x64
		{807A146F-6855-4DAB-B922-A62DFF0B2DB5}.Release AVX2|x64.Build.0 = Release AVX2|x64
		{807A146F-6855-4DAB-B922-A62DFF0B2DB5}.Release AVX2|x86.ActiveCfg = Release AVX2|Win32
		{807A146F-6855-4DAB-B922-A62DFF0B2DB5}.Release AVX2|x86.Build.0 = Release AVX2|Win32
		{807A146F-6855-4DAB-B922-A62DFF0B2DB5}.Release SSE2|x64.ActiveCfg = Release SSE2|x64
		{807A146F-6855-4DAB-B922-A62DFF0B2DB5}.Release SSE2|x64.Build.0 = Release SSE2|x64
		{807A146F-6855-4DAB-B922-A62DFF0B2DB5}.Release SSE2|x86.ActiveCfg = Release SSE2|Win32
		{807A146F-6855-4DAB-B922-A62DFF0B2DB5}.Release SSE2|x86.Build.0 = Release SSE2|Win32
		{807A146F-6855-4DAB-B922-A62DFF0B2DB5}.Release|x64.ActiveCfg = Release|x64
		{807A146F-6855-4DAB-B922-A62DFF0B2DB5}.Release|x64.Build.0 = Release|x64
		{807A146F-6855-4DAB-B922-A62DFF0B2DB5}.Release|x86.ActiveCfg = Release|Win32
		{807A146F-6855-4DAB-B922-A62DFF0B2DB5}.Release|x86.Build.0 = Release|Win32
		{31D40D28-F268-4F49-9728-94AA21D112F1}.Debug Release|x64.ActiveCfg = Debug Release|x64
		{31D40D28-F268-4F49-9728-94AA21D112F1}.Debug Release|x64.Build.0 = Debug Release|x64
		{31D40D28-F268-4F49-9728-94AA21D112F1}.Debug Release|x86.ActiveCfg = Debug Release|Win32
		{31D40D28-F268-4F49-9728-94AA21D112F1}.Debug Release|x86.Build.0 = Debug Release|Win32
		{31D40D28-F268-4F49-9728-94AA21D112F1}.Debug|x64.ActiveCfg = Debug|x64
		{31D40D28-F268-4F49-9728-94AA21D112F1}.Debug|x64.Build.0 = Debug|x64
		{31D40D28-F268-4F49-9728-94AA21D112F1}.Debug|x86.ActiveCfg = Debug|Win32
		{31D40D28-F268-4F49-9728-94AA21D112F1}.Debug|x86.Build.0 = Debug|Win32
		{31D40D28-F268-4F49-9728-94AA21D112F1}.Release AVX2|x64.ActiveCfg = Release AVX2|x64
		{31D40D28-F268-4F49-9728-94AA21D112F1}.Release AVX2|x64.Build.0 = Release AVX2|x64
		{31D40D28-F268-4F49-9728-94AA21D112F1}.Release AVX2|x86.ActiveCfg = Release AVX2|Win32
		{31D40D28-F268-4F49-9728-94AA21D112F1}.Release AVX2|x86.Build.0 = Release AVX2|Win32
		{31D40D28-F268-4F49-9728-94AA21D112F1}.Release SSE2|x64.ActiveCfg = Release SSE2|x64
		{31D40D28-F268-4F49-9728-94AA21D112F1}.Release SSE2|x64.Build.0 = Release SSE2|x64
		{31D40D28-F268-4F49-9728-94AA21D112F1}.Release SSE2|x86.ActiveCfg = Release SSE2|Win32
		{31D40D28-F268-4F49-9728-94AA21D112F1}.Release SSE2|x86.Build.0 = Release SSE2|Win32
		{31D40D28-F268-4F49-9728-94AA21D112F1}.Release|x64.ActiveCfg = Release|x64
		{31D40D28-F268-4F49-9728-94AA21D112F1}.Release|x64.Build.0 = Release|x64
		{31D40D28-F268-4F49-9728-94AA21D112F1}.Release|x86.ActiveCfg = Release|Win32
		{31D40D28-F268-4F49-9728-94AA21D112F1}.Release|x86.Build.0 = Release|Win32
		{B16742CD-D4C5-43B3-BC0A-2FBD84C09CAA}.Debug Release|x64.ActiveCfg = Debug Release|x64
		{B16742CD-D4C5-43B3-BC0A-2FBD84C09CAA}.Debug Release|x64.Build.0 = Debug Release|x64
		{B16742CD-D4C5-43B3-BC0A-2FBD84C09CAA}.Debug Release|x86.ActiveCfg = Debug Release|Win32
		{B16742CD-D4C5-43B3-BC0A-2FBD84C09CAA}.Debug Release|x86.Build.0 = Debug Release|Win32
		{B16742CD-D4C5-43B3-BC0A-2FBD84C09CAA}.Debug|x64.ActiveCfg = Debug|x64
		{B16742CD-D4C5-43B3-BC0A-2FBD84C09CAA}.Debug|x64.Build.0 = Debug|x64
		{B16742CD-D4C5-43B3-BC0A-2FBD84C09CAA}.Debug|x86.ActiveCfg = Debug|Win32
		{B16742CD-D4C5-43B3-BC0A-2FBD84C09CAA}.Debug|x86.Build.0 = Debug|Win32
		{B16742CD-D4C5-43B3-BC0A-2FBD84C09CAA}.Release AVX2|x64.ActiveCfg = Release AVX2|x64
		{B16742CD-D4C5-43B3-BC0A-2FBD84C09CAA}.Release AVX2|x64.Build.0 = Release AVX2|x64
		{B16742CD-D4C5-43B3-BC0A-2FBD84C09CAA}.Release AVX2|x86.ActiveCfg = Release AVX2|Win32
		{B16742CD-D4C5-43B3-BC0A-2FBD84C09CAA}.Release AVX2|x86.Build.0 = Release AVX2|Win32
		{B16742CD-D4C5-43B3-BC0A-2FBD84C09CAA}.Release SSE2|x64.ActiveCfg = Release SSE2|x64
		{B16742CD-D4C5-43B3-BC0A-2FBD84C09CAA}.Release SSE2|x64.Build.0 = Release SSE2|x64
		{B16742CD-D4C5-43B3-BC0A-2FBD84C09CAA}.Release SSE2|x86.ActiveCfg = Release SSE2|Win32
		{B16742CD-D4C5-43B3-BC0A-2FBD84C09CAA}.Release SSE2|x86.Build.0 = Release SSE2|Win32
		{B16742CD-D4C5-43B3-BC0A-2FBD84C09CAA}.Release|x64.ActiveCfg = Release|x64
		{B16742CD-D4C5-43B3-BC0A-2FBD84C09CAA}.Release|x64.Build.0 = Release|x64
		{B16742CD-D4C5-43B3-BC0A-2FBD84C09CAA}.Release|x86.ActiveCfg = Release|Win32
		{B16742CD-D4C5-43B3-BC0A-2FBD84C09CAA}.Release|x86.Build.0 = Release|Win32
		{DBF599A1-E231-4732-8ABD-299C675E96DE}.Debug Release|x64.ActiveCfg = Debug Release|x64
		{DBF599A1-E231-4732-8ABD-299C675E96DE}.Debug Release|x64.Build.0 = Debug Release|x64
		{DBF599A1-E231-4732-8ABD-299C675E96DE}.Debug Release|x86.ActiveCfg = Debug Release|Win32
		{DBF599A1-E231-4732-8ABD-299C675E96DE}.Debug Release|x86.Build.0 = Debug Release|Win32
		{DBF599A1-E231-4732-8ABD-299C675E96DE}.Debug|x64.ActiveCfg = Debug|x64
		{DBF599A1-E231-4732-8ABD-299C675E96DE}.Debug|x64.Build.0 = Debug|x64
		{DBF599A1-E231-4732-8ABD-299C675E96DE}.Debug|x86.ActiveCfg = Debug|Win32
		{DBF599A1-E231-4732-8ABD-299C675E96DE}.Debug|x86.Build.0 = Debug|Win32
		{DBF599A1-E231-4732-8ABD-299C675E96DE}.Release AVX2|x64.ActiveCfg = Release AVX2|x64
		{DBF599A1-E231-4732-8ABD-299C675E96DE}.Release AVX2|x64.Build.0 = Release AVX2|x64
		{DBF599A1-E231-4732-8ABD-299C675E96DE}.Release AVX2|x86.ActiveCfg = Release AVX2|Win32
		{DBF599A1-E231-4732-8ABD-299C675E96DE}.Release AVX2|x86.Build.0 = Release AVX2|Win32
		{DBF599A1-E231-4732-8ABD-299C675E96DE}.Release SSE2|x64.ActiveCfg = Release SSE2|x64
		{DBF599A1-E231-4732-8ABD-299C675E96DE}.Release SSE2|x64.Build.0 = Release SSE2|x64
		{DBF599A1-E231-4732-8ABD-299C675E96DE}.Release SSE2|x86.ActiveCfg = Release SSE2|Win32
		{DBF599A1-E231-4732-8ABD-299C675E96DE}.Release SSE2|x86.Build.0 = Release SSE2|Win32
		{DBF599A1-E231-4732-8ABD-299C675E96DE}.Release|x64.ActiveCfg = Release|x64
		{DBF599A1-E231-4732-8ABD-299C675E96DE}.Release|x64.Build.0 = Release|x64
		{DBF599A1-E231-4732-8ABD-299C675E96DE}.Release|x86.ActiveCfg = Release|Win32
		{DBF599A1-E231-4732-8ABD-299C675E96DE}.Release|x86.Build.0 = Release|Win32
		{5363C516-C601-43E1-94FB-5575966128A8}.Debug Release|x64.ActiveCfg = Debug Release|x64
		{5363C516-C601-43E1-94FB-5575966128A8}.Debug Release|x64.Build.0 = Debug Release|x64
		{5363C516-C601-43E1-94FB-5575966128A8}.Debug Release|x86.ActiveCfg = Debug Release|Win32
		{5363C516-C601-43E1-94FB-5575966128A8}.Debug Release|x86.Build.0 = Debug Release|Win32
		{5363C516-C601-43E1-94FB-5575966128A8}.Debug|x64.ActiveCfg = Debug|x64
		{5363C516-C601-43E1-94FB-5575966128A8}.Debug|x64.Build.0 = Debug|x64
		{5363C516-C601-43E1-94FB-5575966128A8}.Debug|x86.ActiveCfg = Debug|Win32
		{5363C516-C601-43E1-94FB-5575966128A8}.Debug|x86.Build.0 = Debug|Win32
		{5363C516-C601-43E1-94FB-5575966128A8}.Release AVX2|x64.ActiveCfg = Release AVX2|x64
		{5363C516-C601-43E1-94FB-5575966128A8}.Release AVX2|x64.Build.0 = Release AVX2|x64
		{5363C516-C601-43E1-94FB-5575966128A8}.Release AVX2|x86.ActiveCfg = Release AVX2|Win32
		{5363C516-C601-43E1-94FB-5575966128A8}.Release AVX2|x86.Build.0 = Release AVX2|Win32
		{5363C516-C601-43E1-94FB-5575966128A8}.Release SSE2|x64.ActiveCfg = Release SSE2|x64
		{5363C516-C601-43E1-94FB-5575966128A8}.Release SSE2|x64.Build.0 = Release SSE2|x64
		{5363C516-C601-43E1-94FB-5575966128A8}.Release SSE2|x86.ActiveCfg = Release SSE2|Win32
		{5363C516-C601-43E1-94FB-5575966128A8}.Release SSE2|x86.Build.0 = Release SSE2|Win32
		{5363C516-C601-43E1-94FB-5575966128A8}.Release|x64.ActiveCfg = Release|x64
		{5363C516-C601-43E1-94FB-5575966128A8}.Release|x64.Build.0 = Release|x64
		{5363C516-C601-43E1-94FB-5575966128A8}.Release|x86.ActiveCfg = Release|Win32
		{5363C516-C601-43E1-94FB-5575966128A8}.Release|x86.Build.0 = Release|Win32
		{270DB051-26B2-4512-9CE4-7DE022EA5710}.Debug Release|x64.ActiveCfg = Debug Release|x64
		{270DB051-26B2-4512-9CE4-7DE022EA5710}.Debug Release|x64.Build.0 = Debug Release|x64
		{270DB051-26B2-4512-9CE4-7DE022EA5710}.Debug Release|x86.ActiveCfg = Debug Release|Win32
		{270DB051-26B2-4512-9CE4-7DE022EA5710}.Debug Release|x86.Build.0 = Debug Release|Win32
		{270DB051-26B2-4512-9CE4-7DE022EA5710}.Debug|x64.ActiveCfg = Debug|x64
		{270DB051-26B2-4512-9CE4-7DE022EA5710}.Debug|x64.Build.0 = Debug|x64
		{270DB051-26B2-4512-9CE4-7DE022EA5710}.Debug|x86.ActiveCfg = Debug|Win32
		{270DB051-26B2-4512-9CE4-7DE022EA5710}.Debug|x86.Build.0 = Debug|Win32
		{270DB051-26B2-4512-9CE4-7DE022EA5710}.Release AVX2|x64.ActiveCfg = Release AVX2|x64
		{270DB051-26B2-4512-9CE4-7DE022EA5710}.Release AVX2|x64.Build.0 = Release AVX2|x64
		{270DB051-26B2-4512-9CE4-7DE022EA5710}.Release AVX2|x86.ActiveCfg = Release AVX2|Win32
		{270DB051-26B2-4512-9CE4-7DE022EA5710}.Release AVX2|x86.Build.0 = Release AVX2|Win32
		{270DB051-26B2-4512-9CE4-7DE022EA5710}.Release SSE2|x64.ActiveCfg = Release SSE2|x64
		{270DB051-26B2-4512-9CE4-7DE022EA5710}.Release SSE2|x64.Build.0 = Release SSE2|x64
		{270DB051-26B2-4512-9CE4-7DE022EA5710}.Release SSE2|x86.ActiveCfg = Release SSE2|Win32
		{270DB051-26B2-4512-9CE4-7DE022EA5710}.Release SSE2|x86.Build.0 = Release SSE2|Win32
		{270DB051-26B2-4512-9CE4-7DE022EA5710}.Release|x64.ActiveCfg = Release|x64
		{270DB051-26B2-4512-9CE4-7DE022EA5710}.Release|x64.Build.0 = Release|x64
		{270DB051-26B2-4512-9CE4-7DE022EA5710}.Release|x86.ActiveCfg = Release|Win32
		{270DB051-26B2-4512-9CE4-7DE022EA5710}.Release|x86.Build.0 = Release|Win32
		{4003FAB0-5CF4-4586-A5D7-CD8B77108B0F}.Debug Release|x64.ActiveCfg = Debug Release|x64
		{4003FAB0-5CF4-4586-A5D7-CD8B77108B0F}.Debug Release|x64.Build.0 = Debug Release|x64
		{4003FAB0-5CF4-4586-A5D7-CD8B77108B0F}.Debug Release|x86.ActiveCfg = Debug Release|Win32
		{4003FAB0-5CF4-4586-A5D7-CD8B77108B0F}.Debug Release|x86.Build.0 = Debug Release|Win32
		{4003FAB0-5CF4-4586-A5D7-CD8B77108B0F}.Debug|x64.ActiveCfg = Debug|x64
		{4003FAB0-5CF4-4586-A5D7-CD8B77108B0F}.Debug|x64.Build.0 = Debug|x64
		{4003FAB0-5CF4-4586-A5D7-CD8B77108B0F}.Debug|x86.ActiveCfg = Debug|Win32
		{4003FAB0-5CF4-4586-A5D7-CD8B77108B0F}.Debug|x86.Build.0 = Debug|Win32
		{4003FAB0-5CF4-4586-A5D7-CD8B77108B0F}.Release AVX2|x64.ActiveCfg = Release AVX2|x64
		{4003FAB0-5CF4-4586-A5D7-CD8B77108B0F}.Release AVX2|x64.Build.0 = Release AVX2|x64
		{4003FAB0-5CF4-4586-A5D7-CD8B77108B0F}.Release AVX2|x86.ActiveCfg = Release AVX2|Win32
		{4003FAB0-5CF4-4586-A5D7-CD8B77108B0F}.Release AVX2|x86.Build.0 = Release AVX2|Win32
		{4003FAB0-5CF4-4586-A5D7-CD8B77108B0F}.Release SSE2|x64.ActiveCfg = Release SSE2|x64
		{4003FAB0-5CF4-4586-A5D7-CD8B77108B0F}.Release SSE2|x64.Build.0 = Release SSE2|x64
		{4003FAB0-5CF4-4586-A5D7-CD8B77108B0F}.Release SSE2|x86.ActiveCfg = Release SSE2|Win32
		{4003FAB0-5CF4-4586-A5D7-CD8B77108B0F}.Release SSE2|x86.Build.0 = Release SSE2|Win32
		{4003FAB0-5CF4-4586-A5D7-CD8B77108B0F}.Release|x64.ActiveCfg = Release|x64
		{4003FAB0-5CF4-4586-A5D7-CD8B77108B0F}.Release|x64.Build.0 = Release|x64
		{4003FAB0-5CF4-4586-A5D7-CD8B77108B0F}.Release|x86.ActiveCfg = Release|Win32
		{4003FAB0-5CF4-4586-A5D7-CD8B77108B0F}.Release|x86.Build.0 = Release|Win32
		{E3CEA4DF-B386-4FEE-9B91-00A53600BDCD}.Debug Release|x64.ActiveCfg = Debug Release|x64
		{E3CEA4DF-B386-4FEE-9B91-00A53600BDCD}.Debug Release|x64.Build.0 = Debug Release|x64
		{E3CEA4DF-B386-4FEE-9B91-00A53600BDCD}.Debug Release|x86.ActiveCfg = Debug Release|Win32
		{E3CEA4DF-B386-4FEE-9B91-00A53600BDCD}.Debug Release|x86.Build.0 = Debug Release|Win32
		{E3CEA4DF-B386-4FEE-9B91-00A53600BDCD}.Debug|x64.ActiveCfg = Debug|x64
		{E3CEA4DF-B386-4FEE-9B91-00A53600BDCD}.Debug|x64.Build.0 = Debug|x64
		{E3CEA4DF-B386-4FEE-9B91-00A53600BDCD}.Debug|x86.ActiveCfg = Debug|Win32
		{E3CEA4DF-B386-4FEE-9B91-00A53600BDCD}.Debug|x86.Build.0 = Debug|Win32
		{E3CEA4DF-B386-4FEE-9B91-00A53600BDCD}.Release AVX2|x64.ActiveCfg = Release AVX2|x64
		{E3CEA4DF-B386-4FEE-9B91-00A53600BDCD}.Release AVX2|x64.Build.0 = Release AVX2|x64
		{E3CEA4DF-B386-4FEE-9B91-00A53600BDCD}.Release AVX2|x86.ActiveCfg = Release AVX2|Win32
		{E3CEA4DF-B386-4FEE-9B91-00A53600BDCD}.Release AVX2|x86.Build.0 = Release AVX2|Win32
		{E3CEA4DF-B386-4FEE-9B91-00A53600BDCD}.Release SSE2|x64.ActiveCfg = Release SSE2|x64
		{E3CEA4DF-B386-4FEE-9B91-00A53600BDCD}.Release SSE2|x64.Build.0 = Release SSE2|x64
		{E3CEA4DF-B386-4FEE-9B91-00A53600BDCD}.Release SSE2|x86.ActiveCfg = Release SSE2|Win32
		{E3CEA4DF-B386-4FEE-9B91-00A53600BDCD}.Release SSE2|x86.Build.0 = Release SSE2|Win32
		{E3CEA4DF-B386-4FEE-9B91-00A53600BDCD}.Release|x64.ActiveCfg = Release|x64
		{E3CEA4DF-B386-4FEE-9B91-00A53600BDCD}.Release|x64.Build.0 = Release|x64
		{E3CEA4DF-B386-4FEE-9B91-00A53600BDCD}.Release|x86.ActiveCfg = Release|Win32
		{E3CEA4DF-B386-4FEE-9B91-00A53600BDCD}.Release|x86.Build.0 = Release|Win32
		{B7ECDE3F-BF41-4981-8038-1DEEC27E66B3}.Debug Release|x64.ActiveCfg = Debug Release|x64
		{B7ECDE3F-BF41-4981-8038-1DEEC27E66B3}.Debug Release|x64.Build.0 = Debug Release|x64
		{B7ECDE3F-BF41-4981-8038-1DEEC27E66B3}.Debug Release|x86.ActiveCfg = Debug Release|Win32
		{B7ECDE3F-BF41-4981-8038-1DEEC27E66B3}.Debug Release|x86.Build.0 = Debug Release|Win32
		{B7ECDE3F-BF41-4981-8038-1DEEC27E66B3}.Debug|x64.ActiveCfg = Debug|x64
		{B7ECDE3F-BF41-4981-8038-1DEEC27E66B3}.Debug|x64.Build.0 = Debug|x64
		{B7ECDE3F-BF41-4981-8038-1DEEC27E66B3}.Debug|x86.ActiveCfg = Debug|Win32
		{B7ECDE3F-BF41-4981-8038-1DEEC27E66B3}.Debug|x86.Build.0 = Debug|Win32
		{B7ECDE3F-BF41-4981-8038-1DEEC27E66B3}.Release AVX2|x64.ActiveCfg = Release AVX2|x64
		{B7ECDE3F-BF41-4981-8038-1DEEC27E66B3}.Release AVX2|x64.Build.0 = Release AVX2|x64
		{B7ECDE3F-BF41-4981-8038-1DEEC27E66B3}.Release AVX2|x86.ActiveCfg = Release AVX2|Win32
		{B7ECDE3F-BF41-4981-8038-1DEEC27E66B3}.Release AVX2|x86.Build.0 = Release AVX2|Win32
		{B7ECDE3F-BF41-4981-8038-1DEEC27E66B3}.Release SSE2|x64.ActiveCfg = Release SSE2|x64
		{B7ECDE3F-BF41-4981-8038-1DEEC27E66B3}.Release SSE2|x64.Build.0 = Release SSE2|x64
		{B7ECDE3F-BF41-4981-8038-1DEEC27E66B3}.Release SSE2|x86.ActiveCfg = Release SSE2|Win32
		{B7ECDE3F-BF41-4981-8038-1DEEC27E66B3}.Release SSE2|x86.Build.0 = Release SSE2|Win32
		{B7ECDE3F-BF41-4981-8038-1DEEC27E66B3}.Release|x64.ActiveCfg = Release|x64
		{B7ECDE3F-BF41-4981-8038-1DEEC27E66B3}.Release|x64.Build.0 = Release|x64
		{B7ECDE3F-BF41-4981-8038-1DEEC27E66B3}.Release|x86.ActiveCfg = Release|Win32
		{B7ECDE3F-BF41-4981-8038-1DEEC27E66B3}.Release|x86.Build.0 = Release|Win32
		{DBBE01B4-3CFA-485C-A078-6A12ACA7CBA1}.Debug Release|x64.ActiveCfg = Debug Release|x64
		{DBBE01B4-3CFA-485C-A078-6A12ACA7CBA1}.Debug Release|x64.Build.0 = Debug Release|x64
		{DBBE01B4-3CFA-485C-A078-6A12ACA7CBA1}.Debug Release|x86.ActiveCfg = Debug Release|Win32
		{DBBE01B4-3CFA-485C-A078-6A12ACA7CBA1}.Debug Release|x86.Build.0 = Debug Release|Win32
		{DBBE01B4-3CFA-485C-A078-6A12ACA7CBA1}.Debug|x64.ActiveCfg = Debug|x64
		{DBBE01B4-3CFA-485C-A078-6A12ACA7CBA1}.Debug|x64.Build.0 = Debug|x64
		{DBBE01B4-3CFA-485C-A078-6A12ACA7CBA1}.Debug|x86.ActiveCfg = Debug|Win32
		{DBBE01B4-3CFA-485C-A078-6A12ACA7CBA1}.Debug|x86.Build.0 = Debug|Win32
		{DBBE01B4-3CFA-485C-A078-6A12ACA7CBA1}.Release AVX2|x64.ActiveCfg = Release AVX2|x64
		{DBBE01B4-3CFA-485C-A078-6A12ACA7CBA1}.Release AVX2|x64.Build.0 = Release AVX2|x64
		{DBBE01B4-3CFA-485C-A078-6A12ACA7CBA1}.Release AVX2|x86.ActiveCfg = Release AVX2|Win32
		{DBBE01B4-3CFA-485C-A078-6A12ACA7CBA1}.Release AVX2|x86.Build.0 = Release AVX2|Win32
		{DBBE01B4-3CFA-485C-A078-6A12ACA7CBA1}.Release SSE2|x64.ActiveCfg = Release SSE2|x64
		{DBBE01B4-3CFA-485C-A078-6A12ACA7CBA1}.Release SSE2|x64.Build.0 = Release SSE2|x64
		{DBBE01B4-3CFA-485C-A078-6A12ACA7CBA1}.Release SSE2|x86.ActiveCfg = Release SSE2|Win32
		{DBBE01B4-3CFA-485C-A078-6A12ACA7CBA1}.Release SSE2|x86.Build.0 = Release SSE2|Win32
		{DBBE01B4-3CFA-485C-A078-6A12ACA7CBA1}.Release|x64.ActiveCfg = Release|x64
		{DBBE01B4-3CFA-485C-A078-6A12ACA7CBA1}.Release|x64.Build.0 = Release|x64
		{DBBE01B4-3CFA-485C-A078-6A12ACA7CBA1}.Release|x86.ActiveCfg = Release|Win32
		{DBBE01B4-3CFA-485C-A078-6A12ACA7CBA1}.Release|x86.Build.0 = Release|Win32
		{ACA3CB5B-9C0F-4FB9-9B4A-26AC92FD8C16}.Debug Release|x64.ActiveCfg = Debug Release|x64
		{ACA3CB5B-9C0F-4FB9-9B4A-26AC92FD8C16}.Debug Release|x64.Build.0 = Debug Release|x64
		{ACA3CB5B-9C0F-4FB9-9B4A-26AC92FD8C16}.Debug Release|x86.ActiveCfg = Debug Release|Win32
		{ACA3CB5B-9C0F-4FB9-9B4A-26AC92FD8C16}.Debug Release|x86.Build.0 = Debug Release|Win32
		{ACA3CB5B-9C0F-4FB9-9B4A-26AC92FD8C16}.Debug|x64.ActiveCfg = Debug|x64
		{ACA3CB5B-9C0F-4FB9-9B4A-26AC92FD8C16}.Debug|x64.Build.0 = Debug|x64
		{ACA3CB5B-9C0F-4FB9-9B4A-26AC92FD8C16}.Debug|x86.ActiveCfg = Debug|Win32
		{ACA3CB5B-9C0F-4FB9-9B4A-26AC92FD8C16}.Debug|x86.Build.0 = Debug|Win32
		{ACA3CB5B-9C0F-4FB9-9B4A-26AC92FD8C16}.Release AVX2|x64.ActiveCfg = Release AVX2|x64
		{ACA3CB5B-9C0F-4FB9-9B4A-26AC92FD8C16}.Release AVX2|x64.Build.0 = Release AVX2|x64
		{ACA3CB5B-9C0F-4FB9-9B4A-26AC92FD8C16}.Release AVX2|x86.ActiveCfg = Release AVX2|Win32
		{ACA3CB5B-9C0F-4FB9-9B4A-26AC92FD8C16}.Release AVX2|x86.Build.0 = Release AVX2|Win32
		{ACA3CB5B-9C0F-4FB9-9B4A-26AC92FD8C16}.Release SSE2|x64.ActiveCfg = Release SSE2|x64
		{ACA3CB5B-9C0F-4FB9-9B4A-26AC92FD8C16}.Release SSE2|x64.Build.0 = Release SSE2|x64
		{ACA3CB5B-9C0F-4FB9-9B4A-26AC92FD8C16}.Release SSE2|x86.ActiveCfg = Release SSE2|Win32
		{ACA3CB5B-9C0F-4FB9-9B4A-26AC92FD8C16}.Release SSE2|x86.Build.0 = Release SSE2|Win32
		{ACA3CB5B-9C0F-4FB9-9B4A-26AC92FD8C16}.Release|x64.ActiveCfg = Release|x64
		{ACA3CB5B-9C0F-4FB9-9B4A-26AC92FD8C16}.Release|x64.Build.0 = Release|x64
		{ACA3CB5B-9C0F-4FB9-9B4A-26AC92FD8C16}.Release|x86.ActiveCfg = Release|Win32
		{ACA3CB5B-9C0F-4FB9-9B4A-26AC92FD8C16}.Release|x86.Build.0 = Release|Win32
		{84FE28D1-8893-40EB-82ED-46551445CC4B}.Debug Release|x64.ActiveCfg = Debug Release|x64
		{84FE28D1-8893-40EB-82ED-46551445CC4B}.Debug Release|x64.Build.0 = Debug Release|x64
		{84FE28D1-8893-40EB-82ED-46551445CC4B}.Debug Release|x86.ActiveCfg = Debug Release|Win32
		{84FE28D1-8893-40EB-82ED-46551445CC4B}.Debug Release|x86.Build.0 = Debug Release|Win32
		{84FE28D1-8893-40EB-82ED-46551445CC4B}.Debug|x64.ActiveCfg = Debug|x64
		{84FE28D1-8893-40EB-82ED-46551445CC4B}.Debug|x64.Build.0 = Debug|x64
		{84FE28D1-8893-40EB-82ED-46551445CC4B}.Debug|x86.ActiveCfg = Debug|Win32
		{84FE28D1-8893-40EB-82ED-46551445CC4B}.Debug|x86.Build.0 = Debug|Win32
		{84FE28D1-8893-40EB-82ED-46551445CC4B}.Release AVX2|x64.ActiveCfg = Release AVX2|x64
		{84FE28D1-8893-40EB-82ED-46551445CC4B}.Release AVX2|x64.Build.0 = Release AVX2|x64
		{84FE28D1-8893-40EB-82ED-46551445CC4B}.Release AVX2|x86.ActiveCfg = Release AVX2|Win32
		{84FE28D1-8893-40EB-82ED-46551445CC4B}.Release AVX2|x86.Build.0 = Release AVX2|Win32
		{84FE28D1-8893-40EB-82ED-46551445CC4B}.Release SSE2|x64.ActiveCfg = Release SSE2|x64
		{84FE28D1-8893-40EB-82ED-46551445CC4B}.Release SSE2|x64.Build.0 = Release SSE2|x64
		{84FE28D1-8893-40EB-82ED-46551445CC4B}.Release SSE2|x86.ActiveCfg = Release SSE2|Win32
		{84FE28D1-8893-40EB-82ED-46551445CC4B}.Release SSE2|x86.Build.0 = Release SSE2|Win32
		{84FE28D1-8893-40EB-82ED-46551445CC4B}.Release|x64.ActiveCfg = Release|x64
		{84FE28D1-8893-40EB-82ED-46551445CC4B}.Release|x64.Build.0 = Release|x64
		{84FE28D1-8893-40EB-82ED-46551445CC4B}.Release|x86.ActiveCfg = Release|Win32
		{84FE28D1-8893-40EB-82ED-46551445CC4B}.Release|x86.Build.0 = Release|Win32
		{D5F24B13-F8B0-423E-ADA9-5D8440899A37}.Debug Release|x64.ActiveCfg = Debug Release|x64
		{D5F24B13-F8B0-423E-ADA9-5D8440899A37}.Debug Release|x64.Build.0 = Debug Release|x64
		{D5F24B13-F8B0-423E-ADA9-5D8440899A37}.Debug Release|x86.ActiveCfg = Debug Release|Win32
		{D5F24B13-F8B0-423E-ADA9-5D8440899A37}.Debug Release|x86.Build.0 = Debug Release|Win32
		{D5F24B13-F8B0-423E-ADA9-5D8440899A37}.Debug|x64.ActiveCfg = Debug|x64
		{D5F24B13-F8B0-423E-ADA9-5D8440899A37}.Debug|x64.Build.0 = Debug|x64
		{D5F24B13-F8B0-423E-ADA9-5D8440899A37}.Debug|x86.ActiveCfg = Debug|Win32
		{D5F24B13-F8B0-423E-ADA9-5D8440899A37}.Debug|x86.Build.0 = Debug|Win32
		{D5F24B13-F8B0-423E-ADA9-5D8440899A37}.Release AVX2|x64.ActiveCfg = Release AVX2|x64
		{D5F24B13-F8B0-423E-ADA9-5D8440899A37}.Release AVX2|x64.Build.0 = Release AVX2|x64
		{D5F24B13-F8B0-423E-ADA9-5D8440899A37}.Release AVX2|x86.ActiveCfg = Release AVX2|Win32
		{D5F24B13-F8B0-423E-ADA9-5D8440899A37}.Release AVX2|x86.Build.0 = Release AVX2|Win32
		{D5F24B13-F8B0-423E-ADA9-5D8440899A37}.Release SSE2|x64.ActiveCfg = Release SSE2|x64
		{D5F24B13-F8B0-423E-ADA9-5D8440899A37}.Release SSE2|x64.Build.0 = Release SSE2|x64
		{D5F24B13-F8B0-423E-ADA9-5D8440899A37}.Release SSE2|x86.ActiveCfg = Release SSE2|Win32
		{D5F24B13-F8B0-423E-ADA9-5D8440899A37}.Release SSE2|x86.Build.0 = Release SSE2|Win32
		{D5F24B13-F8B0-423E-ADA9-5D8440899A37}.Release|x64.ActiveCfg = Release|x64
		{D5F24B13-F8B0-423E-ADA9-5D8440899A37}.Release|x64.Build.0 = Release|x64
		{D5F24B13-F8B0-423E-ADA9-5D8440899A37}.Release|x86.ActiveCfg = Release|Win32
		{D5F24B13-F8B0-423E-ADA9-5D8440899A37}.Release|x86.Build.0 = Release|Win32
		{117B3B39-8258-4CD2-AFE5-C3A30DE95203}.Debug Release|x64.ActiveCfg = Debug Release|x64
		{117B3B39-8258-4CD2-AFE5-C3A30DE95203}.Debug Release|x64.Build.0 = Debug Release|x64
		{117B3B39-8258-4CD2-AFE5-C3A30DE95203}.Debug Release|x86.ActiveCfg = Debug Release|Win32
		{117B3B39-8258-4CD2-AFE5-C3A30DE95203}.Debug Release|x86.Build.0 = Debug Release|Win32
		{117B3B39-8258-4CD2-AFE5-C3A30DE95203}.Debug|x64.ActiveCfg = Debug|x64
		{117B3B39-8258-4CD2-AFE5-C3A30DE95203}.Debug|x64.Build.0 = Debug|x64
		{117B3B39-8258-4CD2-AFE5-C3A30DE95203}.Debug|x86.ActiveCfg = Debug|Win32
		{117B3B39-8258-4CD2-AFE5-C3A30DE95203}.Debug|x86.Build.0 = Debug|Win32
		{117B3B39-8258-4CD2-AFE5-C3A30DE95203}.Release AVX2|x64.ActiveCfg = Release AVX2|x64
		{117B3B39-8258-4CD2-AFE5-C3A30DE95203}.Release AVX2|x64.Build.0 = Release AVX2|x64
		{117B3B39-8258-4CD2-AFE5-C3A30DE95203}.Release AVX2|x86.ActiveCfg = Release AVX2|Win32
		{117B3B39-8258-4CD2-AFE5-C3A30DE95203}.Release AVX2|x86.Build.0 = Release AVX2|Win32
		{117B3B39-8258-4CD2-AFE5-C3A30DE95203}.Release SSE2|x64.ActiveCfg = Release SSE2|x64
		{117B3B39-8258-4CD2-AFE5-C3A30DE95203}.Release SSE2|x64.Build.0 = Release SSE2|x64
		{117B3B39-8258-4CD2-AFE5-C3A30DE95203}.Release SSE2|x86.ActiveCfg = Release SSE2|Win32
		{117B3B39-8258-4CD2-AFE5-C3A30DE95203}.Release SSE2|x86.Build.0 = Release SSE2|Win32
		{117B3B39-8258-4CD2-AFE5-C3A30DE95203}.Release|x64.ActiveCfg = Release|x64
		{117B3B39-8258-4CD2-AFE5-C3A30DE95203}.Release|x64.Build.0 = Release|x64
		{117B3B39-8258-4CD2-AFE5-C3A30DE95203}.Release|x86.ActiveCfg = Release|Win32
		{117B3B39-8258-4CD2-AFE5-C3A30DE95203}.Release|x86.Build.0 = Release|Win32
		{AC494EC9-67A7-47AC-829E-085AEBC14582}.Debug Release|x64.ActiveCfg = Debug Release|x64
		{AC494EC9-67A7-47AC-829E-085AEBC14582}.Debug Release|x64.Build.0 = Debug Release|x64
		{AC494EC9-67A7-47AC-829E-085AEBC14582}.Debug Release|x86.ActiveCfg = Debug Release|Win32
		{AC494EC9-67A7-47AC-829E-085AEBC14582}.Debug Release|x86.Build.0 = Debug Release|Win32
		{AC494EC9-67A7-47AC-829E-085AEBC14582}.Debug|x64.ActiveCfg = Debug|x64
		{AC494EC9-67A7-47AC-829E-085AEBC14582}.Debug|x64.Build.0 = Debug|x64
		{AC494EC9-67A7-47AC-829E-085AEBC14582}.Debug|x86.ActiveCfg = Debug|Win32
		{AC494EC9-67A7-47AC-829E-085AEBC14582}.Debug|x86.Build.0 = Debug|Win32
		{AC494EC9-67A7-47AC-829E-085AEBC14582}.Release AVX2|x64.ActiveCfg = Release AVX2|x64
		{AC494EC9-67A7-47AC-829E-085AEBC14582}.Release AVX2|x64.Build.0 = Release AVX2|x64
		{AC494EC9-67A7-47AC-829E-085AEBC14582}.Release AVX2|x86.ActiveCfg = Release AVX2|Win32
		{AC494EC9-67A7-47AC-829E-085AEBC14582}.Release AVX2|x86.Build.0 = Release AVX2|Win32
		{AC494EC9-67A7-47AC-829E-085AEBC14582}.Release SSE2|x64.ActiveCfg = Release SSE2|x64
		{AC494EC9-67A7-47AC-829E-085AEBC14582}.Release SSE2|x64.Build.0 = Release SSE2|x64
		{AC494EC9-67A7-47AC-829E-085AEBC14582}.Release SSE2|x86.ActiveCfg = Release SSE2|Win32
		{AC494EC9-67A7-47AC-829E-085AEBC14582}.Release SSE2|x86.Build.0 = Release SSE2|Win32
		{AC494EC9-67A7-47AC-829E-085AEBC14582}.Release|x64.ActiveCfg = Release|x64
		{AC494EC9-67A7-47AC-829E-085AEBC14582}.Release|x64.Build.0 = Release|x64
		{AC494EC9-67A7-47AC-829E-085AEBC14582}.Release|x86.ActiveCfg = Release|Win32
		{AC494EC9-67A7-47AC-829E-085AEBC14582}.Release|x86.Build.0 = Release|Win32
		{0477ED1A-0547-4380-8DE4-1FF2332F060C}.Debug Release|x64.ActiveCfg = Debug Release|x64
		{0477ED1A-0547-4380-8DE4-1FF2332F060C}.Debug Release|x64.Build.0 = Debug Release|x64
		{0477ED1A-0547-4380-8DE4-1FF2332F060C}.Debug Release|x86.ActiveCfg = Debug Release|Win32
		{0477ED1A-0547-4380-8DE4-1FF2332F060C}.Debug Release|x86.Build.0 = Debug Release|Win32
		{0477ED1A-0547-4380-8DE4-1FF2332F060C}.Debug|x64.ActiveCfg = Debug|x64
		{0477ED1A-0547-4380-8DE4-1FF2332F060C}.Debug|x64.Build.0 = Debug|x64
		{0477ED1A-0547-4380-8DE4-1FF2332F060C}.Debug|x86.ActiveCfg = Debug|Win32
		{0477ED1A-0547-4380-8DE4-1FF2332F060C}.Debug|x86.Build.0 = Debug|Win32
		{0477ED1A-0547-4380-8DE4-1FF2332F060C}.Release AVX2|x64.ActiveCfg = Release AVX2|x64
		{0477ED1A-0547-4380-8DE4-1FF2332F060C}.Release AVX2|x64.Build.0 = Release AVX2|x64
		{0477ED1A-0547-4380-8DE4-1FF2332F060C}.Release AVX2|x86.ActiveCfg = Release AVX2|Win32
		{0477ED1A-0547-4380-8DE4-1FF2332F060C}.Release AVX2|x86.Build.0 = Release AVX2|Win32
		{0477ED1A-0547-4380-8DE4-1FF2332F060C}.Release SSE2|x64.ActiveCfg = Release SSE2|x64
		{0477ED1A-0547-4380-8DE4-1FF2332F060C}.Release SSE2|x64.Build.0 = Release SSE2|x64
		{0477ED1A-0547-4380-8DE4-1FF2332F060C}.Release SSE2|x86.ActiveCfg = Release SSE2|Win32
		{0477ED1A-0547-4380-8DE4-1FF2332F060C}.Release SSE2|x86.Build.0 = Release SSE2|Win32
		{0477ED1A-0547-4380-8DE4-1FF2332F060C}.Release|x64.ActiveCfg = Release|x64
		{0477ED1A-0547-4380-8DE4-1FF2332F060C}.Release|x64.Build.0 = Release|x64
		{0477ED1A-0547-4380-8DE4-1FF2332F060C}.Release|x86.ActiveCfg = Release|Win32
		{0477ED1A-0547-4380-8DE4-1FF2332F060C}.Release|x86.Build.0 = Release|Win32
		{BE2EF249-FCCC-46D3-BF77-46BC857057A3}.Debug Release|x64.ActiveCfg = Debug Release|x64
		{BE2EF249-FCCC-46D3-BF77-46BC857057A3}.Debug Release|x64.Build.0 = Debug Release|x64
		{BE2EF249-FCCC-46D3-BF77-46BC857057A3}.Debug Release|x86.ActiveCfg = Debug Release|Win32
		{BE2EF249-FCCC-46D3-BF77-46BC857057A3}.Debug Release|x86.Build.0 = Debug Release|Win32
		{BE2EF249-FCCC-46D3-BF77-46BC857057A3}.Debug|x64.ActiveCfg = Debug|x64
		{BE2EF249-FCCC-46D3-BF77-46BC857057A3}.Debug|x64.Build.0 = Debug|x64
		{BE2EF249-FCCC-46D3-BF77-46BC857057A3}.Debug|x86.ActiveCfg = Debug|Win32
		{BE2EF249-FCCC-46D3-BF77-46BC857057A3}.Debug|x86.Build.0 = Debug|Win32
		{BE2EF249-FCCC-46D3-BF77-46BC857057A3}.Release AVX2|x64.ActiveCfg = Release AVX2|x64
		{BE2EF249-FCCC-46D3-BF77-46BC857057A3}.Release AVX2|x64.Build.0 = Release AVX2|x64
		{BE2EF249-FCCC-46D3-BF77-46BC857057A3}.Release AVX2|x86.ActiveCfg = Release AVX2|Win32
		{BE2EF249-FCCC-46D3-BF77-46BC857057A3}.Release AVX2|x86.Build.0 = Release AVX2|Win32
		{BE2EF249-FCCC-46D3-BF77-46BC857057A3}.Release SSE2|x64.ActiveCfg = Release SSE2|x64
		{BE2EF249-FCCC-46D3-BF77-46BC857057A3}.Release SSE2|x64.Build.0 = Release SSE2|x64
		{BE2EF249-FCCC-46D3-BF77-46BC857057A3}.Release SSE2|x86.ActiveCfg = Release SSE2|Win32
		{BE2EF249-FCCC-46D3-BF77-46BC857057A3}.Release SSE2|x86.Build.0 = Release SSE2|Win32
		{BE2EF249-FCCC-46D3-BF77-46BC857057A3}.Release|x64.ActiveCfg = Release|x64
		{BE2EF249-FCCC-46D3-BF77-46BC857057A3}.Release|x64.Build.0 = Release|x64
		{BE2EF249-FCCC-46D3-BF77-46BC857057A3}.Release|x86.ActiveCfg = Release|Win32
		{BE2EF249-FCCC-46D3-BF77-46BC857057A3}.Release|x86.Build.0 = Release|Win32
		{8DD72A5B-D65B-450A-A381-D06373E4AA0D}.Debug Release|x64.ActiveCfg = Debug Release|x64
		{8DD72A5B-D65B-450A-A381-D06373E4AA0D}.Debug Release|x64.Build.0 = Debug Release|x64
		{8DD72A5B-D65B-450A-A381-D06373E4AA0D}.Debug Release|x86.ActiveCfg = Debug Release|Win32
		{8DD72A5B-D65B-450A-A381-D06373E4AA0D}.Debug Release|x86.Build.0 = Debug Release|Win32
		{8DD72A5B-D65B-450A-A381-D06373E4AA0D}.Debug|x64.ActiveCfg = Debug|x64
		{8DD72A5B-D65B-450A-A381-D06373E4AA0D}.Debug|x64.Build.0 = Debug|x64
		{8DD72A5B-D65B-450A-A381-D06373E4AA0D}.Debug|x86.ActiveCfg = Debug|Win32
		{8DD72A5B-D65B-450A-A381-D06373E4AA0D}.Debug|x86.Build.0 = Debug|Win32
		{8DD72A5B-D65B-450A-A381-D06373E4AA0D}.Release AVX2|x64.ActiveCfg = Release AVX2|x64
		{8DD72A5B-D65B-450A-A381-D06373E4AA0D}.Release AVX2|x64.Build.0 = Release AVX2|x64
		{8DD72A5B-D65B-450A-A381-D06373E4AA0D}.Release AVX2|x86.ActiveCfg = Release AVX2|Win32
		{8DD72A5B-D65B-450A-A381-D06373E4AA0D}.Release AVX2|x86.Build.0 = Release AVX2|Win32
		{8DD72A5B-D65B-450A-A381-D06373E4AA0D}.Release SSE2|x64.ActiveCfg = Release SSE2|x64
		{8DD72A5B-D65B-450A-A381-D06373E4AA0D}.Release SSE2|x64.Build.0 = Release SSE2|x64
		{8DD72A5B-D65B-450A-A381-D06373E4AA0D}.Release SSE2|x86.ActiveCfg = Release SSE2|Win32
		{8DD72A5B-D65B-450A-A381-D06373E4AA0D}.Release SSE2|x86.Build.0 = Release SSE2|Win32
		{8DD72A5B-D65B-450A-A381-D06373E4AA0D}.Release|x64.ActiveCfg = Release|x64
		{8DD72A5B-D65B-450A-A381-D06373E4AA0D}.Release|x64.Build.0 = Release|x64
		{8DD72A5B-D65B-450A-A381-D06373E4AA0D}.Release|x86.ActiveCfg = Release|Win32
		{8DD72A5B-D65B-450A-A381-D06373E4AA0D}.Release|x86.Build.0 = Release|Win32
		{461FA0F0-EF18-4B62-AAF7-25A60FF44EF6}.Debug Release|x64.ActiveCfg = Debug Release|x64
		{461FA0F0-EF18-4B62-AAF7-25A60FF44EF6}.Debug Release|x64.Build.0 = Debug Release|x64
		{461FA0F0-EF18-4B62-AAF7-25A60FF44EF6}.Debug Release|x86.ActiveCfg = Debug Release|Win32
		{461FA0F0-EF18-4B62-AAF7-25A60FF44EF6}.Debug Release|x86.Build.0 = Debug Release|Win32
		{461FA0F0-EF18-4B62-AAF7-25A60FF44EF6}.Debug|x64.ActiveCfg = Debug|x64
		{461FA0F0-EF18-4B62-AAF7-25A60FF44EF6}.Debug|x64.Build.0 = Debug|x64
		{461FA0F0-EF18-4B62-AAF7-25A60FF44EF6}.Debug|x86.ActiveCfg = Debug|Win32
		{461FA0F0-EF18-4B62-AAF7-25A60FF44EF6}.Debug|x86.Build.0 = Debug|Win32
		{461FA0F0-EF18-4B62-AAF7-25A60FF44EF6}.Release AVX2|x64.ActiveCfg = Release AVX2|x64
		{461FA0F0-EF18-4B62-AAF7-25A60FF44EF6}.Release AVX2|x64.Build.0 = Release AVX2|x64
		{461FA0F0-EF18-4B62-AAF7-25A60FF44EF6}.Release AVX2|x86.ActiveCfg = Release AVX2|Win32
		{461FA0F0-EF18-4B62-AAF7-25A60FF44EF6}.Release AVX2|x86.Build.0 = Release AVX2|Win32
		{461FA0F0-EF18-4B62-AAF7-25A60FF44EF6}.Release SSE2|x64.ActiveCfg = Release SSE2|x64
		{461FA0F0-EF18-4B62-AAF7-25A60FF44EF6}.Release SSE2|x64.Build.0 = Release SSE2|x64
		{461FA0F0-EF18-4B62-AAF7-25A60FF44EF6}.Release SSE2|x86.ActiveCfg = Release SSE2|Win32
		{461FA0F0-EF18-4B62-AAF7-25A60FF44EF6}.Release SSE2|x86.Build.0 = Release SSE2|Win32
		{461FA0F0-EF18-4B62-AAF7-25A60FF44EF6}.Release|x64.ActiveCfg = Release|x64
		{461FA0F0-EF18-4B62-AAF7-25A60FF44EF6}.Release|x64.Build.0 = Release|x64
		{461FA0F0-EF18-4B62-AAF7-25A60FF44EF6}.Release|x86.ActiveCfg = Release|Win32
		{461FA0F0-EF18-4B62-AAF7-25A60FF44EF6}.Release|x86.Build.0 = Release|Win32
		{690810A7-C6B2-4547-9AB6-F573ECD37E1D}.Debug Release|x64.ActiveCfg = Debug Release|x64
		{690810A7-C6B2-4547-9AB6-F573ECD37E1D}.Debug Release|x64.Build.0 = Debug Release|x64
		{690810A7-C6B2-4547-9AB6-F573ECD37E1D}.Debug Release|x86.ActiveCfg = Debug Release|Win32
		{690810A7-C6B2-4547-9AB6-F573ECD37E1D}.Debug Release|x86.Build.0 = Debug Release|Win32
		{690810A7-C6B2-4547-9AB6-F573ECD37E1D}.Debug|x64.ActiveCfg = Debug|x64
		{690810A7-C6B2-4547-9AB6-F573ECD37E1D}.Debug|x64.Build.0 = Debug|x64
		{690810A7-C6B2-4547-9AB6-F573ECD37E1D}.Debug|x86.ActiveCfg = Debug|Win32
		{690810A7-C6B2-4547-9AB6-F573ECD37E1D}.Debug|x86.Build.0 = Debug|Win32
		{690810A7-C6B2-4547-9AB6-F573ECD37E1D}.Release AVX2|x64.ActiveCfg = Release AVX2|x64
		{690810A7-C6B2-4547-9AB6-F573ECD37E1D}.Release AVX2|x64.Build.0 = Release AVX2|x64
		{690810A7-C6B2-4547-9AB6-F573ECD37E1D}.Release AVX2|x86.ActiveCfg = Release AVX2|Win32
		{690810A7-C6B2-4547-9AB6-F573ECD37E1D}.Release AVX2|x86.Build.0 = Release AVX2|Win32
		{690810A7-C6B2-4547-9AB6-F573ECD37E1D}.Release SSE2|x64.ActiveCfg = Release SSE2|x64
		{690810A7-C6B2-4547-9AB6-F573ECD37E1D}.Release SSE2|x64.Build.0 = Release SSE2|x64
		{690810A7-C6B2-4547-9AB6-F573ECD37E1D}.Release SSE2|x86.ActiveCfg = Release SSE2|Win32
		{690810A7-C6B2-4547-9AB6-F573ECD37E1D}.Release SSE2|x86.Build.0 = Release SSE2|Win32
		{690810A7-C6B2-4547-9AB6-F573ECD37E1D}.Release|x64.ActiveCfg = Release|x64
		{690810A7-C6B2-4547-9AB6-F573ECD37E1D}.Release|x64.Build.0 = Release|x64
		{690810A7-C6B2-4547-9AB6-F573ECD37E1D}.Release|x86.ActiveCfg = Release|Win32
		{690810A7-C6B2-4547-9AB6-F573ECD37E1D}.Release|x86.Build.0 = Release|Win32
		{2BA7DB18-FC35-4641-A1D2-23D5619442AE}.Debug Release|x64.ActiveCfg = Debug Release|x64
		{2BA7DB18-FC35-4641-A1D2-23D5619442AE}.Debug Release|x64.Build.0 = Debug Release|x64
		{2BA7DB18-FC35-4641-A1D2-23D5619442AE}.Debug Release|x86.ActiveCfg = Debug Release|Win32
		{2BA7DB18-FC35-4641-A1D2-23D5619442AE}.Debug Release|x86.Build.0 = Debug Release|Win32
		{2BA7DB18-FC35-4641-A1D2-23D5619442AE}.Debug|x64.ActiveCfg = Debug|x64
		{2BA7DB18-FC35-4641-A1D2-23D5619442AE}.Debug|x64.Build.0 = Debug|x64
		{2BA7DB18-FC35-4641-A1D2-23D5619442AE}.Debug|x86.ActiveCfg = Debug|Win32
		{2BA7DB18-FC35-4641-A1D2-23D5619442AE}.Debug|x86.Build.0 = Debug|Win32
		{2BA7DB18-FC35-4641-A1D2-23D5619442AE}.Release AVX2|x64.ActiveCfg = Release AVX2|x64
		{2BA7DB18-FC35-4641-A1D2-23D5619442AE}.Release AVX2|x64.Build.0 = Release AVX2|x64
		{2BA7DB18-FC35-4641-A1D2-23D5619442AE}.Release AVX2|x86.ActiveCfg = Release AVX2|Win32
		{2BA7DB18-FC35-4641-A1D2-23D5619442AE}.Release AVX2|x86.Build.0 = Release AVX2|Win32
		{2BA7DB18-FC35-4641-A1D2-23D5619442AE}.Release SSE2|x64.ActiveCfg = Release SSE2|x64
		{2BA7DB18-FC35-4641-A1D2-23D5619442AE}.Release SSE2|x64.Build.0 = Release SSE2|x64
		{2BA7DB18-FC35-4641-A1D2-23D5619442AE}.Release SSE2|x86.ActiveCfg = Release SSE2|Win32
		{2BA7DB18-FC35-4641-A1D2-23D5619442AE}.Release SSE2|x86.Build.0 = Release SSE2|Win32
		{2BA7DB18-FC35-4641-A1D2-23D5619442AE}.Release|x64.ActiveCfg = Release|x64
		{2BA7DB18-FC35-4641-A1D2-23D5619442AE}.Release|x64.Build.0 = Release|x64
		{2BA7DB18-FC35-4641-A1D2-23D5619442AE}.Release|x86.ActiveCfg = Release|Win32
		{2BA7DB18-FC35-4641-A1D2-23D5619442AE}.Release|x86.Build.0 = Release|Win32
		{8ADC36D0-2F34-481C-9031-2CE9A39172E7}.Debug Release|x64.ActiveCfg = Debug Release|x64
		{8ADC36D0-2F34-481C-9031-2CE9A39172E7}.Debug Release|x64.Build.0 = Debug Release|x64
		{8ADC36D0-2F34-481C-9031-2CE9A39172E7}.Debug Release|x86.ActiveCfg = Debug Release|Win32
		{8ADC36D0-2F34-481C-9031-2CE9A39172E7}.Debug Release|x86.Build.0 = Debug Release|Win32
		{8ADC36D0-2F34-481C-9031-2CE9A39172E7}.Debug|x64.ActiveCfg = Debug|x64
		{8ADC36D0-2F34-481C-9031-2CE9A39172E7}.Debug|x64.Build.0 = Debug|x64
		{8ADC36D0-2F34-481C-9031-2CE9A39172E7}.Debug|x86.ActiveCfg = Debug|Win32
		{8ADC36D0-2F34-481C-9031-2CE9A39172E7}.Debug|x86.Build.0 = Debug|Win32
		{8ADC36D0-2F34-481C-9031-2CE9A39172E7}.Release AVX2|x64.ActiveCfg = Release AVX2|x64
		{8ADC36D0-2F34-481C-9031-2CE9A39172E7}.Release AVX2|x64.Build.0 = Release AVX2|x64
		{8ADC36D0-2F34-481C-9031-2CE9A39172E7}.Release AVX2|x86.ActiveCfg = Release AVX2|Win32
		{8ADC36D0-2F34-481C-9031-2CE9A39172E7}.Release AVX2|x86.Build.0 = Release AVX2|Win32
		{8ADC36D0-2F34-481C-9031-2CE9A39172E7}.Release SSE2|x64.ActiveCfg = Release SSE2|x64
		{8ADC36D0-2F34-481C-9031-2CE9A39172E7}.Release SSE2|x64.Build.0 = Release SSE2|x64
		{8ADC36D0-2F34-481C-9031-2CE9A39172E7}.Release SSE2|x86.ActiveCfg = Release SSE2|Win32
		{8ADC36D0-2F34-481C-9031-2CE9A39172E7}.Release SSE2|x86.Build.0 = Release SSE2|Win32
		{8ADC36D0-2F34-481C-9031-2CE9A39172E7}.Release|x64.ActiveCfg = Release|x64
		{8ADC36D0-2F34-481C-9031-2CE9A39172E7}.Release|x64.Build.0 = Release|x64
		{8ADC36D0-2F34-481C-9031-2CE9A39172E7}.Release|x86.ActiveCfg = Release|Win32
		{8ADC36D0-2F34-481C-9031-2CE9A39172E7}.Release|x86.Build.0 = Release|Win32
		{5E2A34A2-73CF-4402-85BE-4C6A7302DF0B}.Debug Release|x64.ActiveCfg = Debug Release|x64
		{5E2A34A2-73CF-4402-85BE-4C6A7302DF0B}.Debug Release|x64.Build.0 = Debug Release|x64
		{5E2A34A2-73CF-4402-85BE-4C6A7302DF0B}.Debug Release|x86.ActiveCfg = Debug Release|Win32
		{5E2A34A2-73CF-4402-85BE-4C6A7302DF0B}.Debug Release|x86.Build.0 = Debug Release|Win32
		{5E2A34A2-73CF-4402-85BE-4C6A7302DF0B}.Debug|x64.ActiveCfg = Debug|x64
		{5E2A34A2-73CF-4402-85BE-4C6A7302DF0B}.Debug|x64.Build.0 = Debug|x64
		{5E2A34A2-73CF-4402-85BE-4C6A7302DF0B}.Debug|x86.ActiveCfg = Debug|Win32
		{5E2A34A2-73CF-4402-85BE-4C6A7302DF0B}.Debug|x86.Build.0 = Debug|Win32
		{5E2A34A2-73CF-4402-85BE-4C6A7302DF0B}.Release AVX2|x64.ActiveCfg = Release AVX2|x64
		{5E2A34A2-73CF-4402-85BE-4C6A7302DF0B}.Release AVX2|x64.Build.0 = Release AVX2|x64
		{5E2A34A2-73CF-4402-85BE-4C6A7302DF0B}.Release AVX2|x86.ActiveCfg = Release AVX2|Win32
		{5E2A34A2-73CF-4402-85BE-4C6A7302DF0B}.Release AVX2|x86.Build.0 = Release AVX2|Win32
		{5E2A34A2-73CF-4402-85BE-4C6A7302DF0B}.Release SSE2|x64.ActiveCfg = Release SSE2|x64
		{5E2A34A2-73CF-4402-85BE-4C6A7302DF0B}.Release SSE2|x64.Build.0 = Release SSE2|x64
		{5E2A34A2-73CF-4402-85BE-4C6A7302DF0B}.Release SSE2|x86.ActiveCfg = Release SSE2|Win32
		{5E2A34A2-73CF-4402-85BE-4C6A7302DF0B}.Release SSE2|x86.Build.0 = Release SSE2|Win32
		{5E2A34A2-73CF-4402-85BE-4C6A7302DF0B}.Release|x64.ActiveCfg = Release|x64
		{5E2A34A2-73CF-4402-85BE-4C6A7302DF0B}.Release|x64.Build.0 = Release|x64
		{5E2A34A2-73CF-4402-85BE-4C6A7302DF0B}.Release|x86.ActiveCfg = Release|Win32
		{5E2A34A2-73CF-4402-85BE-4C6A7302DF0B}.Release|x86.Build.0 = Release|Win32
		{55F19C0A-1AD7-47F2-AC0B-A362C73510F6}.Debug Release|x64.ActiveCfg = Debug Release|x64
		{55F19C0A-1AD7-47F2-AC0B-A362C73510F6}.Debug Release|x64.Build.0 = Debug Release|x64
		{55F19C0A-1AD7-47F2-AC0B-A362C73510F6}.Debug Release|x86.ActiveCfg = Debug Release|Win32
		{55F19C0A-1AD7-47F2-AC0B-A362C73510F6}.Debug Release|x86.Build.0 = Debug Release|Win32
		{55F19C0A-1AD7-47F2-AC0B-A362C73510F6}.Debug|x64.ActiveCfg = Debug|x64
		{55F19C0A-1AD7-47F2-AC0B-A362C73510F6}.Debug|x64.Build.0 = Debug|x64
		{55F19C0A-1AD7-47F2-AC0B-A362C73510F6}.Debug|x86.ActiveCfg = Debug|Win32
		{55F19C0A-1AD7-47F2-AC0B-A362C73510F6}.Debug|x86.Build.0 = Debug|Win32
		{55F19C0A-1AD7-47F2-AC0B-A362C73510F6}.Release AVX2|x64.ActiveCfg = Release AVX2|x64
		{55F19C0A-1AD7-47F2-AC0B-A362C73510F6}.Release AVX2|x64.Build.0 = Release AVX2|x64
		{55F19C0A-1AD7-47F2-AC0B-A362C73510F6}.Release AVX2|x86.ActiveCfg = Release AVX2|Win32
		{55F19C0A-1AD7-47F2-AC0B-A362C73510F6}.Release AVX2|x86.Build.0 = Release AVX2|Win32
		{55F19C0A-1AD7-47F2-AC0B-A362C73510F6}.Release SSE2|x64.ActiveCfg = Release SSE2|x64
		{55F19C0A-1AD7-47F2-AC0B-A362C73510F6}.Release SSE2|x64.Build.0 = Release SSE2|x64
		{55F19C0A-1AD7-47F2-AC0B-A362C73510F6}.Release SSE2|x86.ActiveCfg = Release SSE2|Win32
		{55F19C0A-1AD7-47F2-AC0B-A362C73510F6}.Release SSE2|x86.Build.0 = Release SSE2|Win32
		{55F19C0A-1AD7-47F2-AC0B-A362C73510F6}.Release|x64.ActiveCfg = Release|x64
		{55F19C0A-1AD7-47F2-AC0B-A362C73510F6}.Release|x64.Build.0 = Release|x64
		{55F19C0A-1AD7-47F2-AC0B-A362C73510F6}.Release|x86.ActiveCfg = Release|Win32
		{55F19C0A-1AD7-47F2-AC0B-A362C73510F6}.Release|x86.Build.0 = Release|Win32
		{A157C147-1448-4546-BE70-8885AB5A4C55}.Debug Release|x64.ActiveCfg = Debug Release|x64
		{A157C147-1448-4546-BE70-8885AB5A4C55}.Debug Release|x64.Build.0 = Debug Release|x64
		{A157C147-1448-4546-BE70-8885AB5A4C55}.Debug Release|x86.ActiveCfg = Debug Release|Win32
		{A157C147-1448-4546-BE70-8885AB5A4C55}.Debug Release|x86.Build.0 = Debug Release|Win32
		{A157C147-1448-4546-BE70-8885AB5A4C55}.Debug|x64.ActiveCfg = Debug|x64
		{A157C147-1448-4546-BE70-8885AB5A4C55}.Debug|x64.Build.0 = Debug|x64
		{A157C147-1448-4546-BE70-8885AB5A4C55}.Debug|x86.ActiveCfg = Debug|Win32
		{A157C147-1448-4546-BE70-8885AB5A4C55}.Debug|x86.Build.0 = Debug|Win32
		{A157C147-1448-4546-BE70-8885AB5A4C55}.Release AVX2|x64.ActiveCfg = Release AVX2|x64
		{A157C147-1448-4546-BE70-8885AB5A4C55}.Release AVX2|x64.Build.0 = Release AVX2|x64
		{A157C147-1448-4546-BE70-8885AB5A4C55}.Release AVX2|x86.ActiveCfg = Release AVX2|Win32
		{A157C147-1448-4546-BE70-8885AB5A4C55}.Release AVX2|x86.Build.0 = Release AVX2|Win32
		{A157C147-1448-4546-BE70-8885AB5A4C55}.Release SSE2|x64.ActiveCfg = Release SSE2|x64
		{A157C147-1448-4546-BE70-8885AB5A4C55}.Release SSE2|x64.Build.0 = Release SSE2|x64
		{A157C147-1448-4546-BE70-8885AB5A4C55}.Release SSE2|x86.ActiveCfg = Release SSE2|Win32
		{A157C147-1448-4546-BE70-8885AB5A4C55}.Release SSE2|x86.Build.0 = Release SSE2|Win32
		{A157C147-1448-4546-BE70-8885AB5A4C55}.Release|x64.ActiveCfg = Release|x64
		{A157C147-1448-4546-BE70-8885AB5A4C55}.Release|x64.Build.0 = Release|x64
		{A157C147-1448-4546-BE70-8885AB5A4C55}.Release|x86.ActiveCfg = Release|Win32
		{A157C147-1448-4546-BE70-8885AB5A4C55}.Release|x86.Build.0 = Release|Win32
		{4C2906D7-70FE-48FF-BBE6-34C41A4B30B4}.Debug Release|x64.ActiveCfg = Debug Release|x64
		{4C2906D7-70FE-48FF-BBE6-34C41A4B30B4}.Debug Release|x64.Build.0 = Debug Release|x64
		{4C2906D7-70FE-48FF-BBE6-34C41A4B30B4}.Debug Release|x86.ActiveCfg = Debug Release|Win32
		{4C2906D7-70FE-48FF-BBE6-34C41A4B30B4}.Debug Release|x86.Build.0 = Debug Release|Win32
		{4C2906D7-70FE-48FF-BBE6-34C41A4B30B4}.Debug|x64.ActiveCfg = Debug|x64
		{4C2906D7-70FE-48FF-BBE6-34C41A4B30B4}.Debug|x64.Build.0 = Debug|x64
		{4C2906D7-70FE-48FF-BBE6-34C41A4B30B4}.Debug|x86.ActiveCfg = Debug|Win32
		{4C2906D7-70FE-48FF-BBE6-34C41A4B30B4}.Debug|x86.Build.0 = Debug|Win32
		{4C2906D7-70FE-48FF-BBE6-34C41A4B30B4}.Release AVX2|x64.ActiveCfg = Release AVX2|x64
		{4C2906D7-70FE-48FF-BBE6-34C41A4B30B4}.Release AVX2|x64.Build.0 = Release AVX2|x64
		{4C2906D7-70FE-48FF-BBE6-34C41A4B30B4}.Release AVX2|x86.ActiveCfg = Release AVX2|Win32
		{4C2906D7-70FE-48FF-BBE6-34C41A4B30B4}.Release AVX2|x86.Build.0 = Release AVX2|Win32
		{4C2906D7-70FE-48FF-BBE6-34C41A4B30B4}.Release SSE2|x64.ActiveCfg = Release SSE2|x64
		{4C2906D7-70FE-48FF-BBE6-34C41A4B30B4}.Release SSE2|x64.Build.0 = Release SSE2|x64
		{4C2906D7-70FE-48FF-BBE6-34C41A4B30B4}.Release SSE2|x86.ActiveCfg = Release SSE2|Win32
		{4C2906D7-70FE-48FF-BBE6-34C41A4B30B4}.Release SSE2|x86.Build.0 = Release SSE2|Win32
		{4C2906D7-70FE-48FF-BBE6-34C41A4B30B4}.Release|x64.ActiveCfg = Release|x64
		{4C2906D7-70FE-48FF-BBE6-34C41A4B30B4}.Release|x64.Build.0 = Release|x64
		{4C2906D7-70FE-48FF-BBE6-34C41A4B30B4}.Release|x86.ActiveCfg = Release|Win32
		{4C2906D7-70FE-48FF-BBE6-34C41A4B30B4}.Release|x86.Build.0 = Release|Win32
		{4AD7AC91-BA32-43AD-973A-B0FD4B74AB21}.Debug Release|x64.ActiveCfg = Debug Release|x64
		{4AD7AC91-BA32-43AD-973A-B0FD4B74AB21}.Debug Release|x64.Build.0 = Debug Release|x64
		{4AD7AC91-BA32-43AD-973A-B0FD4B74AB21}.Debug Release|x86.ActiveCfg = Debug Release|Win32
		{4AD7AC91-BA32-43AD-973A-B0FD4B74AB21}.Debug Release|x86.Build.0 = Debug Release|Win32
		{4AD7AC91-BA32-43AD-973A-B0FD4B74AB21}.Debug|x64.ActiveCfg = Debug|x64
		{4AD7AC91-BA32-43AD-973A-B0FD4B74AB21}.Debug|x64.Build.0 = Debug|x64
		{4AD7AC91-BA32-43AD-973A-B0FD4B74AB21}.Debug|x86.ActiveCfg = Debug|Win32
		{4AD7AC91-BA32-43AD-973A-B0FD4B74AB21}.Debug|x86.Build.0 = Debug|Win32
		{4AD7AC91-BA32-43AD-973A-B0FD4B74AB21}.Release AVX2|x64.ActiveCfg = Release AVX2|x64
		{4AD7AC91-BA32-43AD-973A-B0FD4B74AB21}.Release AVX2|x64.Build.0 = Release AVX2|x64
		{4AD7AC91-BA32-43AD-973A-B0FD4B74AB21}.Release AVX2|x86.ActiveCfg = Release AVX2|Win32
		{4AD7AC91-BA32-43AD-973A-B0FD4B74AB21}.Release AVX2|x86.Build.0 = Release AVX2|Win32
		{4AD7AC91-BA32-43AD-973A-B0FD4B74AB21}.Release SSE2|x64.ActiveCfg = Release SSE2|x64
		{4AD7AC91-BA32-43AD-973A-B0FD4B74AB21}.Release SSE2|x64.Build.0 = Release SSE2|x64
		{4AD7AC91-BA32-43AD-973A-B0FD4B74AB21}.Release SSE2|x86.ActiveCfg = Release SSE2|Win32
		{4AD7AC91-BA32-43AD-973A-B0FD4B74AB21}.Release SSE2|x86.Build.0 = Release SSE2|Win32
		{4AD7AC91-BA32-43AD-973A-B0FD4B74AB21}.Release|x64.ActiveCfg = Release|x64
		{4AD7AC91-BA32-43AD-973A-B0FD4B74AB21}.Release|x64.Build.0 = Release|x64
		{4AD7AC91-BA32-43AD-973A-B0FD4B74AB21}.Release|x86.ActiveCfg = Release|Win32
		{4AD7AC91-BA32-43AD-973A-B0FD4B74AB21}.Release|x86.Build.0 = Release|Win32
		{241400AB-E8D0-4D99-B401-1CD921E2F0B9}.Debug Release|x64.ActiveCfg = Debug Release|x64
		{241400AB-E8D0-4D99-B401-1CD921E2F0B9}.Debug Release|x64.Build.0 = Debug Release|x64
		{241400AB-E8D0-4D99-B401-1CD921E2F0B9}.Debug Release|x86.ActiveCfg = Debug Release|Win32
		{241400AB-E8D0-4D99-B401-1CD921E2F0B9}.Debug Release|x86.Build.0 = Debug Release|Win32
		{241400AB-E8D0-4D99-B401-1CD921E2F0B9}.Debug|x64.ActiveCfg = Debug|x64
		{241400AB-E8D0-4D99-B401-1CD921E2F0B9}.Debug|x64.Build.0 = Debug|x64
		{241400AB-E8D0-4D99-B401-1CD921E2F0B9}.Debug|x86.ActiveCfg = Debug|Win32
		{241400AB-E8D0-4D99-B401-1CD921E2F0B9}.Debug|x86.Build.0 = Debug|Win32
		{241400AB-E8D0-4D99-B401-1CD921E2F0B9}.Release AVX2|x64.ActiveCfg = Release AVX2|x64
		{241400AB-E8D0-4D99-B401-1CD921E2F0B9}.Release AVX2|x64.Build.0 = Release AVX2|x64
		{241400AB-E8D0-4D99-B401-1CD921E2F0B9}.Release AVX2|x86.ActiveCfg = Release AVX2|Win32
		{241400AB-E8D0-4D99-B401-1CD921E2F0B9}.Release AVX2|x86.Build.0 = Release AVX2|Win32
		{241400AB-E8D0-4D99-B401-1CD921E2F0B9}.Release SSE2|x64.ActiveCfg = Release SSE2|x64
		{241400AB-E8D0-4D99-B401-1CD921E2F0B9}.Release SSE2|x64.Build.0 = Release SSE2|x64
		{241400AB-E8D0-4D99-B401-1CD921E2F0B9}.Release SSE2|x86.ActiveCfg = Release SSE2|Win32
		{241400AB-E8D0-4D99-B401-1CD921E2F0B9}.Release SSE2|x86.Build.0 = Release SSE2|Win32
		{241400AB-E8D0-4D99-B401-1CD921E2F0B9}.Release|x64.ActiveCfg = Release|x64
		{241400AB-E8D0-4D99-B401-1CD921E2F0B9}.Release|x64.Build.0 = Release|x64
		{241400AB-E8D0-4D99-B401-1CD921E2F0B9}.Release|x86.ActiveCfg = Release|Win32
		{241400AB-E8D0-4D99-B401-1CD921E2F0B9}.Release|x86.Build.0 = Release|Win32
		{B2B43117-977D-48E2-814F-B3A8DC0DCB49}.Debug Release|x64.ActiveCfg = Debug Release|x64
		{B2B43117-977D-48E2-814F-B3A8DC0DCB49}.Debug Release|x64.Build.0 = Debug Release|x64
		{B2B43117-977D-48E2-814F-B3A8DC0DCB49}.Debug Release|x86.ActiveCfg = Debug Release|Win32
		{B2B43117-977D-48E2-814F-B3A8DC0DCB49}.Debug Release|x86.Build.0 = Debug Release|Win32
		{B2B43117-977D-48E2-814F-B3A8DC0DCB49}.Debug|x64.ActiveCfg = Debug|x64
		{B2B43117-977D-48E2-814F-B3A8DC0DCB49}.Debug|x64.Build.0 = Debug|x64
		{B2B43117-977D-48E2-814F-B3A8DC0DCB49}.Debug|x86.ActiveCfg = Debug|Win32
		{B2B43117-977D-48E2-814F-B3A8DC0DCB49}.Debug|x86.Build.0 = Debug|Win32
		{B2B43117-977D-48E2-814F-B3A8DC0DCB49}.Release AVX2|x64.ActiveCfg = Release AVX2|x64
		{B2B43117-977D-48E2-814F-B3A8DC0DCB49}.Release AVX2|x64.Build.0 = Release AVX2|x64
		{B2B43117-977D-48E2-814F-B3A8DC0DCB49}.Release AVX2|x86.ActiveCfg = Release AVX2|Win32
		{B2B43117-977D-48E2-814F-B3A8DC0DCB49}.Release AVX2|x86.Build.0 = Release AVX2|Win32
		{B2B43117-977D-48E2-814F-B3A8DC0DCB49}.Release SSE2|x64.ActiveCfg = Release SSE2|x64
		{B2B43117-977D-48E2-814F-B3A8DC0DCB49}.Release SSE2|x64.Build.0 = Release SSE2|x64
		{B2B43117-977D-48E2-814F-B3A8DC0DCB49}.Release SSE2|x86.ActiveCfg = Release SSE2|Win32
		{B2B43117-977D-48E2-814F-B3A8DC0DCB49}.Release SSE2|x86.Build.0 = Release SSE2|Win32
		{B2B43117-977D-48E2-814F-B3A8DC0DCB49}.Release|x64.ActiveCfg = Release|x64
		{B2B43117-977D-48E2-814F-B3A8DC0DCB49}.Release|x64.Build.0 = Release|x64
		{B2B43117-977D-48E2-814F-B3A8DC0DCB49}.Release|x86.ActiveCfg = Release|Win32
		{B2B43117-977D-48E2-814F-B3A8DC0DCB49}.Release|x86.Build.0 = Release|Win32
		{F7A3E4C5-F1FA-45A3-B0AE-2131AF171A38}.Debug Release|x64.ActiveCfg = Debug Release|x64
		{F7A3E4C5-F1FA-45A3-B0AE-2131AF171A38}.Debug Release|x64.Build.0 = Debug Release|x64
		{F7A3E4C5-F1FA-45A3-B0AE-2131AF171A38}.Debug Release|x86.ActiveCfg = Debug Release|Win32
		{F7A3E4C5-F1FA-45A3-B0AE-2131AF171A38}.Debug Release|x86.Build.0 = Debug Release|Win32
		{F7A3E4C5-F1FA-45A3-B0AE-2131AF171A38}.Debug|x64.ActiveCfg = Debug|x64
		{F7A3E4C5-F1FA-45A3-B0AE-2131AF171A38}.Debug|x64.Build.0 = Debug|x64
		{F7A3E4C5-F1FA-45A3-B0AE-2131AF171A38}.Debug|x86.ActiveCfg = Debug|Win32
		{F7A3E4C5-F1FA-45A3-B0AE-2131AF171A38}.Debug|x86.Build.0 = Debug|Win32
		{F7A3E4C5-F1FA-45A3-B0AE-2131AF171A38}.Release AVX2|x64.ActiveCfg = Release AVX2|x64
		{F7A3E4C5-F1FA-45A3-B0AE-2131AF171A38}.Release AVX2|x64.Build.0 = Release AVX2|x64
		{F7A3E4C5-F1FA-45A3-B0AE-2131AF171A38}.Release AVX2|x86.ActiveCfg = Release AVX2|Win32
		{F7A3E4C5-F1FA-45A3-B0AE-2131AF171A38}.Release AVX2|x86.Build.0 = Release AVX2|Win32
		{F7A3E4C5-F1FA-45A3-B0AE-2131AF171A38}.Release SSE2|x64.ActiveCfg = Release SSE2|x64
		{F7A3E4C5-F1FA-45A3-B0AE-2131AF171A38}.Release SSE2|x64.Build.0 = Release SSE2|x64
		{F7A3E4C5-F1FA-45A3-B0AE-2131AF171A38}.Release SSE2|x86.ActiveCfg = Release SSE2|Win32
		{F7A3E4C5-F1FA-45A3-B0AE-2131AF171A38}.Release SSE2|x86.Build.0 = Release SSE2|Win32
		{F7A3E4C5-F1FA-45A3-B0AE-2131AF171A38}.Release|x64.ActiveCfg = Release|x64
		{F7A3E4C5-F1FA-45A3-B0AE-2131AF171A38}.Release|x64.Build.0 = Release|x64
		{F7A3E4C5-F1FA-45A3-B0AE-2131AF171A38}.Release|x86.ActiveCfg = Release|Win32
		{F7A3E4C5-F1FA-45A3-B0AE-2131AF171A38}.Release|x86.Build.0 = Release|Win32
		{47850085-4FC2-4B3D-B7E6-A3585E9C2C03}.Debug Release|x64.ActiveCfg = Release|x64
		{47850085-4FC2-4B3D-B7E6-A3585E9C2C03}.Debug Release|x64.Build.0 = Release|x64
		{47850085-4FC2-4B3D-B7E6-A3585E9C2C03}.Debug Release|x86.ActiveCfg = Release|Win32
		{47850085-4FC2-4B3D-B7E6-A3585E9C2C03}.Debug Release|x86.Build.0 = Release|Win32
		{47850085-4FC2-4B3D-B7E6-A3585E9C2C03}.Debug|x64.ActiveCfg = Debug|x64
		{47850085-4FC2-4B3D-B7E6-A3585E9C2C03}.Debug|x64.Build.0 = Debug|x64
		{47850085-4FC2-4B3D-B7E6-A3585E9C2C03}.Debug|x86.ActiveCfg = Debug|Win32
		{47850085-4FC2-4B3D-B7E6-A3585E9C2C03}.Debug|x86.Build.0 = Debug|Win32
		{47850085-4FC2-4B3D-B7E6-A3585E9C2C03}.Release AVX2|x64.ActiveCfg = Release|x64
		{47850085-4FC2-4B3D-B7E6-A3585E9C2C03}.Release AVX2|x64.Build.0 = Release|x64
		{47850085-4FC2-4B3D-B7E6-A3585E9C2C03}.Release AVX2|x86.ActiveCfg = Release|Win32
		{47850085-4FC2-4B3D-B7E6-A3585E9C2C03}.Release AVX2|x86.Build.0 = Release|Win32
		{47850085-4FC2-4B3D-B7E6-A3585E9C2C03}.Release SSE2|x64.ActiveCfg = Release|x64
		{47850085-4FC2-4B3D-B7E6-A3585E9C2C03}.Release SSE2|x64.Build.0 = Release|x64
		{47850085-4FC2-4B3D-B7E6-A3585E9C2C03}.Release SSE2|x86.ActiveCfg = Release|Win32
		{47850085-4FC2-4B3D-B7E6-A3585E9C2C03}.Release SSE2|x86.Build.0 = Release|Win32
		{47850085-4FC2-4B3D-B7E6-A3585E9C2C03}.Release|x64.ActiveCfg = Release|x64
		{47850085-4FC2-4B3D-B7E6-A3585E9C2C03}.Release|x64.Build.0 = Release|x64
		{47850085-4FC2-4B3D-B7E6-A3585E9C2C03}.Release|x86.ActiveCfg = Release|Win32
	EndGlobalSection
	GlobalSection(SolutionProperties) = preSolution
		HideSolutionNode = FALSE
	EndGlobalSection
	GlobalSection(NestedProjects) = preSolution
		{66BE01AC-472C-469A-A46B-013D914486C6} = {CDF91B2D-F87F-45D2-9EAF-1E85405D367B}
		{807A146F-6855-4DAB-B922-A62DFF0B2DB5} = {CDF91B2D-F87F-45D2-9EAF-1E85405D367B}
		{31D40D28-F268-4F49-9728-94AA21D112F1} = {CDF91B2D-F87F-45D2-9EAF-1E85405D367B}
		{B16742CD-D4C5-43B3-BC0A-2FBD84C09CAA} = {CDF91B2D-F87F-45D2-9EAF-1E85405D367B}
		{DBF599A1-E231-4732-8ABD-299C675E96DE} = {CDF91B2D-F87F-45D2-9EAF-1E85405D367B}
		{5363C516-C601-43E1-94FB-5575966128A8} = {CDF91B2D-F87F-45D2-9EAF-1E85405D367B}
		{270DB051-26B2-4512-9CE4-7DE022EA5710} = {CDF91B2D-F87F-45D2-9EAF-1E85405D367B}
		{4003FAB0-5CF4-4586-A5D7-CD8B77108B0F} = {CDF91B2D-F87F-45D2-9EAF-1E85405D367B}
		{E3CEA4DF-B386-4FEE-9B91-00A53600BDCD} = {CB320968-2983-4BF2-B20D-DA99DE9594F7}
		{B7ECDE3F-BF41-4981-8038-1DEEC27E66B3} = {CDF91B2D-F87F-45D2-9EAF-1E85405D367B}
		{DBBE01B4-3CFA-485C-A078-6A12ACA7CBA1} = {CDF91B2D-F87F-45D2-9EAF-1E85405D367B}
		{ACA3CB5B-9C0F-4FB9-9B4A-26AC92FD8C16} = {CDF91B2D-F87F-45D2-9EAF-1E85405D367B}
		{84FE28D1-8893-40EB-82ED-46551445CC4B} = {C18CDDAF-091E-43FB-A495-76C7156AB0B9}
		{D5F24B13-F8B0-423E-ADA9-5D8440899A37} = {C18CDDAF-091E-43FB-A495-76C7156AB0B9}
		{117B3B39-8258-4CD2-AFE5-C3A30DE95203} = {C18CDDAF-091E-43FB-A495-76C7156AB0B9}
		{AC494EC9-67A7-47AC-829E-085AEBC14582} = {C18CDDAF-091E-43FB-A495-76C7156AB0B9}
		{0477ED1A-0547-4380-8DE4-1FF2332F060C} = {C18CDDAF-091E-43FB-A495-76C7156AB0B9}
		{BE2EF249-FCCC-46D3-BF77-46BC857057A3} = {CB320968-2983-4BF2-B20D-DA99DE9594F7}
		{8DD72A5B-D65B-450A-A381-D06373E4AA0D} = {CB320968-2983-4BF2-B20D-DA99DE9594F7}
		{461FA0F0-EF18-4B62-AAF7-25A60FF44EF6} = {CB320968-2983-4BF2-B20D-DA99DE9594F7}
		{690810A7-C6B2-4547-9AB6-F573ECD37E1D} = {CB320968-2983-4BF2-B20D-DA99DE9594F7}
		{2BA7DB18-FC35-4641-A1D2-23D5619442AE} = {CB320968-2983-4BF2-B20D-DA99DE9594F7}
		{8ADC36D0-2F34-481C-9031-2CE9A39172E7} = {CB320968-2983-4BF2-B20D-DA99DE9594F7}
		{5E2A34A2-73CF-4402-85BE-4C6A7302DF0B} = {CB320968-2983-4BF2-B20D-DA99DE9594F7}
		{55F19C0A-1AD7-47F2-AC0B-A362C73510F6} = {CB320968-2983-4BF2-B20D-DA99DE9594F7}
		{A157C147-1448-4546-BE70-8885AB5A4C55} = {CB320968-2983-4BF2-B20D-DA99DE9594F7}
		{4C2906D7-70FE-48FF-BBE6-34C41A4B30B4} = {CB320968-2983-4BF2-B20D-DA99DE9594F7}
		{4AD7AC91-BA32-43AD-973A-B0FD4B74AB21} = {CB320968-2983-4BF2-B20D-DA99DE9594F7}
		{241400AB-E8D0-4D99-B401-1CD921E2F0B9} = {CB320968-2983-4BF2-B20D-DA99DE9594F7}
		{B2B43117-977D-48E2-814F-B3A8DC0DCB49} = {F3CB05D6-94F3-404F-A616-7BB030AAA0D2}
		{F7A3E4C5-F1FA-45A3-B0AE-2131AF171A38} = {F3CB05D6-94F3-404F-A616-7BB030AAA0D2}
		{47850085-4FC2-4B3D-B7E6-A3585E9C2C03} = {F3CB05D6-94F3-404F-A616-7BB030AAA0D2}
	EndGlobalSection
	GlobalSection(ExtensibilityGlobals) = postSolution
		SolutionGuid = {9EA3FEBA-CB43-4D2F-BA5E-8707DCA0C3BA}
	EndGlobalSection
EndGlobal
