<?xml version="1.0" encoding="utf-8"?>
<Project ToolsVersion="4.0" xmlns="http://schemas.microsoft.com/developer/msbuild/2003">
  <ItemGroup>
    <Filter Include="Source Files">
      <UniqueIdentifier>{4FC737F1-C7A5-4376-A066-2A32D752A2FF}</UniqueIdentifier>
      <Extensions>cpp;c;cc;cxx;c++;cppm;ixx;def;odl;idl;hpj;bat;asm;asmx</Extensions>
    </Filter>
    <Filter Include="Header Files">
      <UniqueIdentifier>{93995380-89BD-4b04-88EB-625FBE52EBFB}</UniqueIdentifier>
      <Extensions>h;hh;hpp;hxx;h++;hm;inl;inc;ipp;xsd</Extensions>
    </Filter>
    <Filter Include="Resource Files">
      <UniqueIdentifier>{67DA6AB6-F800-4c08-8B7A-83BB121AAD01}</UniqueIdentifier>
      <Extensions>rc;ico;cur;bmp;dlg;rc2;rct;bin;rgs;gif;jpg;jpeg;jpe;resx;tiff;tif;png;wav;mfcribbon-ms</Extensions>
    </Filter>
  </ItemGroup>
  <ItemGroup>
    <ClInclude Include="ICLCommon.h">
      <Filter>Header Files</Filter>
    </ClInclude>
    <ClInclude Include="ICLFile.h">
      <Filter>Header Files</Filter>
    </ClInclude>
    <ClInclude Include="ICLImg.h">
      <Filter>Header Files</Filter>
    </ClInclude>
    <ClInclude Include="ICLImgImpl.h">
      <Filter>Header Files</Filter>
    </ClInclude>
    <ClInclude Include="ICLImgImplDDS.h">
      <Filter>Header Files</Filter>
    </ClInclude>
    <ClInclude Include="ICLImgImplECM.h">
      <Filter>Header Files</Filter>
    </ClInclude>
    <ClInclude Include="ICLImgImplGfx.h">
      <Filter>Header Files</Filter>
    </ClInclude>
    <ClInclude Include="ICLImgImplSMD.h">
      <Filter>Header Files</Filter>
    </ClInclude>
    <ClInclude Include="ICLImgImplUMD.h">
      <Filter>Header Files</Filter>
    </ClInclude>
    <ClInclude Include="ICLImgImplUMDS.h">
      <Filter>Header Files</Filter>
    </ClInclude>
    <ClInclude Include="ICLNotifier.h">
      <Filter>Header Files</Filter>
    </ClInclude>
    <ClInclude Include="ICLRequireHeaders.h">
      <Filter>Header Files</Filter>
    </ClInclude>
    <ClInclude Include="ICLStdAfx.h">
      <Filter>Header Files</Filter>
    </ClInclude>
    <ClInclude Include="ICLTaskProcFolder.h">
      <Filter>Header Files</Filter>
    </ClInclude>
    <ClInclude Include="ICLThreadPool.h">
      <Filter>Header Files</Filter>
    </ClInclude>
    <ClInclude Include="ICLThreadTask.h">
      <Filter>Header Files</Filter>
    </ClInclude>
    <ClInclude Include="ICLThreadWrapper.h">
      <Filter>Header Files</Filter>
    </ClInclude>
    <ClInclude Include="ICLUnicodeCommon.h">
      <Filter>Header Files</Filter>
    </ClInclude>
    <ClInclude Include="PlatformIndependFuncs.h">
      <Filter>Header Files</Filter>
    </ClInclude>
  </ItemGroup>
  <ItemGroup>
    <ClCompile Include="ICLFile.cpp">
      <Filter>Source Files</Filter>
    </ClCompile>
    <ClCompile Include="ICLImg.cpp">
      <Filter>Source Files</Filter>
    </ClCompile>
    <ClCompile Include="ICLImgImpl.cpp">
      <Filter>Source Files</Filter>
    </ClCompile>
    <ClCompile Include="ICLImgImplDDS.cpp">
      <Filter>Source Files</Filter>
    </ClCompile>
    <ClCompile Include="ICLImgImplECM.cpp">
      <Filter>Source Files</Filter>
    </ClCompile>
    <ClCompile Include="ICLImgImplGfx.cpp">
      <Filter>Source Files</Filter>
    </ClCompile>
    <ClCompile Include="ICLImgImplSMD.cpp">
      <Filter>Source Files</Filter>
    </ClCompile>
    <ClCompile Include="ICLImgImplUMD.cpp">
      <Filter>Source Files</Filter>
    </ClCompile>
    <ClCompile Include="ICLImgImplUMDS.cpp">
      <Filter>Source Files</Filter>
    </ClCompile>
    <ClCompile Include="ICLStdAfx.cpp">
      <Filter>Source Files</Filter>
    </ClCompile>
    <ClCompile Include="ICLTaskProcFolder.cpp">
      <Filter>Source Files</Filter>
    </ClCompile>
    <ClCompile Include="ICLThreadPool.cpp">
      <Filter>Source Files</Filter>
    </ClCompile>
    <ClCompile Include="ICLThreadTask.cpp">
      <Filter>Source Files</Filter>
    </ClCompile>
    <ClCompile Include="ICLThreadWrapper.cpp">
      <Filter>Source Files</Filter>
    </ClCompile>
    <ClCompile Include="ICLUnicodeCommon.cpp">
      <Filter>Source Files</Filter>
    </ClCompile>
    <ClCompile Include="PlatformIndependFuncs.cpp">
      <Filter>Source Files</Filter>
    </ClCompile>
  </ItemGroup>
</Project>