<?xml version="1.0" encoding="utf-8"?>
<Project ToolsVersion="4.0" xmlns="http://schemas.microsoft.com/developer/msbuild/2003">
  <ItemGroup>
    <Filter Include="Source Files">
      <UniqueIdentifier>{4FC737F1-C7A5-4376-A066-2A32D752A2FF}</UniqueIdentifier>
      <Extensions>cpp;c;cc;cxx;c++;cppm;ixx;def;odl;idl;hpj;bat;asm;asmx</Extensions>
    </Filter>
    <Filter Include="Header Files">
      <UniqueIdentifier>{93995380-89BD-4b04-88EB-625FBE52EBFB}</UniqueIdentifier>
      <Extensions>h;hh;hpp;hxx;h++;hm;inl;inc;ipp;xsd</Extensions>
    </Filter>
    <Filter Include="Resource Files">
      <UniqueIdentifier>{67DA6AB6-F800-4c08-8B7A-83BB121AAD01}</UniqueIdentifier>
      <Extensions>rc;ico;cur;bmp;dlg;rc2;rct;bin;rgs;gif;jpg;jpeg;jpe;resx;tiff;tif;png;wav;mfcribbon-ms</Extensions>
    </Filter>
  </ItemGroup>
  <ItemGroup>
    <ClInclude Include="AFDRequireHeaders.h">
      <Filter>Header Files</Filter>
    </ClInclude>
    <ClInclude Include="AFileDialog.h">
      <Filter>Header Files</Filter>
    </ClInclude>
    <ClInclude Include="AFileDialog2.h">
      <Filter>Header Files</Filter>
    </ClInclude>
    <ClInclude Include="AFileDialogDll.h">
      <Filter>Header Files</Filter>
    </ClInclude>
    <ClInclude Include="AFileDialogWrapper.h">
      <Filter>Header Files</Filter>
    </ClInclude>
    <ClInclude Include="AFileExpDecl.h">
      <Filter>Header Files</Filter>
    </ClInclude>
    <ClInclude Include="AFileGfxInterface.h">
      <Filter>Header Files</Filter>
    </ClInclude>
    <ClInclude Include="AFileImageWrapper.h">
      <Filter>Header Files</Filter>
    </ClInclude>
    <ClInclude Include="AFileItem.h">
      <Filter>Header Files</Filter>
    </ClInclude>
    <ClInclude Include="AFileItemType.h">
      <Filter>Header Files</Filter>
    </ClInclude>
    <ClInclude Include="AFilePreview.h">
      <Filter>Header Files</Filter>
    </ClInclude>
    <ClInclude Include="AFilePreviewWnd.h">
      <Filter>Header Files</Filter>
    </ClInclude>
    <ClInclude Include="AFileSkillGfxEventMan.h">
      <Filter>Header Files</Filter>
    </ClInclude>
    <ClInclude Include="AFTaskPlaySound.h">
      <Filter>Header Files</Filter>
    </ClInclude>
    <ClInclude Include="AImagePreviewImpl.h">
      <Filter>Header Files</Filter>
    </ClInclude>
    <ClInclude Include="AImagePreviewWrapper.h">
      <Filter>Header Files</Filter>
    </ClInclude>
    <ClInclude Include="AListCtrl.h">
      <Filter>Header Files</Filter>
    </ClInclude>
    <ClInclude Include="AListCtrl2.h">
      <Filter>Header Files</Filter>
    </ClInclude>
    <ClInclude Include="ARenderItem.h">
      <Filter>Header Files</Filter>
    </ClInclude>
    <ClInclude Include="ASoundPlayerImpl.h">
      <Filter>Header Files</Filter>
    </ClInclude>
    <ClInclude Include="ASoundPlayerWrapper.h">
      <Filter>Header Files</Filter>
    </ClInclude>
    <ClInclude Include="base64.h">
      <Filter>Header Files</Filter>
    </ClInclude>
    <ClInclude Include="CommonFileDlg.h">
      <Filter>Header Files</Filter>
    </ClInclude>
    <ClInclude Include="CommonFileName.h">
      <Filter>Header Files</Filter>
    </ClInclude>
    <ClInclude Include="DynSizeCtrl.h">
      <Filter>Header Files</Filter>
    </ClInclude>
    <ClInclude Include="ECMRenderItem.h">
      <Filter>Header Files</Filter>
    </ClInclude>
    <ClInclude Include="GfxRenderItem.h">
      <Filter>Header Files</Filter>
    </ClInclude>
    <ClInclude Include="IAFileDialog.h">
      <Filter>Header Files</Filter>
    </ClInclude>
    <ClInclude Include="ItemInfo.h">
      <Filter>Header Files</Filter>
    </ClInclude>
    <ClInclude Include="LuaBind.h">
      <Filter>Header Files</Filter>
    </ClInclude>
    <ClInclude Include="Render.h">
      <Filter>Header Files</Filter>
    </ClInclude>
    <ClInclude Include="Renderable2DObject.h">
      <Filter>Header Files</Filter>
    </ClInclude>
    <ClInclude Include="Renderable3DObject.h">
      <Filter>Header Files</Filter>
    </ClInclude>
    <ClInclude Include="RenderableObject.h">
      <Filter>Header Files</Filter>
    </ClInclude>
    <ClInclude Include="RenderWnd.h">
      <Filter>Header Files</Filter>
    </ClInclude>
    <ClInclude Include="resource.h">
      <Filter>Header Files</Filter>
    </ClInclude>
    <ClInclude Include="SMDRenderItem.h">
      <Filter>Header Files</Filter>
    </ClInclude>
    <ClInclude Include="StdAfx.h">
      <Filter>Header Files</Filter>
    </ClInclude>
    <ClInclude Include="SyncWrapper.h">
      <Filter>Header Files</Filter>
    </ClInclude>
    <ClInclude Include="TypeDefs.h">
      <Filter>Header Files</Filter>
    </ClInclude>
    <ClInclude Include="UMDRenderItem.h">
      <Filter>Header Files</Filter>
    </ClInclude>
    <ClInclude Include="UMDSRenderItem.h">
      <Filter>Header Files</Filter>
    </ClInclude>
  </ItemGroup>
  <ItemGroup>
    <ClCompile Include="AFileDialog.cpp">
      <Filter>Source Files</Filter>
    </ClCompile>
    <ClCompile Include="AFileDialog2.cpp">
      <Filter>Source Files</Filter>
    </ClCompile>
    <ClCompile Include="AFileDialogDll.cpp">
      <Filter>Source Files</Filter>
    </ClCompile>
    <ClCompile Include="AFileDialogWrapper.cpp">
      <Filter>Source Files</Filter>
    </ClCompile>
    <ClCompile Include="AFileGfxInterface.cpp">
      <Filter>Source Files</Filter>
    </ClCompile>
    <ClCompile Include="AFileImageWrapper.cpp">
      <Filter>Source Files</Filter>
    </ClCompile>
    <ClCompile Include="AFileItem.cpp">
      <Filter>Source Files</Filter>
    </ClCompile>
    <ClCompile Include="AFileItemType.cpp">
      <Filter>Source Files</Filter>
    </ClCompile>
    <ClCompile Include="AFilePreview.cpp">
      <Filter>Source Files</Filter>
    </ClCompile>
    <ClCompile Include="AFilePreviewWnd.cpp">
      <Filter>Source Files</Filter>
    </ClCompile>
    <ClCompile Include="AFileSkillGfxEventMan.cpp">
      <Filter>Source Files</Filter>
    </ClCompile>
    <ClCompile Include="AFTaskPlaySound.cpp">
      <Filter>Source Files</Filter>
    </ClCompile>
    <ClCompile Include="AImagePreviewImpl.cpp">
      <Filter>Source Files</Filter>
    </ClCompile>
    <ClCompile Include="AImagePreviewWrapper.cpp">
      <Filter>Source Files</Filter>
    </ClCompile>
    <ClCompile Include="AListCtrl.cpp">
      <Filter>Source Files</Filter>
    </ClCompile>
    <ClCompile Include="AListCtrl2.cpp">
      <Filter>Source Files</Filter>
    </ClCompile>
    <ClCompile Include="ASoundPlayerImpl.cpp">
      <Filter>Source Files</Filter>
    </ClCompile>
    <ClCompile Include="ASoundPlayerWrapper.cpp">
      <Filter>Source Files</Filter>
    </ClCompile>
    <ClCompile Include="CommonFileDlg.cpp">
      <Filter>Source Files</Filter>
    </ClCompile>
    <ClCompile Include="CommonFileName.cpp">
      <Filter>Source Files</Filter>
    </ClCompile>
    <ClCompile Include="DynSizeCtrl.cpp">
      <Filter>Source Files</Filter>
    </ClCompile>
    <ClCompile Include="ECMRenderItem.cpp">
      <Filter>Source Files</Filter>
    </ClCompile>
    <ClCompile Include="GfxRenderItem.cpp">
      <Filter>Source Files</Filter>
    </ClCompile>
    <ClCompile Include="ItemInfo.cpp">
      <Filter>Source Files</Filter>
    </ClCompile>
    <ClCompile Include="LuaBind.cpp">
      <Filter>Source Files</Filter>
    </ClCompile>
    <ClCompile Include="Render.cpp">
      <Filter>Source Files</Filter>
    </ClCompile>
    <ClCompile Include="Renderable2DObject.cpp">
      <Filter>Source Files</Filter>
    </ClCompile>
    <ClCompile Include="Renderable3DObject.cpp">
      <Filter>Source Files</Filter>
    </ClCompile>
    <ClCompile Include="RenderableObject.cpp">
      <Filter>Source Files</Filter>
    </ClCompile>
    <ClCompile Include="RenderWnd.cpp">
      <Filter>Source Files</Filter>
    </ClCompile>
    <ClCompile Include="SMDRenderItem.cpp">
      <Filter>Source Files</Filter>
    </ClCompile>
    <ClCompile Include="StdAfx.cpp">
      <Filter>Source Files</Filter>
    </ClCompile>
    <ClCompile Include="UMDRenderItem.cpp">
      <Filter>Source Files</Filter>
    </ClCompile>
    <ClCompile Include="UMDSRenderItem.cpp">
      <Filter>Source Files</Filter>
    </ClCompile>
  </ItemGroup>
  <ItemGroup>
    <ResourceCompile Include="AFileDialogDll.rc">
      <Filter>Resource Files</Filter>
    </ResourceCompile>
  </ItemGroup>
  <ItemGroup>
    <None Include="res\AFileDialogDll.rc2">
      <Filter>Resource Files</Filter>
    </None>
  </ItemGroup>
  <ItemGroup>
    <Image Include="res\arrow_back.bmp">
      <Filter>Resource Files</Filter>
    </Image>
    <Image Include="res\arrow_up.bmp">
      <Filter>Resource Files</Filter>
    </Image>
    <Image Include="res\bitmap1.bmp">
      <Filter>Resource Files</Filter>
    </Image>
    <Image Include="res\bitmap3.bmp">
      <Filter>Resource Files</Filter>
    </Image>
    <Image Include="res\icon_directory.bmp">
      <Filter>Resource Files</Filter>
    </Image>
    <Image Include="res\icon_other.bmp">
      <Filter>Resource Files</Filter>
    </Image>
    <Image Include="res\icon_picture.bmp">
      <Filter>Resource Files</Filter>
    </Image>
    <Image Include="res\icon_sound.bmp">
      <Filter>Resource Files</Filter>
    </Image>
    <Image Include="res\icon_text.bmp">
      <Filter>Resource Files</Filter>
    </Image>
    <Image Include="res\listicon.bmp">
      <Filter>Resource Files</Filter>
    </Image>
    <Image Include="res\selectfolder.bmp">
      <Filter>Resource Files</Filter>
    </Image>
    <Image Include="res\sort.bmp">
      <Filter>Resource Files</Filter>
    </Image>
  </ItemGroup>
</Project>