<?xml version="1.0" encoding="utf-8"?>
<Project ToolsVersion="4.0" xmlns="http://schemas.microsoft.com/developer/msbuild/2003">
  <ItemGroup>
    <Filter Include="Source Files">
      <UniqueIdentifier>{4FC737F1-C7A5-4376-A066-2A32D752A2FF}</UniqueIdentifier>
      <Extensions>cpp;c;cc;cxx;c++;cppm;ixx;def;odl;idl;hpj;bat;asm;asmx</Extensions>
    </Filter>
    <Filter Include="Header Files">
      <UniqueIdentifier>{93995380-89BD-4b04-88EB-625FBE52EBFB}</UniqueIdentifier>
      <Extensions>h;hh;hpp;hxx;h++;hm;inl;inc;ipp;xsd</Extensions>
    </Filter>
    <Filter Include="Resource Files">
      <UniqueIdentifier>{67DA6AB6-F800-4c08-8B7A-83BB121AAD01}</UniqueIdentifier>
      <Extensions>rc;ico;cur;bmp;dlg;rc2;rct;bin;rgs;gif;jpg;jpeg;jpe;resx;tiff;tif;png;wav;mfcribbon-ms</Extensions>
    </Filter>
  </ItemGroup>
  <ItemGroup>
    <ClCompile Include="2DGiftWrap.cpp">
      <Filter>Source Files</Filter>
    </ClCompile>
    <ClCompile Include="2DObstruct.cpp">
      <Filter>Source Files</Filter>
    </ClCompile>
    <ClCompile Include="aabbcd.cpp">
      <Filter>Source Files</Filter>
    </ClCompile>
    <ClCompile Include="BestFit.cpp">
      <Filter>Source Files</Filter>
    </ClCompile>
    <ClCompile Include="CDWithCH.cpp">
      <Filter>Source Files</Filter>
    </ClCompile>
    <ClCompile Include="CombGenerator.cpp">
      <Filter>Source Files</Filter>
    </ClCompile>
    <ClCompile Include="ConvexHullAlgorithm.cpp">
      <Filter>Source Files</Filter>
    </ClCompile>
    <ClCompile Include="ConvexHullArchive.cpp">
      <Filter>Source Files</Filter>
    </ClCompile>
    <ClCompile Include="ConvexHullData.cpp">
      <Filter>Source Files</Filter>
    </ClCompile>
    <ClCompile Include="ConvexPolytope.cpp">
      <Filter>Source Files</Filter>
    </ClCompile>
    <ClCompile Include="EdgeStack.cpp">
      <Filter>Source Files</Filter>
    </ClCompile>
    <ClCompile Include="Face.cpp">
      <Filter>Source Files</Filter>
    </ClCompile>
    <ClCompile Include="GiftWrap.cpp">
      <Filter>Source Files</Filter>
    </ClCompile>
    <ClCompile Include="HalfSpace.cpp">
      <Filter>Source Files</Filter>
    </ClCompile>
    <ClCompile Include="LEquations.cpp">
      <Filter>Source Files</Filter>
    </ClCompile>
    <ClCompile Include="Matrix.cpp">
      <Filter>Source Files</Filter>
    </ClCompile>
    <ClCompile Include="Patch.cpp">
      <Filter>Source Files</Filter>
    </ClCompile>
    <ClCompile Include="RightPrism.cpp">
      <Filter>Source Files</Filter>
    </ClCompile>
  </ItemGroup>
  <ItemGroup>
    <ClInclude Include="2DGiftWrap.h">
      <Filter>Header Files</Filter>
    </ClInclude>
    <ClInclude Include="2DObstruct.h">
      <Filter>Header Files</Filter>
    </ClInclude>
    <ClInclude Include="aabbcd.h">
      <Filter>Header Files</Filter>
    </ClInclude>
    <ClInclude Include="BestFit.h">
      <Filter>Header Files</Filter>
    </ClInclude>
    <ClInclude Include="CDWithCH.h">
      <Filter>Header Files</Filter>
    </ClInclude>
    <ClInclude Include="CombGenerator.h">
      <Filter>Header Files</Filter>
    </ClInclude>
    <ClInclude Include="ConvexHullAlgorithm.h">
      <Filter>Header Files</Filter>
    </ClInclude>
    <ClInclude Include="ConvexHullArchive.h">
      <Filter>Header Files</Filter>
    </ClInclude>
    <ClInclude Include="ConvexHullData.h">
      <Filter>Header Files</Filter>
    </ClInclude>
    <ClInclude Include="ConvexPolytope.h">
      <Filter>Header Files</Filter>
    </ClInclude>
    <ClInclude Include="EdgeStack.h">
      <Filter>Header Files</Filter>
    </ClInclude>
    <ClInclude Include="Face.h">
      <Filter>Header Files</Filter>
    </ClInclude>
    <ClInclude Include="GiftWrap.h">
      <Filter>Header Files</Filter>
    </ClInclude>
    <ClInclude Include="HalfSpace.h">
      <Filter>Header Files</Filter>
    </ClInclude>
    <ClInclude Include="LEquations.h">
      <Filter>Header Files</Filter>
    </ClInclude>
    <ClInclude Include="Matrix.h">
      <Filter>Header Files</Filter>
    </ClInclude>
    <ClInclude Include="Patch.h">
      <Filter>Header Files</Filter>
    </ClInclude>
    <ClInclude Include="RightPrism.h">
      <Filter>Header Files</Filter>
    </ClInclude>
  </ItemGroup>
</Project>