<?xml version="1.0" encoding="utf-8"?>
<Project ToolsVersion="4.0" xmlns="http://schemas.microsoft.com/developer/msbuild/2003">
  <ItemGroup>
    <Filter Include="Source Files">
      <UniqueIdentifier>{4FC737F1-C7A5-4376-A066-2A32D752A2FF}</UniqueIdentifier>
      <Extensions>cpp;c;cc;cxx;c++;cppm;ixx;def;odl;idl;hpj;bat;asm;asmx</Extensions>
    </Filter>
    <Filter Include="Header Files">
      <UniqueIdentifier>{93995380-89BD-4b04-88EB-625FBE52EBFB}</UniqueIdentifier>
      <Extensions>h;hh;hpp;hxx;h++;hm;inl;inc;ipp;xsd</Extensions>
    </Filter>
    <Filter Include="Resource Files">
      <UniqueIdentifier>{67DA6AB6-F800-4c08-8B7A-83BB121AAD01}</UniqueIdentifier>
      <Extensions>rc;ico;cur;bmp;dlg;rc2;rct;bin;rgs;gif;jpg;jpeg;jpe;resx;tiff;tif;png;wav;mfcribbon-ms</Extensions>
    </Filter>
  </ItemGroup>
  <ItemGroup>
    <ClInclude Include="Header\AArray.h">
      <Filter>Header Files</Filter>
    </ClInclude>
    <ClInclude Include="Header\AAssist.h">
      <Filter>Header Files</Filter>
    </ClInclude>
    <ClInclude Include="Header\ABaseDef.h">
      <Filter>Header Files</Filter>
    </ClInclude>
    <ClInclude Include="Header\AC.h">
      <Filter>Header Files</Filter>
    </ClInclude>
    <ClInclude Include="Header\AChar.h">
      <Filter>Header Files</Filter>
    </ClInclude>
    <ClInclude Include="Header\ACounter.h">
      <Filter>Header Files</Filter>
    </ClInclude>
    <ClInclude Include="Header\ACPlatform.h">
      <Filter>Header Files</Filter>
    </ClInclude>
    <ClInclude Include="Header\ACSWrapper.h">
      <Filter>Header Files</Filter>
    </ClInclude>
    <ClInclude Include="Header\AList.h">
      <Filter>Header Files</Filter>
    </ClInclude>
    <ClInclude Include="Header\AList2.h">
      <Filter>Header Files</Filter>
    </ClInclude>
    <ClInclude Include="Header\ALog.h">
      <Filter>Header Files</Filter>
    </ClInclude>
    <ClInclude Include="Header\AMemory.h">
      <Filter>Header Files</Filter>
    </ClInclude>
    <ClInclude Include="Header\AMiniDump.h">
      <Filter>Header Files</Filter>
    </ClInclude>
    <ClInclude Include="Header\AObjectPool.h">
      <Filter>Header Files</Filter>
    </ClInclude>
    <ClInclude Include="Header\APerlinNoise1D.h">
      <Filter>Header Files</Filter>
    </ClInclude>
    <ClInclude Include="Header\APerlinNoise2D.h">
      <Filter>Header Files</Filter>
    </ClInclude>
    <ClInclude Include="Header\APerlinNoise3D.h">
      <Filter>Header Files</Filter>
    </ClInclude>
    <ClInclude Include="Header\APerlinNoiseBase.h">
      <Filter>Header Files</Filter>
    </ClInclude>
    <ClInclude Include="Header\APoint.h">
      <Filter>Header Files</Filter>
    </ClInclude>
    <ClInclude Include="Header\ARandomGen.h">
      <Filter>Header Files</Filter>
    </ClInclude>
    <ClInclude Include="Header\ARect.h">
      <Filter>Header Files</Filter>
    </ClInclude>
    <ClInclude Include="Header\AStack.h">
      <Filter>Header Files</Filter>
    </ClInclude>
    <ClInclude Include="Header\AString.h">
      <Filter>Header Files</Filter>
    </ClInclude>
    <ClInclude Include="Header\ATempMemMan.h">
      <Filter>Header Files</Filter>
    </ClInclude>
    <ClInclude Include="Header\ATime.h">
      <Filter>Header Files</Filter>
    </ClInclude>
    <ClInclude Include="Header\AWString.h">
      <Filter>Header Files</Filter>
    </ClInclude>
    <ClInclude Include="Header\deque.h">
      <Filter>Header Files</Filter>
    </ClInclude>
    <ClInclude Include="Header\hashmap.h">
      <Filter>Header Files</Filter>
    </ClInclude>
    <ClInclude Include="Header\hashtab.h">
      <Filter>Header Files</Filter>
    </ClInclude>
    <ClInclude Include="Header\jexception.h">
      <Filter>Header Files</Filter>
    </ClInclude>
    <ClInclude Include="Header\vector.h">
      <Filter>Header Files</Filter>
    </ClInclude>
    <ClInclude Include="Header\Instrument.h">
      <Filter>Header Files</Filter>
    </ClInclude>
    <ClInclude Include="Header\FastMemcpy.h">
      <Filter>Header Files</Filter>
    </ClInclude>
  </ItemGroup>
  <ItemGroup>
    <ClCompile Include="Source\AAssist.cpp">
      <Filter>Source Files</Filter>
    </ClCompile>
    <ClCompile Include="Source\ACounter.cpp">
      <Filter>Source Files</Filter>
    </ClCompile>
    <ClCompile Include="Source\AList.cpp">
      <Filter>Source Files</Filter>
    </ClCompile>
    <ClCompile Include="Source\ALog.cpp">
      <Filter>Source Files</Filter>
    </ClCompile>
    <ClCompile Include="Source\AMemory.cpp">
      <Filter>Source Files</Filter>
    </ClCompile>
    <ClCompile Include="Source\AMemoryDbg.cpp">
      <Filter>Source Files</Filter>
    </ClCompile>
    <ClCompile Include="Source\AMiniDump.cpp">
      <Filter>Source Files</Filter>
    </ClCompile>
    <ClCompile Include="Source\APerlinNoise1D.cpp">
      <Filter>Source Files</Filter>
    </ClCompile>
    <ClCompile Include="Source\APerlinNoise2D.cpp">
      <Filter>Source Files</Filter>
    </ClCompile>
    <ClCompile Include="Source\APerlinNoise3D.cpp">
      <Filter>Source Files</Filter>
    </ClCompile>
    <ClCompile Include="Source\APerlinNoiseBase.cpp">
      <Filter>Source Files</Filter>
    </ClCompile>
    <ClCompile Include="Source\ARandomGen.cpp">
      <Filter>Source Files</Filter>
    </ClCompile>
    <ClCompile Include="Source\AString.cpp">
      <Filter>Source Files</Filter>
    </ClCompile>
    <ClCompile Include="Source\ATempMemMan.cpp">
      <Filter>Source Files</Filter>
    </ClCompile>
    <ClCompile Include="Source\ATime.cpp">
      <Filter>Source Files</Filter>
    </ClCompile>
    <ClCompile Include="Source\AWString.cpp">
      <Filter>Source Files</Filter>
    </ClCompile>
    <ClCompile Include="Source\jexception.cpp">
      <Filter>Source Files</Filter>
    </ClCompile>
  </ItemGroup>
</Project>