<?xml version="1.0" encoding="utf-8"?>
<Project ToolsVersion="4.0" xmlns="http://schemas.microsoft.com/developer/msbuild/2003">
  <ItemGroup>
    <Filter Include="Source Files">
      <UniqueIdentifier>{b952c0fd-2299-45c6-b8e5-150a986fc798}</UniqueIdentifier>
      <Extensions>cpp;c;cxx;rc;def;r;odl;idl;hpj;bat</Extensions>
    </Filter>
    <Filter Include="Header Files">
      <UniqueIdentifier>{48a98fde-1c14-4f22-b9df-9598f731359c}</UniqueIdentifier>
      <Extensions>h;hpp;hxx;hm;inl</Extensions>
    </Filter>
    <Filter Include="Resource Files">
      <UniqueIdentifier>{a4b28a39-12df-4763-b73b-15ca4a2a25d5}</UniqueIdentifier>
      <Extensions>ico;cur;bmp;dlg;rc2;rct;bin;rgs;gif;jpg;jpeg;jpe</Extensions>
    </Filter>
  </ItemGroup>
  <ItemGroup>
    <ClCompile Include="AnimWindow.cpp">
      <Filter>Source Files</Filter>
    </ClCompile>
    <ClCompile Include="Base64.cpp">
      <Filter>Source Files</Filter>
    </ClCompile>
    <ClCompile Include="ControlWindow.cpp">
      <Filter>Source Files</Filter>
    </ClCompile>
    <ClCompile Include="GetDXVer.cpp">
      <Filter>Source Files</Filter>
    </ClCompile>
    <ClCompile Include="NewSkin.cpp">
      <Filter>Source Files</Filter>
    </ClCompile>
    <ClCompile Include="NewSkinDlg.cpp">
      <Filter>Source Files</Filter>
    </ClCompile>
    <ClCompile Include="PackUPdater.cpp">
      <Filter>Source Files</Filter>
    </ClCompile>
    <ClCompile Include="SkinItem.cpp">
      <Filter>Source Files</Filter>
    </ClCompile>
    <ClCompile Include="SkinWindow.cpp">
      <Filter>Source Files</Filter>
    </ClCompile>
    <ClCompile Include="StdAfx.cpp">
      <Filter>Source Files</Filter>
    </ClCompile>
    <ClCompile Include="Update.cpp">
      <Filter>Source Files</Filter>
    </ClCompile>
    <ClCompile Include="XMLFile.cpp">
      <Filter>Source Files</Filter>
    </ClCompile>
  </ItemGroup>
  <ItemGroup>
    <ResourceCompile Include="NewSkin.rc">
      <Filter>Source Files</Filter>
    </ResourceCompile>
  </ItemGroup>
  <ItemGroup>
    <ClInclude Include="..\CElement\CElementClient\AMiniDump.h">
      <Filter>Header Files</Filter>
    </ClInclude>
    <ClInclude Include="AnimWindow.h">
      <Filter>Header Files</Filter>
    </ClInclude>
    <ClInclude Include="Base64.h">
      <Filter>Header Files</Filter>
    </ClInclude>
    <ClInclude Include="ControlWindow.h">
      <Filter>Header Files</Filter>
    </ClInclude>
    <ClInclude Include="NewSkin.h">
      <Filter>Header Files</Filter>
    </ClInclude>
    <ClInclude Include="NewSkinDlg.h">
      <Filter>Header Files</Filter>
    </ClInclude>
    <ClInclude Include="PackUpdater.h">
      <Filter>Header Files</Filter>
    </ClInclude>
    <ClInclude Include="Resource.h">
      <Filter>Header Files</Filter>
    </ClInclude>
    <ClInclude Include="SkinItem.h">
      <Filter>Header Files</Filter>
    </ClInclude>
    <ClInclude Include="SkinWindow.h">
      <Filter>Header Files</Filter>
    </ClInclude>
    <ClInclude Include="StdAfx.h">
      <Filter>Header Files</Filter>
    </ClInclude>
    <ClInclude Include="Update.h">
      <Filter>Header Files</Filter>
    </ClInclude>
    <ClInclude Include="Updater.h">
      <Filter>Header Files</Filter>
    </ClInclude>
    <ClInclude Include="XMLFile.h">
      <Filter>Header Files</Filter>
    </ClInclude>
  </ItemGroup>
  <ItemGroup>
    <Image Include="res\NewSkin.ico">
      <Filter>Resource Files</Filter>
    </Image>
  </ItemGroup>
  <ItemGroup>
    <None Include="res\NewSkin.rc2">
      <Filter>Resource Files</Filter>
    </None>
  </ItemGroup>
  <ItemGroup>
    <Text Include="ReadMe.txt" />
  </ItemGroup>
</Project>