<?xml version="1.0" encoding="utf-8"?>
<Project ToolsVersion="4.0" xmlns="http://schemas.microsoft.com/developer/msbuild/2003">
  <ItemGroup>
    <Filter Include="Source Files">
      <UniqueIdentifier>{4FC737F1-C7A5-4376-A066-2A32D752A2FF}</UniqueIdentifier>
      <Extensions>cpp;c;cc;cxx;c++;cppm;ixx;def;odl;idl;hpj;bat;asm;asmx</Extensions>
    </Filter>
    <Filter Include="Header Files">
      <UniqueIdentifier>{93995380-89BD-4b04-88EB-625FBE52EBFB}</UniqueIdentifier>
      <Extensions>h;hh;hpp;hxx;h++;hm;inl;inc;ipp;xsd</Extensions>
    </Filter>
    <Filter Include="Resource Files">
      <UniqueIdentifier>{67DA6AB6-F800-4c08-8B7A-83BB121AAD01}</UniqueIdentifier>
      <Extensions>rc;ico;cur;bmp;dlg;rc2;rct;bin;rgs;gif;jpg;jpeg;jpe;resx;tiff;tif;png;wav;mfcribbon-ms</Extensions>
    </Filter>
  </ItemGroup>
  <ItemGroup>
    <ClInclude Include="bitimage.h">
      <Filter>Header Files</Filter>
    </ClInclude>
    <ClInclude Include="blockimage.h">
      <Filter>Header Files</Filter>
    </ClInclude>
    <ClInclude Include="CluCommon.h">
      <Filter>Header Files</Filter>
    </ClInclude>
    <ClInclude Include="CluGraph.h">
      <Filter>Header Files</Filter>
    </ClInclude>
    <ClInclude Include="CluGraphConnector.h">
      <Filter>Header Files</Filter>
    </ClInclude>
    <ClInclude Include="ClusterAbstraction.h">
      <Filter>Header Files</Filter>
    </ClInclude>
    <ClInclude Include="GAStar.h">
      <Filter>Header Files</Filter>
    </ClInclude>
    <ClInclude Include="GHeap.h">
      <Filter>Header Files</Filter>
    </ClInclude>
    <ClInclude Include="Graph.h">
      <Filter>Header Files</Filter>
    </ClInclude>
    <ClInclude Include="HeightImage.h">
      <Filter>Header Files</Filter>
    </ClInclude>
    <ClInclude Include="Island.h">
      <Filter>Header Files</Filter>
    </ClInclude>
    <ClInclude Include="JointList.h">
      <Filter>Header Files</Filter>
    </ClInclude>
    <ClInclude Include="LayerMap.h">
      <Filter>Header Files</Filter>
    </ClInclude>
    <ClInclude Include="MapGraph.h">
      <Filter>Header Files</Filter>
    </ClInclude>
    <ClInclude Include="MapNode.h">
      <Filter>Header Files</Filter>
    </ClInclude>
    <ClInclude Include="MAStar.h">
      <Filter>Header Files</Filter>
    </ClInclude>
    <ClInclude Include="MoveAgent.h">
      <Filter>Header Files</Filter>
    </ClInclude>
    <ClInclude Include="MoveMap.h">
      <Filter>Header Files</Filter>
    </ClInclude>
    <ClInclude Include="MultiCluGraph.h">
      <Filter>Header Files</Filter>
    </ClInclude>
    <ClInclude Include="OptimizePath.h">
      <Filter>Header Files</Filter>
    </ClInclude>
    <ClInclude Include="PfClu.h">
      <Filter>Header Files</Filter>
    </ClInclude>
    <ClInclude Include="PfConstant.h">
      <Filter>Header Files</Filter>
    </ClInclude>
  </ItemGroup>
  <ItemGroup>
    <ClCompile Include="CluCommon.cpp">
      <Filter>Source Files</Filter>
    </ClCompile>
    <ClCompile Include="CluGraph.cpp">
      <Filter>Source Files</Filter>
    </ClCompile>
    <ClCompile Include="CluGraphConnector.cpp">
      <Filter>Source Files</Filter>
    </ClCompile>
    <ClCompile Include="ClusterAbstraction.cpp">
      <Filter>Source Files</Filter>
    </ClCompile>
    <ClCompile Include="GAStar.cpp">
      <Filter>Source Files</Filter>
    </ClCompile>
    <ClCompile Include="GHeap.cpp">
      <Filter>Source Files</Filter>
    </ClCompile>
    <ClCompile Include="Graph.cpp">
      <Filter>Source Files</Filter>
    </ClCompile>
    <ClCompile Include="Island.cpp">
      <Filter>Source Files</Filter>
    </ClCompile>
    <ClCompile Include="JointList.cpp">
      <Filter>Source Files</Filter>
    </ClCompile>
    <ClCompile Include="LayerMap.cpp">
      <Filter>Source Files</Filter>
    </ClCompile>
    <ClCompile Include="MapGraph.cpp">
      <Filter>Source Files</Filter>
    </ClCompile>
    <ClCompile Include="MapNode.cpp">
      <Filter>Source Files</Filter>
    </ClCompile>
    <ClCompile Include="MAStar.cpp">
      <Filter>Source Files</Filter>
    </ClCompile>
    <ClCompile Include="MoveAgent.cpp">
      <Filter>Source Files</Filter>
    </ClCompile>
    <ClCompile Include="MoveMap.cpp">
      <Filter>Source Files</Filter>
    </ClCompile>
    <ClCompile Include="MultiCluGraph.cpp">
      <Filter>Source Files</Filter>
    </ClCompile>
    <ClCompile Include="OptimizePath.cpp">
      <Filter>Source Files</Filter>
    </ClCompile>
    <ClCompile Include="PfClu.cpp">
      <Filter>Source Files</Filter>
    </ClCompile>
    <ClCompile Include="PfConstant.cpp">
      <Filter>Source Files</Filter>
    </ClCompile>
  </ItemGroup>
</Project>