<?xml version="1.0" encoding="utf-8"?>
<Project ToolsVersion="4.0" xmlns="http://schemas.microsoft.com/developer/msbuild/2003">
  <ItemGroup>
    <Filter Include="Source Files">
      <UniqueIdentifier>{4FC737F1-C7A5-4376-A066-2A32D752A2FF}</UniqueIdentifier>
      <Extensions>cpp;c;cc;cxx;c++;cppm;ixx;def;odl;idl;hpj;bat;asm;asmx</Extensions>
    </Filter>
    <Filter Include="Header Files">
      <UniqueIdentifier>{93995380-89BD-4b04-88EB-625FBE52EBFB}</UniqueIdentifier>
      <Extensions>h;hh;hpp;hxx;h++;hm;inl;inc;ipp;xsd</Extensions>
    </Filter>
    <Filter Include="Resource Files">
      <UniqueIdentifier>{67DA6AB6-F800-4c08-8B7A-83BB121AAD01}</UniqueIdentifier>
      <Extensions>rc;ico;cur;bmp;dlg;rc2;rct;bin;rgs;gif;jpg;jpeg;jpe;resx;tiff;tif;png;wav;mfcribbon-ms</Extensions>
    </Filter>
  </ItemGroup>
  <ItemGroup>
    <ClCompile Include="A2DDotLine.cpp">
      <Filter>Source Files</Filter>
    </ClCompile>
    <ClCompile Include="A2DDotLineMan.cpp">
      <Filter>Source Files</Filter>
    </ClCompile>
    <ClCompile Include="A3DAlterableSkinModel.cpp">
      <Filter>Source Files</Filter>
    </ClCompile>
    <ClCompile Include="A3DFTFont.cpp">
      <Filter>Source Files</Filter>
    </ClCompile>
    <ClCompile Include="A3DFTFontMan.cpp">
      <Filter>Source Files</Filter>
    </ClCompile>
    <ClCompile Include="AStringWithWildcard.cpp">
      <Filter>Source Files</Filter>
    </ClCompile>
    <ClCompile Include="AUI.cpp">
      <Filter>Source Files</Filter>
    </ClCompile>
    <ClCompile Include="AUICheckBox.cpp">
      <Filter>Source Files</Filter>
    </ClCompile>
    <ClCompile Include="AUIClockIcon.cpp">
      <Filter>Source Files</Filter>
    </ClCompile>
    <ClCompile Include="AUIComboBox.cpp">
      <Filter>Source Files</Filter>
    </ClCompile>
    <ClCompile Include="AUICommon.cpp">
      <Filter>Source Files</Filter>
    </ClCompile>
    <ClCompile Include="AUIConsole.cpp">
      <Filter>Source Files</Filter>
    </ClCompile>
    <ClCompile Include="AUICTranslate.cpp">
      <Filter>Source Files</Filter>
    </ClCompile>
    <ClCompile Include="AUICustomize.cpp">
      <Filter>Source Files</Filter>
    </ClCompile>
    <ClCompile Include="AUIDialog.cpp">
      <Filter>Source Files</Filter>
    </ClCompile>
    <ClCompile Include="AUIEditBox.cpp">
      <Filter>Source Files</Filter>
    </ClCompile>
    <ClCompile Include="AUIFrame.cpp">
      <Filter>Source Files</Filter>
    </ClCompile>
    <ClCompile Include="AUIImagePicture.cpp">
      <Filter>Source Files</Filter>
    </ClCompile>
    <ClCompile Include="AUIImeHook.cpp">
      <Filter>Source Files</Filter>
    </ClCompile>
    <ClCompile Include="AUILabel.cpp">
      <Filter>Source Files</Filter>
    </ClCompile>
    <ClCompile Include="AUIListBox.cpp">
      <Filter>Source Files</Filter>
    </ClCompile>
    <ClCompile Include="AUILuaDialog.cpp">
      <Filter>Source Files</Filter>
    </ClCompile>
    <ClCompile Include="AUILuaManager.cpp">
      <Filter>Source Files</Filter>
    </ClCompile>
    <ClCompile Include="AUIManager.cpp">
      <Filter>Source Files</Filter>
    </ClCompile>
    <ClCompile Include="AUIModelPicture.cpp">
      <Filter>Source Files</Filter>
    </ClCompile>
    <ClCompile Include="AUIObject.cpp">
      <Filter>Source Files</Filter>
    </ClCompile>
    <ClCompile Include="AUIObjectTemplateManager.cpp">
      <Filter>Source Files</Filter>
    </ClCompile>
    <ClCompile Include="AUIPicture.cpp">
      <Filter>Source Files</Filter>
    </ClCompile>
    <ClCompile Include="AUIProgress.cpp">
      <Filter>Source Files</Filter>
    </ClCompile>
    <ClCompile Include="AUIRadioButton.cpp">
      <Filter>Source Files</Filter>
    </ClCompile>
    <ClCompile Include="AUIScroll.cpp">
      <Filter>Source Files</Filter>
    </ClCompile>
    <ClCompile Include="AUISlider.cpp">
      <Filter>Source Files</Filter>
    </ClCompile>
    <ClCompile Include="AUIStillImageButton.cpp">
      <Filter>Source Files</Filter>
    </ClCompile>
    <ClCompile Include="AUISubDialog.cpp">
      <Filter>Source Files</Filter>
    </ClCompile>
    <ClCompile Include="AUITag.cpp">
      <Filter>Source Files</Filter>
    </ClCompile>
    <ClCompile Include="AUITextArea.cpp">
      <Filter>Source Files</Filter>
    </ClCompile>
    <ClCompile Include="AUITreeView.cpp">
      <Filter>Source Files</Filter>
    </ClCompile>
    <ClCompile Include="AUIVerticalText.cpp">
      <Filter>Source Files</Filter>
    </ClCompile>
    <ClCompile Include="AUIWindowPicture.cpp">
      <Filter>Source Files</Filter>
    </ClCompile>
    <ClCompile Include="AXMLFile.cpp">
      <Filter>Source Files</Filter>
    </ClCompile>
    <ClCompile Include="CSplit.cpp">
      <Filter>Source Files</Filter>
    </ClCompile>
    <ClCompile Include="ImeUi.cpp">
      <Filter>Source Files</Filter>
    </ClCompile>
    <ClCompile Include="IMEWrapper.cpp">
      <Filter>Source Files</Filter>
    </ClCompile>
    <ClCompile Include="LuaDlgApi.cpp">
      <Filter>Source Files</Filter>
    </ClCompile>
    <ClCompile Include="UIRenderTarget.cpp">
      <Filter>Source Files</Filter>
    </ClCompile>
    <ClCompile Include="WndThreadManager.cpp">
      <Filter>Source Files</Filter>
    </ClCompile>
  </ItemGroup>
  <ItemGroup>
    <ClInclude Include="A2DDotLine.h">
      <Filter>Header Files</Filter>
    </ClInclude>
    <ClInclude Include="A2DDotLineMan.h">
      <Filter>Header Files</Filter>
    </ClInclude>
    <ClInclude Include="A3DAlterableSkinModel.h">
      <Filter>Header Files</Filter>
    </ClInclude>
    <ClInclude Include="A3DFTFont.h">
      <Filter>Header Files</Filter>
    </ClInclude>
    <ClInclude Include="A3DFTFontMan.h">
      <Filter>Header Files</Filter>
    </ClInclude>
    <ClInclude Include="AStringWithWildcard.h">
      <Filter>Header Files</Filter>
    </ClInclude>
    <ClInclude Include="AUI.h">
      <Filter>Header Files</Filter>
    </ClInclude>
    <ClInclude Include="AUICheckBox.h">
      <Filter>Header Files</Filter>
    </ClInclude>
    <ClInclude Include="AUIClockIcon.h">
      <Filter>Header Files</Filter>
    </ClInclude>
    <ClInclude Include="AUIComboBox.h">
      <Filter>Header Files</Filter>
    </ClInclude>
    <ClInclude Include="AUICommon.h">
      <Filter>Header Files</Filter>
    </ClInclude>
    <ClInclude Include="AUIConsole.h">
      <Filter>Header Files</Filter>
    </ClInclude>
    <ClInclude Include="AUICTranslate.h">
      <Filter>Header Files</Filter>
    </ClInclude>
    <ClInclude Include="AUICustomize.h">
      <Filter>Header Files</Filter>
    </ClInclude>
    <ClInclude Include="AUIDef.h">
      <Filter>Header Files</Filter>
    </ClInclude>
    <ClInclude Include="AUIDialog.h">
      <Filter>Header Files</Filter>
    </ClInclude>
    <ClInclude Include="AUIEditBox.h">
      <Filter>Header Files</Filter>
    </ClInclude>
    <ClInclude Include="AUIFrame.h">
      <Filter>Header Files</Filter>
    </ClInclude>
    <ClInclude Include="AUIImagePicture.h">
      <Filter>Header Files</Filter>
    </ClInclude>
    <ClInclude Include="AUIImeHook.h">
      <Filter>Header Files</Filter>
    </ClInclude>
    <ClInclude Include="AUILabel.h">
      <Filter>Header Files</Filter>
    </ClInclude>
    <ClInclude Include="AUIListBox.h">
      <Filter>Header Files</Filter>
    </ClInclude>
    <ClInclude Include="AUILuaDialog.h">
      <Filter>Header Files</Filter>
    </ClInclude>
    <ClInclude Include="AUILuaManager.h">
      <Filter>Header Files</Filter>
    </ClInclude>
    <ClInclude Include="AUIManager.h">
      <Filter>Header Files</Filter>
    </ClInclude>
    <ClInclude Include="AUIModelPicture.h">
      <Filter>Header Files</Filter>
    </ClInclude>
    <ClInclude Include="AUIObject.h">
      <Filter>Header Files</Filter>
    </ClInclude>
    <ClInclude Include="AUIObjectTemplateManager.h">
      <Filter>Header Files</Filter>
    </ClInclude>
    <ClInclude Include="AUIPicture.h">
      <Filter>Header Files</Filter>
    </ClInclude>
    <ClInclude Include="AUIProgress.h">
      <Filter>Header Files</Filter>
    </ClInclude>
    <ClInclude Include="AUIRadioButton.h">
      <Filter>Header Files</Filter>
    </ClInclude>
    <ClInclude Include="AUIScroll.h">
      <Filter>Header Files</Filter>
    </ClInclude>
    <ClInclude Include="AUISlider.h">
      <Filter>Header Files</Filter>
    </ClInclude>
    <ClInclude Include="AUIStillImageButton.h">
      <Filter>Header Files</Filter>
    </ClInclude>
    <ClInclude Include="AUISubDialog.h">
      <Filter>Header Files</Filter>
    </ClInclude>
    <ClInclude Include="AUITag.h">
      <Filter>Header Files</Filter>
    </ClInclude>
    <ClInclude Include="AUITextArea.h">
      <Filter>Header Files</Filter>
    </ClInclude>
    <ClInclude Include="AUITreeView.h">
      <Filter>Header Files</Filter>
    </ClInclude>
    <ClInclude Include="AUIVerticalText.h">
      <Filter>Header Files</Filter>
    </ClInclude>
    <ClInclude Include="AUIWindowPicture.h">
      <Filter>Header Files</Filter>
    </ClInclude>
    <ClInclude Include="AXMLFile.h">
      <Filter>Header Files</Filter>
    </ClInclude>
    <ClInclude Include="CSplit.h">
      <Filter>Header Files</Filter>
    </ClInclude>
    <ClInclude Include="FTInterface.h">
      <Filter>Header Files</Filter>
    </ClInclude>
    <ClInclude Include="ImeUi.h">
      <Filter>Header Files</Filter>
    </ClInclude>
    <ClInclude Include="IMEWrapper.h">
      <Filter>Header Files</Filter>
    </ClInclude>
    <ClInclude Include="LuaDlgApi.h">
      <Filter>Header Files</Filter>
    </ClInclude>
    <ClInclude Include="UIRenderTarget.h">
      <Filter>Header Files</Filter>
    </ClInclude>
    <ClInclude Include="WndThreadManager.h">
      <Filter>Header Files</Filter>
    </ClInclude>
  </ItemGroup>
</Project>