<?xml version="1.0" encoding="utf-8"?>
<Project ToolsVersion="4.0" xmlns="http://schemas.microsoft.com/developer/msbuild/2003">
  <ItemGroup>
    <Filter Include="Source Files">
      <UniqueIdentifier>{1d842ad5-ef66-47a6-968e-cf2dd223bd4d}</UniqueIdentifier>
      <Extensions>cpp;c;cxx;rc;def;r;odl;idl;hpj;bat</Extensions>
    </Filter>
    <Filter Include="Header Files">
      <UniqueIdentifier>{77235f8e-2233-4785-a1f0-13e3ff40b5cd}</UniqueIdentifier>
      <Extensions>h</Extensions>
    </Filter>
  </ItemGroup>
  <ItemGroup>
    <ClCompile Include="CpuInfo.cpp">
      <Filter>Source Files</Filter>
    </ClCompile>
    <ClCompile Include="CpuStats.cpp">
      <Filter>Source Files</Filter>
    </ClCompile>
    <ClCompile Include="DisplayInfo.cpp">
      <Filter>Source Files</Filter>
    </ClCompile>
    <ClCompile Include="DriveInfo.cpp">
      <Filter>Source Files</Filter>
    </ClCompile>
    <ClCompile Include="DriveStats.cpp">
      <Filter>Source Files</Filter>
    </ClCompile>
    <ClCompile Include="Dtwinver.cpp">
      <Filter>Source Files</Filter>
    </ClCompile>
    <ClCompile Include="KeyboardInfo.cpp">
      <Filter>Source Files</Filter>
    </ClCompile>
    <ClCompile Include="LocaleInfo.cpp">
      <Filter>Source Files</Filter>
    </ClCompile>
    <ClCompile Include="MemoryInfo.cpp">
      <Filter>Source Files</Filter>
    </ClCompile>
    <ClCompile Include="MouseInfo.cpp">
      <Filter>Source Files</Filter>
    </ClCompile>
    <ClCompile Include="MultimediaInfo.cpp">
      <Filter>Source Files</Filter>
    </ClCompile>
    <ClCompile Include="OSInfo.cpp">
      <Filter>Source Files</Filter>
    </ClCompile>
    <ClCompile Include="RegisterValues.cpp">
      <Filter>Source Files</Filter>
    </ClCompile>
    <ClCompile Include="SocketInfo.cpp">
      <Filter>Source Files</Filter>
    </ClCompile>
    <ClCompile Include="SysInfo.cpp">
      <Filter>Source Files</Filter>
    </ClCompile>
    <ClCompile Include="SysUtils.cpp">
      <Filter>Source Files</Filter>
    </ClCompile>
  </ItemGroup>
  <ItemGroup>
    <ClInclude Include="CpuFeatures.h">
      <Filter>Header Files</Filter>
    </ClInclude>
    <ClInclude Include="CpuInfo.h">
      <Filter>Header Files</Filter>
    </ClInclude>
    <ClInclude Include="CpuStats.h">
      <Filter>Header Files</Filter>
    </ClInclude>
    <ClInclude Include="DisplayInfo.h">
      <Filter>Header Files</Filter>
    </ClInclude>
    <ClInclude Include="DriveInfo.h">
      <Filter>Header Files</Filter>
    </ClInclude>
    <ClInclude Include="DriveStats.h">
      <Filter>Header Files</Filter>
    </ClInclude>
    <ClInclude Include="Dtwinver.h">
      <Filter>Header Files</Filter>
    </ClInclude>
    <ClInclude Include="KeyboardInfo.h">
      <Filter>Header Files</Filter>
    </ClInclude>
    <ClInclude Include="LocaleInfo.h">
      <Filter>Header Files</Filter>
    </ClInclude>
    <ClInclude Include="MemoryInfo.h">
      <Filter>Header Files</Filter>
    </ClInclude>
    <ClInclude Include="MouseInfo.h">
      <Filter>Header Files</Filter>
    </ClInclude>
    <ClInclude Include="MultimediaInfo.h">
      <Filter>Header Files</Filter>
    </ClInclude>
    <ClInclude Include="OSInfo.h">
      <Filter>Header Files</Filter>
    </ClInclude>
    <ClInclude Include="RegisterValues.h">
      <Filter>Header Files</Filter>
    </ClInclude>
    <ClInclude Include="SocketInfo.h">
      <Filter>Header Files</Filter>
    </ClInclude>
    <ClInclude Include="SysInfo.h">
      <Filter>Header Files</Filter>
    </ClInclude>
    <ClInclude Include="SysInfoClasses.h">
      <Filter>Header Files</Filter>
    </ClInclude>
    <ClInclude Include="SysUtils.h">
      <Filter>Header Files</Filter>
    </ClInclude>
  </ItemGroup>
</Project>