<?xml version="1.0" encoding="utf-8"?>
<Project ToolsVersion="4.0" xmlns="http://schemas.microsoft.com/developer/msbuild/2003">
  <ItemGroup>
    <Filter Include="Source Files">
      <UniqueIdentifier>{4FC737F1-C7A5-4376-A066-2A32D752A2FF}</UniqueIdentifier>
      <Extensions>cpp;c;cc;cxx;c++;cppm;ixx;def;odl;idl;hpj;bat;asm;asmx</Extensions>
    </Filter>
    <Filter Include="Header Files">
      <UniqueIdentifier>{93995380-89BD-4b04-88EB-625FBE52EBFB}</UniqueIdentifier>
      <Extensions>h;hh;hpp;hxx;h++;hm;inl;inc;ipp;xsd</Extensions>
    </Filter>
    <Filter Include="Resource Files">
      <UniqueIdentifier>{67DA6AB6-F800-4c08-8B7A-83BB121AAD01}</UniqueIdentifier>
      <Extensions>rc;ico;cur;bmp;dlg;rc2;rct;bin;rgs;gif;jpg;jpeg;jpe;resx;tiff;tif;png;wav;mfcribbon-ms</Extensions>
    </Filter>
  </ItemGroup>
  <ItemGroup>
    <ClCompile Include="Jcapimin.c">
      <Filter>Source Files</Filter>
    </ClCompile>
    <ClCompile Include="Jcapistd.c">
      <Filter>Source Files</Filter>
    </ClCompile>
    <ClCompile Include="Jccoefct.c">
      <Filter>Source Files</Filter>
    </ClCompile>
    <ClCompile Include="Jccolor.c">
      <Filter>Source Files</Filter>
    </ClCompile>
    <ClCompile Include="Jcdctmgr.c">
      <Filter>Source Files</Filter>
    </ClCompile>
    <ClCompile Include="Jchuff.c">
      <Filter>Source Files</Filter>
    </ClCompile>
    <ClCompile Include="Jcinit.c">
      <Filter>Source Files</Filter>
    </ClCompile>
    <ClCompile Include="Jcmainct.c">
      <Filter>Source Files</Filter>
    </ClCompile>
    <ClCompile Include="Jcmarker.c">
      <Filter>Source Files</Filter>
    </ClCompile>
    <ClCompile Include="Jcmaster.c">
      <Filter>Source Files</Filter>
    </ClCompile>
    <ClCompile Include="Jcomapi.c">
      <Filter>Source Files</Filter>
    </ClCompile>
    <ClCompile Include="Jcparam.c">
      <Filter>Source Files</Filter>
    </ClCompile>
    <ClCompile Include="Jcphuff.c">
      <Filter>Source Files</Filter>
    </ClCompile>
    <ClCompile Include="Jcprepct.c">
      <Filter>Source Files</Filter>
    </ClCompile>
    <ClCompile Include="Jcsample.c">
      <Filter>Source Files</Filter>
    </ClCompile>
    <ClCompile Include="Jctrans.c">
      <Filter>Source Files</Filter>
    </ClCompile>
    <ClCompile Include="Jdapimin.c">
      <Filter>Source Files</Filter>
    </ClCompile>
    <ClCompile Include="Jdapistd.c">
      <Filter>Source Files</Filter>
    </ClCompile>
    <ClCompile Include="Jdatadst.c">
      <Filter>Source Files</Filter>
    </ClCompile>
    <ClCompile Include="Jdatasrc.c">
      <Filter>Source Files</Filter>
    </ClCompile>
    <ClCompile Include="Jdcoefct.c">
      <Filter>Source Files</Filter>
    </ClCompile>
    <ClCompile Include="Jdcolor.c">
      <Filter>Source Files</Filter>
    </ClCompile>
    <ClCompile Include="Jddctmgr.c">
      <Filter>Source Files</Filter>
    </ClCompile>
    <ClCompile Include="Jdhuff.c">
      <Filter>Source Files</Filter>
    </ClCompile>
    <ClCompile Include="Jdinput.c">
      <Filter>Source Files</Filter>
    </ClCompile>
    <ClCompile Include="Jdmainct.c">
      <Filter>Source Files</Filter>
    </ClCompile>
    <ClCompile Include="Jdmarker.c">
      <Filter>Source Files</Filter>
    </ClCompile>
    <ClCompile Include="Jdmaster.c">
      <Filter>Source Files</Filter>
    </ClCompile>
    <ClCompile Include="Jdmerge.c">
      <Filter>Source Files</Filter>
    </ClCompile>
    <ClCompile Include="Jdphuff.c">
      <Filter>Source Files</Filter>
    </ClCompile>
    <ClCompile Include="Jdpostct.c">
      <Filter>Source Files</Filter>
    </ClCompile>
    <ClCompile Include="Jdsample.c">
      <Filter>Source Files</Filter>
    </ClCompile>
    <ClCompile Include="Jdtrans.c">
      <Filter>Source Files</Filter>
    </ClCompile>
    <ClCompile Include="Jerror.c">
      <Filter>Source Files</Filter>
    </ClCompile>
    <ClCompile Include="Jfdctflt.c">
      <Filter>Source Files</Filter>
    </ClCompile>
    <ClCompile Include="Jfdctfst.c">
      <Filter>Source Files</Filter>
    </ClCompile>
    <ClCompile Include="Jfdctint.c">
      <Filter>Source Files</Filter>
    </ClCompile>
    <ClCompile Include="Jidctflt.c">
      <Filter>Source Files</Filter>
    </ClCompile>
    <ClCompile Include="Jidctfst.c">
      <Filter>Source Files</Filter>
    </ClCompile>
    <ClCompile Include="Jidctint.c">
      <Filter>Source Files</Filter>
    </ClCompile>
    <ClCompile Include="Jidctred.c">
      <Filter>Source Files</Filter>
    </ClCompile>
    <ClCompile Include="Jmemmgr.c">
      <Filter>Source Files</Filter>
    </ClCompile>
    <ClCompile Include="Jmemnobs.c">
      <Filter>Source Files</Filter>
    </ClCompile>
    <ClCompile Include="Jquant1.c">
      <Filter>Source Files</Filter>
    </ClCompile>
    <ClCompile Include="Jquant2.c">
      <Filter>Source Files</Filter>
    </ClCompile>
    <ClCompile Include="Jutils.c">
      <Filter>Source Files</Filter>
    </ClCompile>
  </ItemGroup>
  <ItemGroup>
    <ClInclude Include="Jchuff.h">
      <Filter>Header Files</Filter>
    </ClInclude>
    <ClInclude Include="Jconfig.h">
      <Filter>Header Files</Filter>
    </ClInclude>
    <ClInclude Include="Jdct.h">
      <Filter>Header Files</Filter>
    </ClInclude>
    <ClInclude Include="Jdhuff.h">
      <Filter>Header Files</Filter>
    </ClInclude>
    <ClInclude Include="Jerror.h">
      <Filter>Header Files</Filter>
    </ClInclude>
    <ClInclude Include="Jinclude.h">
      <Filter>Header Files</Filter>
    </ClInclude>
    <ClInclude Include="Jmemsys.h">
      <Filter>Header Files</Filter>
    </ClInclude>
    <ClInclude Include="Jmorecfg.h">
      <Filter>Header Files</Filter>
    </ClInclude>
    <ClInclude Include="Jpegint.h">
      <Filter>Header Files</Filter>
    </ClInclude>
    <ClInclude Include="Jpeglib.h">
      <Filter>Header Files</Filter>
    </ClInclude>
    <ClInclude Include="Jversion.h">
      <Filter>Header Files</Filter>
    </ClInclude>
  </ItemGroup>
</Project>