<?xml version="1.0" encoding="utf-8"?>
<Project ToolsVersion="4.0" xmlns="http://schemas.microsoft.com/developer/msbuild/2003">
  <ItemGroup>
    <Filter Include="Source Files">
      <UniqueIdentifier>{557d29fe-92fa-4a5d-8396-85d2a3822a24}</UniqueIdentifier>
      <Extensions>cpp;c;cxx;rc;def;r;odl;idl;hpj;bat</Extensions>
    </Filter>
    <Filter Include="Header Files">
      <UniqueIdentifier>{79f18789-726f-4b6d-9f87-692c1500578a}</UniqueIdentifier>
      <Extensions>h;hpp;hxx;hm;inl</Extensions>
    </Filter>
  </ItemGroup>
  <ItemGroup>
    <ClCompile Include="EC_HttpGet.cpp">
      <Filter>Source Files</Filter>
    </ClCompile>
    <ClCompile Include="EC_MD5Hash.cpp">
      <Filter>Source Files</Filter>
    </ClCompile>
    <ClCompile Include="EC_Signature.cpp">
      <Filter>Source Files</Filter>
    </ClCompile>
  </ItemGroup>
  <ItemGroup>
    <ClInclude Include="EC_HttpGet.h">
      <Filter>Source Files</Filter>
    </ClInclude>
    <ClInclude Include="EC_MD5Hash.h">
      <Filter>Source Files</Filter>
    </ClInclude>
    <ClInclude Include="EC_Signature.h">
      <Filter>Source Files</Filter>
    </ClInclude>
  </ItemGroup>
</Project>