
Microsoft Visual Studio Solution File, Format Version 12.00
# Visual Studio Version 16
VisualStudioVersion = 16.0.31112.23
MinimumVisualStudioVersion = 10.0.40219.1
Project("{8BC9CEB8-8B4A-11D0-8D11-00A0C91BC942}") = "PackDLL", "PackDLL.vcxproj", "{8FDB76DB-4A72-40D3-BF8B-5C35898ECAA5}"
EndProject
Global
	GlobalSection(SolutionConfigurationPlatforms) = preSolution
		Debug|Win32 = Debug|Win32
		Release|Win32 = Release|Win32
	EndGlobalSection
	GlobalSection(ProjectConfigurationPlatforms) = postSolution
		{8FDB76DB-4A72-40D3-BF8B-5C35898ECAA5}.Debug|Win32.ActiveCfg = Debug|Win32
		{8FDB76DB-4A72-40D3-BF8B-5C35898ECAA5}.Debug|Win32.Build.0 = Debug|Win32
		{8FDB76DB-4A72-40D3-BF8B-5C35898ECAA5}.Release|Win32.ActiveCfg = Release|Win32
		{8FDB76DB-4A72-40D3-BF8B-5C35898ECAA5}.Release|Win32.Build.0 = Release|Win32
	EndGlobalSection
	GlobalSection(SolutionProperties) = preSolution
		HideSolutionNode = FALSE
	EndGlobalSection
	GlobalSection(ExtensibilityGlobals) = postSolution
		SolutionGuid = {A8D123F2-11FA-4B92-A3A9-AA03E6B95802}
	EndGlobalSection
EndGlobal
