<?xml version="1.0" encoding="utf-8"?>
<Project ToolsVersion="4.0" xmlns="http://schemas.microsoft.com/developer/msbuild/2003">
  <ItemGroup>
    <Filter Include="Source Files">
      <UniqueIdentifier>{4FC737F1-C7A5-4376-A066-2A32D752A2FF}</UniqueIdentifier>
      <Extensions>cpp;c;cc;cxx;c++;cppm;ixx;def;odl;idl;hpj;bat;asm;asmx</Extensions>
    </Filter>
    <Filter Include="Header Files">
      <UniqueIdentifier>{93995380-89BD-4b04-88EB-625FBE52EBFB}</UniqueIdentifier>
      <Extensions>h;hh;hpp;hxx;h++;hm;inl;inc;ipp;xsd</Extensions>
    </Filter>
    <Filter Include="Resource Files">
      <UniqueIdentifier>{67DA6AB6-F800-4c08-8B7A-83BB121AAD01}</UniqueIdentifier>
      <Extensions>rc;ico;cur;bmp;dlg;rc2;rct;bin;rgs;gif;jpg;jpeg;jpe;resx;tiff;tif;png;wav;mfcribbon-ms</Extensions>
    </Filter>
  </ItemGroup>
  <ItemGroup>
    <ClCompile Include="Source\A2DSprite.cpp">
      <Filter>Source Files</Filter>
    </ClCompile>
    <ClCompile Include="Source\A2DSpriteBuffer.cpp">
      <Filter>Source Files</Filter>
    </ClCompile>
    <ClCompile Include="Source\A2DSpriteItem.cpp">
      <Filter>Source Files</Filter>
    </ClCompile>
    <ClCompile Include="Source\A2DSpriteTexMan.cpp">
      <Filter>Source Files</Filter>
    </ClCompile>
    <ClCompile Include="Source\A2DSpriteTextures.cpp">
      <Filter>Source Files</Filter>
    </ClCompile>
    <ClCompile Include="Source\A3DAbsTrackMaker.cpp">
      <Filter>Source Files</Filter>
    </ClCompile>
    <ClCompile Include="Source\A3DAdditionalView.cpp">
      <Filter>Source Files</Filter>
    </ClCompile>
    <ClCompile Include="Source\A3DBezierPoint.cpp">
      <Filter>Source Files</Filter>
    </ClCompile>
    <ClCompile Include="Source\A3DBezierSegment.cpp">
      <Filter>Source Files</Filter>
    </ClCompile>
    <ClCompile Include="Source\A3DBillBoard.cpp">
      <Filter>Source Files</Filter>
    </ClCompile>
    <ClCompile Include="Source\A3DBone.cpp">
      <Filter>Source Files</Filter>
    </ClCompile>
    <ClCompile Include="Source\A3DBoneController.cpp">
      <Filter>Source Files</Filter>
    </ClCompile>
    <ClCompile Include="Source\A3DBSP.cpp">
      <Filter>Source Files</Filter>
    </ClCompile>
    <ClCompile Include="Source\A3DCamera.cpp">
      <Filter>Source Files</Filter>
    </ClCompile>
    <ClCompile Include="Source\A3DCameraBase.cpp">
      <Filter>Source Files</Filter>
    </ClCompile>
    <ClCompile Include="Source\A3DClothMesh.cpp">
      <Filter>Source Files</Filter>
    </ClCompile>
    <ClCompile Include="Source\A3DCollision.cpp">
      <Filter>Source Files</Filter>
    </ClCompile>
    <ClCompile Include="Source\A3DConfig.cpp">
      <Filter>Source Files</Filter>
    </ClCompile>
    <ClCompile Include="Source\A3DControl.cpp">
      <Filter>Source Files</Filter>
    </ClCompile>
    <ClCompile Include="Source\A3DController.cpp">
      <Filter>Source Files</Filter>
    </ClCompile>
    <ClCompile Include="Source\A3DCoordinate.cpp">
      <Filter>Source Files</Filter>
    </ClCompile>
    <ClCompile Include="Source\A3DCubeTexture.cpp">
      <Filter>Source Files</Filter>
    </ClCompile>
    <ClCompile Include="Source\A3DCursor.cpp">
      <Filter>Source Files</Filter>
    </ClCompile>
    <ClCompile Include="Source\A3DDecal.cpp">
      <Filter>Source Files</Filter>
    </ClCompile>
    <ClCompile Include="Source\A3DDevice.cpp">
      <Filter>Source Files</Filter>
    </ClCompile>
    <ClCompile Include="Source\A3DEngine.cpp">
      <Filter>Source Files</Filter>
    </ClCompile>
    <ClCompile Include="Source\A3DESP.cpp">
      <Filter>Source Files</Filter>
    </ClCompile>
    <ClCompile Include="Source\A3DESPMove.cpp">
      <Filter>Source Files</Filter>
    </ClCompile>
    <ClCompile Include="Source\A3DFlash.cpp">
      <Filter>Source Files</Filter>
    </ClCompile>
    <ClCompile Include="Source\A3DFlatCollector.cpp">
      <Filter>Source Files</Filter>
    </ClCompile>
    <ClCompile Include="Source\A3DFont.cpp">
      <Filter>Source Files</Filter>
    </ClCompile>
    <ClCompile Include="Source\A3DFontMan.cpp">
      <Filter>Source Files</Filter>
    </ClCompile>
    <ClCompile Include="Source\A3DFrame.cpp">
      <Filter>Source Files</Filter>
    </ClCompile>
    <ClCompile Include="Source\A3DFrustum.cpp">
      <Filter>Source Files</Filter>
    </ClCompile>
    <ClCompile Include="Source\A3DFuncs.cpp">
      <Filter>Source Files</Filter>
    </ClCompile>
    <ClCompile Include="Source\A3DGDI.cpp">
      <Filter>Source Files</Filter>
    </ClCompile>
    <ClCompile Include="Source\A3DGeometry.cpp">
      <Filter>Source Files</Filter>
    </ClCompile>
    <ClCompile Include="Source\A3DGFXCollector.cpp">
      <Filter>Source Files</Filter>
    </ClCompile>
    <ClCompile Include="Source\A3DGFXMan.cpp">
      <Filter>Source Files</Filter>
    </ClCompile>
    <ClCompile Include="Source\A3DGraphicsFX.cpp">
      <Filter>Source Files</Filter>
    </ClCompile>
    <ClCompile Include="Source\A3DHermiteSpline.cpp">
      <Filter>Source Files</Filter>
    </ClCompile>
    <ClCompile Include="Source\A3DHorizonCull.cpp">
      <Filter>Source Files</Filter>
    </ClCompile>
    <ClCompile Include="Source\A3DIBLMesh.cpp">
      <Filter>Source Files</Filter>
    </ClCompile>
    <ClCompile Include="Source\A3DIBLScene.cpp">
      <Filter>Source Files</Filter>
    </ClCompile>
    <ClCompile Include="Source\A3DIKData.cpp">
      <Filter>Source Files</Filter>
    </ClCompile>
    <ClCompile Include="Source\A3DIKSolver.cpp">
      <Filter>Source Files</Filter>
    </ClCompile>
    <ClCompile Include="Source\A3DImgModel.cpp">
      <Filter>Source Files</Filter>
    </ClCompile>
    <ClCompile Include="Source\A3DImgModelMan.cpp">
      <Filter>Source Files</Filter>
    </ClCompile>
    <ClCompile Include="Source\A3DJoint.cpp">
      <Filter>Source Files</Filter>
    </ClCompile>
    <ClCompile Include="Source\A3DKDTree.cpp">
      <Filter>Source Files</Filter>
    </ClCompile>
    <ClCompile Include="Source\A3DLamp.cpp">
      <Filter>Source Files</Filter>
    </ClCompile>
    <ClCompile Include="Source\A3DLensFlare.cpp">
      <Filter>Source Files</Filter>
    </ClCompile>
    <ClCompile Include="Source\A3DLight.cpp">
      <Filter>Source Files</Filter>
    </ClCompile>
    <ClCompile Include="Source\A3DLightingEngine.cpp">
      <Filter>Source Files</Filter>
    </ClCompile>
    <ClCompile Include="Source\A3DLightMan.cpp">
      <Filter>Source Files</Filter>
    </ClCompile>
    <ClCompile Include="Source\A3DLightning.cpp">
      <Filter>Source Files</Filter>
    </ClCompile>
    <ClCompile Include="Source\A3DLitModel.cpp">
      <Filter>Source Files</Filter>
    </ClCompile>
    <ClCompile Include="Source\A3DLitModelRender.cpp">
      <Filter>Source Files</Filter>
    </ClCompile>
    <ClCompile Include="Source\A3DMaterial.cpp">
      <Filter>Source Files</Filter>
    </ClCompile>
    <ClCompile Include="Source\A3DMathUtility.cpp">
      <Filter>Source Files</Filter>
    </ClCompile>
    <ClCompile Include="Source\A3DMatrix.cpp">
      <Filter>Source Files</Filter>
    </ClCompile>
    <ClCompile Include="Source\A3DMesh.cpp">
      <Filter>Source Files</Filter>
    </ClCompile>
    <ClCompile Include="Source\A3DMeshBase.cpp">
      <Filter>Source Files</Filter>
    </ClCompile>
    <ClCompile Include="Source\A3DMeshCollector.cpp">
      <Filter>Source Files</Filter>
    </ClCompile>
    <ClCompile Include="Source\A3DMeshMan.cpp">
      <Filter>Source Files</Filter>
    </ClCompile>
    <ClCompile Include="Source\A3DMeshSorter.cpp">
      <Filter>Source Files</Filter>
    </ClCompile>
    <ClCompile Include="Source\A3DModel.cpp">
      <Filter>Source Files</Filter>
    </ClCompile>
    <ClCompile Include="Source\A3DModelCollector.cpp">
      <Filter>Source Files</Filter>
    </ClCompile>
    <ClCompile Include="Source\A3DModelMan.cpp">
      <Filter>Source Files</Filter>
    </ClCompile>
    <ClCompile Include="Source\A3DMorphMesh.cpp">
      <Filter>Source Files</Filter>
    </ClCompile>
    <ClCompile Include="Source\A3DMorphRigidMesh.cpp">
      <Filter>Source Files</Filter>
    </ClCompile>
    <ClCompile Include="Source\A3DMorphSkinMesh.cpp">
      <Filter>Source Files</Filter>
    </ClCompile>
    <ClCompile Include="Source\A3DMoxMan.cpp">
      <Filter>Source Files</Filter>
    </ClCompile>
    <ClCompile Include="Source\A3DMuscleMesh.cpp">
      <Filter>Source Files</Filter>
    </ClCompile>
    <ClCompile Include="Source\A3DMuscleOrgan.cpp">
      <Filter>Source Files</Filter>
    </ClCompile>
    <ClCompile Include="Source\A3DOrthoCamera.cpp">
      <Filter>Source Files</Filter>
    </ClCompile>
    <ClCompile Include="Source\A3DPArray.cpp">
      <Filter>Source Files</Filter>
    </ClCompile>
    <ClCompile Include="Source\A3DParticleSystem.cpp">
      <Filter>Source Files</Filter>
    </ClCompile>
    <ClCompile Include="Source\A3DPerlinNormalMap.cpp">
      <Filter>Source Files</Filter>
    </ClCompile>
    <ClCompile Include="Source\A3DPI.cpp">
      <Filter>Source Files</Filter>
    </ClCompile>
    <ClCompile Include="Source\A3DPixelShader.cpp">
      <Filter>Source Files</Filter>
    </ClCompile>
    <ClCompile Include="Source\A3DPlants.cpp">
      <Filter>Source Files</Filter>
    </ClCompile>
    <ClCompile Include="Source\A3DPortal.cpp">
      <Filter>Source Files</Filter>
    </ClCompile>
    <ClCompile Include="Source\A3DQuaternion.cpp">
      <Filter>Source Files</Filter>
    </ClCompile>
    <ClCompile Include="Source\A3DRain.cpp">
      <Filter>Source Files</Filter>
    </ClCompile>
    <ClCompile Include="Source\A3DRenderTarget.cpp">
      <Filter>Source Files</Filter>
    </ClCompile>
    <ClCompile Include="Source\A3DRigidMesh.cpp">
      <Filter>Source Files</Filter>
    </ClCompile>
    <ClCompile Include="Source\A3DRouteVSS.cpp">
      <Filter>Source Files</Filter>
    </ClCompile>
    <ClCompile Include="Source\A3DScene.cpp">
      <Filter>Source Files</Filter>
    </ClCompile>
    <ClCompile Include="Source\A3DSceneHull.cpp">
      <Filter>Source Files</Filter>
    </ClCompile>
    <ClCompile Include="Source\A3DShader.cpp">
      <Filter>Source Files</Filter>
    </ClCompile>
    <ClCompile Include="Source\A3DShaderMan.cpp">
      <Filter>Source Files</Filter>
    </ClCompile>
    <ClCompile Include="Source\A3DShadowMap.cpp">
      <Filter>Source Files</Filter>
    </ClCompile>
    <ClCompile Include="Source\A3DSkeleton.cpp">
      <Filter>Source Files</Filter>
    </ClCompile>
    <ClCompile Include="Source\A3DSkin.cpp">
      <Filter>Source Files</Filter>
    </ClCompile>
    <ClCompile Include="Source\A3DSkinMan.cpp">
      <Filter>Source Files</Filter>
    </ClCompile>
    <ClCompile Include="Source\A3DSkinMesh.cpp">
      <Filter>Source Files</Filter>
    </ClCompile>
    <ClCompile Include="Source\A3DSkinMeshMan.cpp">
      <Filter>Source Files</Filter>
    </ClCompile>
    <ClCompile Include="Source\A3DSkinModel.cpp">
      <Filter>Source Files</Filter>
    </ClCompile>
    <ClCompile Include="Source\A3DSkinModelAct.cpp">
      <Filter>Source Files</Filter>
    </ClCompile>
    <ClCompile Include="Source\A3DSkinModelAux.cpp">
      <Filter>Source Files</Filter>
    </ClCompile>
    <ClCompile Include="Source\A3DSkinModelMan.cpp">
      <Filter>Source Files</Filter>
    </ClCompile>
    <ClCompile Include="Source\a3dskinrender.cpp">
      <Filter>Source Files</Filter>
    </ClCompile>
    <ClCompile Include="Source\A3DSky.cpp">
      <Filter>Source Files</Filter>
    </ClCompile>
    <ClCompile Include="Source\A3DSkyBox.cpp">
      <Filter>Source Files</Filter>
    </ClCompile>
    <ClCompile Include="Source\A3DSkyGradient.cpp">
      <Filter>Source Files</Filter>
    </ClCompile>
    <ClCompile Include="Source\A3DSkySphere.cpp">
      <Filter>Source Files</Filter>
    </ClCompile>
    <ClCompile Include="Source\A3DSnow.cpp">
      <Filter>Source Files</Filter>
    </ClCompile>
    <ClCompile Include="Source\A3DStars.cpp">
      <Filter>Source Files</Filter>
    </ClCompile>
    <ClCompile Include="Source\A3DStream.cpp">
      <Filter>Source Files</Filter>
    </ClCompile>
    <ClCompile Include="Source\A3DString.cpp">
      <Filter>Source Files</Filter>
    </ClCompile>
    <ClCompile Include="Source\A3DStringSet.cpp">
      <Filter>Source Files</Filter>
    </ClCompile>
    <ClCompile Include="Source\A3DSuperDecal.cpp">
      <Filter>Source Files</Filter>
    </ClCompile>
    <ClCompile Include="Source\A3DSuperSpray.cpp">
      <Filter>Source Files</Filter>
    </ClCompile>
    <ClCompile Include="Source\A3DSuppleMesh.cpp">
      <Filter>Source Files</Filter>
    </ClCompile>
    <ClCompile Include="Source\A3DSurface.cpp">
      <Filter>Source Files</Filter>
    </ClCompile>
    <ClCompile Include="Source\A3DSurfaceMan.cpp">
      <Filter>Source Files</Filter>
    </ClCompile>
    <ClCompile Include="Source\A3DTerrain.cpp">
      <Filter>Source Files</Filter>
    </ClCompile>
    <ClCompile Include="Source\A3DTerrain2.cpp">
      <Filter>Source Files</Filter>
    </ClCompile>
    <ClCompile Include="Source\A3DTerrain2Blk.cpp">
      <Filter>Source Files</Filter>
    </ClCompile>
    <ClCompile Include="Source\A3DTerrain2CullHC.cpp">
      <Filter>Source Files</Filter>
    </ClCompile>
    <ClCompile Include="Source\A3DTerrain2Env.cpp">
      <Filter>Source Files</Filter>
    </ClCompile>
    <ClCompile Include="Source\A3DTerrain2Loader.cpp">
      <Filter>Source Files</Filter>
    </ClCompile>
    <ClCompile Include="Source\A3DTerrain2LoaderA.cpp">
      <Filter>Source Files</Filter>
    </ClCompile>
    <ClCompile Include="Source\A3DTerrain2LoaderB.cpp">
      <Filter>Source Files</Filter>
    </ClCompile>
    <ClCompile Include="Source\A3DTerrain2LOD.cpp">
      <Filter>Source Files</Filter>
    </ClCompile>
    <ClCompile Include="Source\A3DTerrain2Render.cpp">
      <Filter>Source Files</Filter>
    </ClCompile>
    <ClCompile Include="Source\A3DTerrain2RenderAux.cpp">
      <Filter>Source Files</Filter>
    </ClCompile>
    <ClCompile Include="Source\A3DTerrain2Trace.cpp">
      <Filter>Source Files</Filter>
    </ClCompile>
    <ClCompile Include="Source\A3DTerrainMark.cpp">
      <Filter>Source Files</Filter>
    </ClCompile>
    <ClCompile Include="Source\A3DTerrainOutline.cpp">
      <Filter>Source Files</Filter>
    </ClCompile>
    <ClCompile Include="Source\A3DTerrainWater.cpp">
      <Filter>Source Files</Filter>
    </ClCompile>
    <ClCompile Include="Source\A3DTerrainWaterRender.cpp">
      <Filter>Source Files</Filter>
    </ClCompile>
    <ClCompile Include="Source\A3DTerrainWaterSimpleAlphaRender.cpp">
      <Filter>Source Files</Filter>
    </ClCompile>
    <ClCompile Include="Source\A3DTexture.cpp">
      <Filter>Source Files</Filter>
    </ClCompile>
    <ClCompile Include="Source\A3DTextureMan.cpp">
      <Filter>Source Files</Filter>
    </ClCompile>
    <ClCompile Include="Source\A3DTrace.cpp">
      <Filter>Source Files</Filter>
    </ClCompile>
    <ClCompile Include="Source\A3DTrackMan.cpp">
      <Filter>Source Files</Filter>
    </ClCompile>
    <ClCompile Include="Source\A3DVectorComp.cpp">
      <Filter>Source Files</Filter>
    </ClCompile>
    <ClCompile Include="Source\A3DVertexCollector.cpp">
      <Filter>Source Files</Filter>
    </ClCompile>
    <ClCompile Include="Source\A3DVertexShader.cpp">
      <Filter>Source Files</Filter>
    </ClCompile>
    <ClCompile Include="Source\A3DViewport.cpp">
      <Filter>Source Files</Filter>
    </ClCompile>
    <ClCompile Include="Source\A3DVSSRouteLoader.cpp">
      <Filter>Source Files</Filter>
    </ClCompile>
    <ClCompile Include="Source\A3DWaterArea.cpp">
      <Filter>Source Files</Filter>
    </ClCompile>
    <ClCompile Include="Source\A3DWaterWave.cpp">
      <Filter>Source Files</Filter>
    </ClCompile>
    <ClCompile Include="Source\A3DWireCollector.cpp">
      <Filter>Source Files</Filter>
    </ClCompile>
    <ClCompile Include="Source\A3DWorld.cpp">
      <Filter>Source Files</Filter>
    </ClCompile>
    <ClCompile Include="Source\A3DWorldCDS.cpp">
      <Filter>Source Files</Filter>
    </ClCompile>
  </ItemGroup>
  <ItemGroup>
    <ClInclude Include="Header\A2DSprite.h">
      <Filter>Header Files</Filter>
    </ClInclude>
    <ClInclude Include="Header\A2DSpriteBuffer.h">
      <Filter>Header Files</Filter>
    </ClInclude>
    <ClInclude Include="Header\A2DSpriteItem.h">
      <Filter>Header Files</Filter>
    </ClInclude>
    <ClInclude Include="Header\A2DSpriteTexMan.h">
      <Filter>Header Files</Filter>
    </ClInclude>
    <ClInclude Include="Header\A2DSpriteTextures.h">
      <Filter>Header Files</Filter>
    </ClInclude>
    <ClInclude Include="Header\A3D.h">
      <Filter>Header Files</Filter>
    </ClInclude>
    <ClInclude Include="Header\A3DAbsTrackMaker.h">
      <Filter>Header Files</Filter>
    </ClInclude>
    <ClInclude Include="Header\A3DAdditionalView.h">
      <Filter>Header Files</Filter>
    </ClInclude>
    <ClInclude Include="Header\A3DBezierPoint.h">
      <Filter>Header Files</Filter>
    </ClInclude>
    <ClInclude Include="Header\A3DBezierSegment.h">
      <Filter>Header Files</Filter>
    </ClInclude>
    <ClInclude Include="Header\A3DBillBoard.h">
      <Filter>Header Files</Filter>
    </ClInclude>
    <ClInclude Include="Header\A3DBone.h">
      <Filter>Header Files</Filter>
    </ClInclude>
    <ClInclude Include="Header\A3DBoneController.h">
      <Filter>Header Files</Filter>
    </ClInclude>
    <ClInclude Include="Header\A3DBSP.h">
      <Filter>Header Files</Filter>
    </ClInclude>
    <ClInclude Include="Header\A3DBSPFile.h">
      <Filter>Header Files</Filter>
    </ClInclude>
    <ClInclude Include="Header\A3DCamera.h">
      <Filter>Header Files</Filter>
    </ClInclude>
    <ClInclude Include="Header\A3DCameraBase.h">
      <Filter>Header Files</Filter>
    </ClInclude>
    <ClInclude Include="Header\A3DCDS.h">
      <Filter>Header Files</Filter>
    </ClInclude>
    <ClInclude Include="Header\A3DClassID.h">
      <Filter>Header Files</Filter>
    </ClInclude>
    <ClInclude Include="Header\A3DClothMesh.h">
      <Filter>Header Files</Filter>
    </ClInclude>
    <ClInclude Include="Header\A3DCollision.h">
      <Filter>Header Files</Filter>
    </ClInclude>
    <ClInclude Include="Header\A3DConfig.h">
      <Filter>Header Files</Filter>
    </ClInclude>
    <ClInclude Include="Header\A3DControl.h">
      <Filter>Header Files</Filter>
    </ClInclude>
    <ClInclude Include="Header\A3DController.h">
      <Filter>Header Files</Filter>
    </ClInclude>
    <ClInclude Include="Header\A3DCoordinate.h">
      <Filter>Header Files</Filter>
    </ClInclude>
    <ClInclude Include="Header\A3DCubeTexture.h">
      <Filter>Header Files</Filter>
    </ClInclude>
    <ClInclude Include="Header\A3DCursor.h">
      <Filter>Header Files</Filter>
    </ClInclude>
    <ClInclude Include="Header\A3DDecal.h">
      <Filter>Header Files</Filter>
    </ClInclude>
    <ClInclude Include="Header\A3DDevice.h">
      <Filter>Header Files</Filter>
    </ClInclude>
    <ClInclude Include="Header\A3DDevObject.h">
      <Filter>Header Files</Filter>
    </ClInclude>
    <ClInclude Include="Header\A3DEngine.h">
      <Filter>Header Files</Filter>
    </ClInclude>
    <ClInclude Include="Header\A3DESP.h">
      <Filter>Header Files</Filter>
    </ClInclude>
    <ClInclude Include="Header\A3DESPFile.h">
      <Filter>Header Files</Filter>
    </ClInclude>
    <ClInclude Include="Header\A3DFlash.h">
      <Filter>Header Files</Filter>
    </ClInclude>
    <ClInclude Include="Header\A3DFlatCollector.h">
      <Filter>Header Files</Filter>
    </ClInclude>
    <ClInclude Include="Header\A3DFont.h">
      <Filter>Header Files</Filter>
    </ClInclude>
    <ClInclude Include="Header\A3DFontMan.h">
      <Filter>Header Files</Filter>
    </ClInclude>
    <ClInclude Include="Header\A3DFrame.h">
      <Filter>Header Files</Filter>
    </ClInclude>
    <ClInclude Include="Header\A3DFrustum.h">
      <Filter>Header Files</Filter>
    </ClInclude>
    <ClInclude Include="Header\A3DFuncs.h">
      <Filter>Header Files</Filter>
    </ClInclude>
    <ClInclude Include="Header\A3DGDI.h">
      <Filter>Header Files</Filter>
    </ClInclude>
    <ClInclude Include="Header\A3DGeometry.h">
      <Filter>Header Files</Filter>
    </ClInclude>
    <ClInclude Include="Header\A3DGFXCollector.h">
      <Filter>Header Files</Filter>
    </ClInclude>
    <ClInclude Include="Header\A3DGFXMan.h">
      <Filter>Header Files</Filter>
    </ClInclude>
    <ClInclude Include="Header\A3DGraphicsFX.h">
      <Filter>Header Files</Filter>
    </ClInclude>
    <ClInclude Include="Header\A3DHermiteSpline.h">
      <Filter>Header Files</Filter>
    </ClInclude>
    <ClInclude Include="Header\A3DHorizonCull.h">
      <Filter>Header Files</Filter>
    </ClInclude>
    <ClInclude Include="Header\A3DIBLMesh.h">
      <Filter>Header Files</Filter>
    </ClInclude>
    <ClInclude Include="Header\A3DIBLScene.h">
      <Filter>Header Files</Filter>
    </ClInclude>
    <ClInclude Include="Header\A3DIKData.h">
      <Filter>Header Files</Filter>
    </ClInclude>
    <ClInclude Include="Header\A3DIKSolver.h">
      <Filter>Header Files</Filter>
    </ClInclude>
    <ClInclude Include="Header\A3DImgModel.h">
      <Filter>Header Files</Filter>
    </ClInclude>
    <ClInclude Include="Header\A3DImgModelMan.h">
      <Filter>Header Files</Filter>
    </ClInclude>
    <ClInclude Include="Header\A3DJoint.h">
      <Filter>Header Files</Filter>
    </ClInclude>
    <ClInclude Include="Header\A3DKDTree.h">
      <Filter>Header Files</Filter>
    </ClInclude>
    <ClInclude Include="Header\A3DKDTreeFile.h">
      <Filter>Header Files</Filter>
    </ClInclude>
    <ClInclude Include="Header\A3DLamp.h">
      <Filter>Header Files</Filter>
    </ClInclude>
    <ClInclude Include="Header\A3DLensFlare.h">
      <Filter>Header Files</Filter>
    </ClInclude>
    <ClInclude Include="Header\A3DLight.h">
      <Filter>Header Files</Filter>
    </ClInclude>
    <ClInclude Include="Header\A3DLightingEngine.h">
      <Filter>Header Files</Filter>
    </ClInclude>
    <ClInclude Include="Header\A3DLightMan.h">
      <Filter>Header Files</Filter>
    </ClInclude>
    <ClInclude Include="Header\A3DLightning.h">
      <Filter>Header Files</Filter>
    </ClInclude>
    <ClInclude Include="Header\A3DLitModel.h">
      <Filter>Header Files</Filter>
    </ClInclude>
    <ClInclude Include="Header\A3DLitModelRender.h">
      <Filter>Header Files</Filter>
    </ClInclude>
    <ClInclude Include="Header\A3DMacros.h">
      <Filter>Header Files</Filter>
    </ClInclude>
    <ClInclude Include="Header\A3DMaterial.h">
      <Filter>Header Files</Filter>
    </ClInclude>
    <ClInclude Include="Header\A3DMathUtility.h">
      <Filter>Header Files</Filter>
    </ClInclude>
    <ClInclude Include="Header\A3DMatrix.h">
      <Filter>Header Files</Filter>
    </ClInclude>
    <ClInclude Include="Header\A3DMesh.h">
      <Filter>Header Files</Filter>
    </ClInclude>
    <ClInclude Include="Header\A3DMeshBase.h">
      <Filter>Header Files</Filter>
    </ClInclude>
    <ClInclude Include="Header\A3DMeshCollector.h">
      <Filter>Header Files</Filter>
    </ClInclude>
    <ClInclude Include="Header\A3DMeshMan.h">
      <Filter>Header Files</Filter>
    </ClInclude>
    <ClInclude Include="Header\A3DMeshSorter.h">
      <Filter>Header Files</Filter>
    </ClInclude>
    <ClInclude Include="Header\A3DModel.h">
      <Filter>Header Files</Filter>
    </ClInclude>
    <ClInclude Include="Header\A3DModelCollector.h">
      <Filter>Header Files</Filter>
    </ClInclude>
    <ClInclude Include="Header\A3DModelMan.h">
      <Filter>Header Files</Filter>
    </ClInclude>
    <ClInclude Include="Header\A3DMorphMesh.h">
      <Filter>Header Files</Filter>
    </ClInclude>
    <ClInclude Include="Header\A3DMorphRigidMesh.h">
      <Filter>Header Files</Filter>
    </ClInclude>
    <ClInclude Include="Header\A3DMorphSkinMesh.h">
      <Filter>Header Files</Filter>
    </ClInclude>
    <ClInclude Include="Header\A3DMoxMan.h">
      <Filter>Header Files</Filter>
    </ClInclude>
    <ClInclude Include="Header\A3DMuscleMesh.h">
      <Filter>Header Files</Filter>
    </ClInclude>
    <ClInclude Include="Header\A3DMuscleOrgan.h">
      <Filter>Header Files</Filter>
    </ClInclude>
    <ClInclude Include="Header\A3DObject.h">
      <Filter>Header Files</Filter>
    </ClInclude>
    <ClInclude Include="Header\A3DOrthoCamera.h">
      <Filter>Header Files</Filter>
    </ClInclude>
    <ClInclude Include="Header\A3DPArray.h">
      <Filter>Header Files</Filter>
    </ClInclude>
    <ClInclude Include="Header\A3DParticleSystem.h">
      <Filter>Header Files</Filter>
    </ClInclude>
    <ClInclude Include="Header\A3DPerlinNormalMap.h">
      <Filter>Header Files</Filter>
    </ClInclude>
    <ClInclude Include="Header\A3DPI.h">
      <Filter>Header Files</Filter>
    </ClInclude>
    <ClInclude Include="Header\A3DPixelShader.h">
      <Filter>Header Files</Filter>
    </ClInclude>
    <ClInclude Include="Header\A3DPlants.h">
      <Filter>Header Files</Filter>
    </ClInclude>
    <ClInclude Include="Header\A3DPlatform.h">
      <Filter>Header Files</Filter>
    </ClInclude>
    <ClInclude Include="Header\A3DPortal.h">
      <Filter>Header Files</Filter>
    </ClInclude>
    <ClInclude Include="Header\A3DPortalFile.h">
      <Filter>Header Files</Filter>
    </ClInclude>
    <ClInclude Include="Header\A3DQuaternion.h">
      <Filter>Header Files</Filter>
    </ClInclude>
    <ClInclude Include="Header\A3DRain.h">
      <Filter>Header Files</Filter>
    </ClInclude>
    <ClInclude Include="Header\A3DRenderTarget.h">
      <Filter>Header Files</Filter>
    </ClInclude>
    <ClInclude Include="Header\A3DRigidMesh.h">
      <Filter>Header Files</Filter>
    </ClInclude>
    <ClInclude Include="Header\A3DRouteVSS.h">
      <Filter>Header Files</Filter>
    </ClInclude>
    <ClInclude Include="Header\A3DScene.h">
      <Filter>Header Files</Filter>
    </ClInclude>
    <ClInclude Include="Header\A3DSceneHull.h">
      <Filter>Header Files</Filter>
    </ClInclude>
    <ClInclude Include="Header\A3DSceneVisible.h">
      <Filter>Header Files</Filter>
    </ClInclude>
    <ClInclude Include="Header\A3DShader.h">
      <Filter>Header Files</Filter>
    </ClInclude>
    <ClInclude Include="Header\A3DShaderMan.h">
      <Filter>Header Files</Filter>
    </ClInclude>
    <ClInclude Include="Header\A3DShadowMap.h">
      <Filter>Header Files</Filter>
    </ClInclude>
    <ClInclude Include="Header\A3DSkeleton.h">
      <Filter>Header Files</Filter>
    </ClInclude>
    <ClInclude Include="Header\A3DSkin.h">
      <Filter>Header Files</Filter>
    </ClInclude>
    <ClInclude Include="Header\A3DSkinMan.h">
      <Filter>Header Files</Filter>
    </ClInclude>
    <ClInclude Include="Header\A3DSkinMesh.h">
      <Filter>Header Files</Filter>
    </ClInclude>
    <ClInclude Include="Header\A3DSkinMeshMan.h">
      <Filter>Header Files</Filter>
    </ClInclude>
    <ClInclude Include="Header\A3DSkinModel.h">
      <Filter>Header Files</Filter>
    </ClInclude>
    <ClInclude Include="Header\A3DSkinModelAct.h">
      <Filter>Header Files</Filter>
    </ClInclude>
    <ClInclude Include="Header\A3DSkinModelAux.h">
      <Filter>Header Files</Filter>
    </ClInclude>
    <ClInclude Include="Header\A3DSkinModelMan.h">
      <Filter>Header Files</Filter>
    </ClInclude>
    <ClInclude Include="Header\A3DSkinRender.h">
      <Filter>Header Files</Filter>
    </ClInclude>
    <ClInclude Include="Header\A3DSky.h">
      <Filter>Header Files</Filter>
    </ClInclude>
    <ClInclude Include="Header\A3DSkyBox.h">
      <Filter>Header Files</Filter>
    </ClInclude>
    <ClInclude Include="Header\A3DSkyGradient.h">
      <Filter>Header Files</Filter>
    </ClInclude>
    <ClInclude Include="Header\A3DSkySphere.h">
      <Filter>Header Files</Filter>
    </ClInclude>
    <ClInclude Include="Header\A3DSnow.h">
      <Filter>Header Files</Filter>
    </ClInclude>
    <ClInclude Include="Header\A3DStars.h">
      <Filter>Header Files</Filter>
    </ClInclude>
    <ClInclude Include="Header\A3DStream.h">
      <Filter>Header Files</Filter>
    </ClInclude>
    <ClInclude Include="Header\A3DString.h">
      <Filter>Header Files</Filter>
    </ClInclude>
    <ClInclude Include="Header\A3DStringSet.h">
      <Filter>Header Files</Filter>
    </ClInclude>
    <ClInclude Include="Header\A3DSuperDecal.h">
      <Filter>Header Files</Filter>
    </ClInclude>
    <ClInclude Include="Header\A3DSuperSpray.h">
      <Filter>Header Files</Filter>
    </ClInclude>
    <ClInclude Include="Header\A3DSuppleMesh.h">
      <Filter>Header Files</Filter>
    </ClInclude>
    <ClInclude Include="Header\A3DSurface.h">
      <Filter>Header Files</Filter>
    </ClInclude>
    <ClInclude Include="Header\A3DSurfaceMan.h">
      <Filter>Header Files</Filter>
    </ClInclude>
    <ClInclude Include="Header\A3DTerrain.h">
      <Filter>Header Files</Filter>
    </ClInclude>
    <ClInclude Include="Header\A3DTerrain2.h">
      <Filter>Header Files</Filter>
    </ClInclude>
    <ClInclude Include="Header\A3DTerrain2Blk.h">
      <Filter>Header Files</Filter>
    </ClInclude>
    <ClInclude Include="Header\A3DTerrain2Cull.h">
      <Filter>Header Files</Filter>
    </ClInclude>
    <ClInclude Include="Header\A3DTerrain2CullHC.h">
      <Filter>Header Files</Filter>
    </ClInclude>
    <ClInclude Include="Header\A3DTerrain2Env.h">
      <Filter>Header Files</Filter>
    </ClInclude>
    <ClInclude Include="Header\A3DTerrain2File.h">
      <Filter>Header Files</Filter>
    </ClInclude>
    <ClInclude Include="Header\A3DTerrain2Loader.h">
      <Filter>Header Files</Filter>
    </ClInclude>
    <ClInclude Include="Header\A3DTerrain2LoaderA.h">
      <Filter>Header Files</Filter>
    </ClInclude>
    <ClInclude Include="Header\A3DTerrain2LoaderB.h">
      <Filter>Header Files</Filter>
    </ClInclude>
    <ClInclude Include="Header\A3DTerrain2LOD.h">
      <Filter>Header Files</Filter>
    </ClInclude>
    <ClInclude Include="Header\A3DTerrain2Render.h">
      <Filter>Header Files</Filter>
    </ClInclude>
    <ClInclude Include="Header\A3DTerrainMark.h">
      <Filter>Header Files</Filter>
    </ClInclude>
    <ClInclude Include="Header\A3DTerrainOutline.h">
      <Filter>Header Files</Filter>
    </ClInclude>
    <ClInclude Include="Header\A3DTerrainWater.h">
      <Filter>Header Files</Filter>
    </ClInclude>
    <ClInclude Include="Header\A3DTerrainWaterRender.h">
      <Filter>Header Files</Filter>
    </ClInclude>
    <ClInclude Include="Header\A3DTerrainWaterSimpleAlphaRender.h">
      <Filter>Header Files</Filter>
    </ClInclude>
    <ClInclude Include="Header\A3DTexture.h">
      <Filter>Header Files</Filter>
    </ClInclude>
    <ClInclude Include="Header\A3DTextureMan.h">
      <Filter>Header Files</Filter>
    </ClInclude>
    <ClInclude Include="Header\A3DTrace.h">
      <Filter>Header Files</Filter>
    </ClInclude>
    <ClInclude Include="Header\A3DTrackData.h">
      <Filter>Header Files</Filter>
    </ClInclude>
    <ClInclude Include="Header\A3DTrackMan.h">
      <Filter>Header Files</Filter>
    </ClInclude>
    <ClInclude Include="Header\A3DTypes.h">
      <Filter>Header Files</Filter>
    </ClInclude>
    <ClInclude Include="Header\A3DVector.h">
      <Filter>Header Files</Filter>
    </ClInclude>
    <ClInclude Include="Header\A3DVertex.h">
      <Filter>Header Files</Filter>
    </ClInclude>
    <ClInclude Include="Header\A3DVertexCollector.h">
      <Filter>Header Files</Filter>
    </ClInclude>
    <ClInclude Include="Header\A3DVertexShader.h">
      <Filter>Header Files</Filter>
    </ClInclude>
    <ClInclude Include="Header\A3DViewport.h">
      <Filter>Header Files</Filter>
    </ClInclude>
    <ClInclude Include="Header\A3DVSDef.h">
      <Filter>Header Files</Filter>
    </ClInclude>
    <ClInclude Include="Header\A3DVSSCommon.h">
      <Filter>Header Files</Filter>
    </ClInclude>
    <ClInclude Include="Header\A3DVSSRouteLoader.h">
      <Filter>Header Files</Filter>
    </ClInclude>
    <ClInclude Include="Header\A3DWaterArea.h">
      <Filter>Header Files</Filter>
    </ClInclude>
    <ClInclude Include="Header\A3DWaterWave.h">
      <Filter>Header Files</Filter>
    </ClInclude>
    <ClInclude Include="Header\A3DWireCollector.h">
      <Filter>Header Files</Filter>
    </ClInclude>
    <ClInclude Include="Header\A3DWorld.h">
      <Filter>Header Files</Filter>
    </ClInclude>
    <ClInclude Include="Header\A3DWorldCDS.h">
      <Filter>Header Files</Filter>
    </ClInclude>
  </ItemGroup>
</Project>